// !$*UTF8*$!
{
	archiveVersion = 1;
	classes = {
	};
	objectVersion = 46;
	objects = {

/* Begin PBXBuildFile section */
		ECF536B01BE8F4C000015674 /* rKit.h in Headers */ = {isa = PBXBuildFile; fileRef = ECF536AF1BE8F4C000015674 /* rKit.h */; settings = {ATTRIBUTES = (Public, ); }; };
		ECF536B71BE8F4C000015674 /* rKit.framework in Frameworks */ = {isa = PBXBuildFile; fileRef = ECF536AC1BE8F4C000015674 /* rKit.framework */; };
		ECF536BC1BE8F4C000015674 /* rKitTests.swift in Sources */ = {isa = PBXBuildFile; fileRef = ECF536BB1BE8F4C000015674 /* rKitTests.swift */; };
		ECF536E91BE8F50F00015674 /* BlockDisposable.swift in Sources */ = {isa = PBXBuildFile; fileRef = ECF536C71BE8F50F00015674 /* BlockDisposable.swift */; };
		ECF536EA1BE8F50F00015674 /* CompositeDisposable.swift in Sources */ = {isa = PBXBuildFile; fileRef = ECF536C81BE8F50F00015674 /* CompositeDisposable.swift */; };
		ECF536EB1BE8F50F00015674 /* Disposable.swift in Sources */ = {isa = PBXBuildFile; fileRef = ECF536C91BE8F50F00015674 /* Disposable.swift */; };
		ECF536EC1BE8F50F00015674 /* DisposeBag.swift in Sources */ = {isa = PBXBuildFile; fileRef = ECF536CA1BE8F50F00015674 /* DisposeBag.swift */; };
		ECF536ED1BE8F50F00015674 /* SerialDisposable.swift in Sources */ = {isa = PBXBuildFile; fileRef = ECF536CB1BE8F50F00015674 /* SerialDisposable.swift */; };
		ECF536EE1BE8F50F00015674 /* SimpleDisposable.swift in Sources */ = {isa = PBXBuildFile; fileRef = ECF536CC1BE8F50F00015674 /* SimpleDisposable.swift */; };
		ECF536EF1BE8F50F00015674 /* Lock.swift in Sources */ = {isa = PBXBuildFile; fileRef = ECF536CE1BE8F50F00015674 /* Lock.swift */; };
		ECF536F01BE8F50F00015674 /* Reference.swift in Sources */ = {isa = PBXBuildFile; fileRef = ECF536CF1BE8F50F00015674 /* Reference.swift */; };
		ECF536F11BE8F50F00015674 /* StreamBuffer.swift in Sources */ = {isa = PBXBuildFile; fileRef = ECF536D01BE8F50F00015674 /* StreamBuffer.swift */; };
		ECF536F21BE8F50F00015674 /* Observable.swift in Sources */ = {isa = PBXBuildFile; fileRef = ECF536D21BE8F50F00015674 /* Observable.swift */; };
		ECF536F31BE8F50F00015674 /* ObservableCollection+Array.swift in Sources */ = {isa = PBXBuildFile; fileRef = ECF536D41BE8F50F00015674 /* ObservableCollection+Array.swift */; };
		ECF536F41BE8F50F00015674 /* ObservableCollection+Dictionary.swift in Sources */ = {isa = PBXBuildFile; fileRef = ECF536D51BE8F50F00015674 /* ObservableCollection+Dictionary.swift */; };
		ECF536F51BE8F50F00015674 /* ObservableCollection+Set.swift in Sources */ = {isa = PBXBuildFile; fileRef = ECF536D61BE8F50F00015674 /* ObservableCollection+Set.swift */; };
		ECF536F61BE8F50F00015674 /* ObservableCollection.swift in Sources */ = {isa = PBXBuildFile; fileRef = ECF536D71BE8F50F00015674 /* ObservableCollection.swift */; };
		ECF536F71BE8F50F00015674 /* ObservableCollectionEvent.swift in Sources */ = {isa = PBXBuildFile; fileRef = ECF536D81BE8F50F00015674 /* ObservableCollectionEvent.swift */; };
		ECF536F81BE8F50F00015674 /* Bindable.swift in Sources */ = {isa = PBXBuildFile; fileRef = ECF536DA1BE8F50F00015674 /* Bindable.swift */; };
		ECF536F91BE8F50F00015674 /* ExecutionContext.swift in Sources */ = {isa = PBXBuildFile; fileRef = ECF536DB1BE8F50F00015674 /* ExecutionContext.swift */; };
		ECF536FA1BE8F50F00015674 /* OptionalType.swift in Sources */ = {isa = PBXBuildFile; fileRef = ECF536DC1BE8F50F00015674 /* OptionalType.swift */; };
		ECF536FB1BE8F50F00015674 /* Queue.swift in Sources */ = {isa = PBXBuildFile; fileRef = ECF536DD1BE8F50F00015674 /* Queue.swift */; };
		ECF536FC1BE8F50F00015674 /* TokenizedCollection.swift in Sources */ = {isa = PBXBuildFile; fileRef = ECF536DE1BE8F50F00015674 /* TokenizedCollection.swift */; };
		ECF536FD1BE8F50F00015674 /* ActiveStream.swift in Sources */ = {isa = PBXBuildFile; fileRef = ECF536E01BE8F50F00015674 /* ActiveStream.swift */; };
		ECF536FE1BE8F50F00015674 /* Stream.swift in Sources */ = {isa = PBXBuildFile; fileRef = ECF536E11BE8F50F00015674 /* Stream.swift */; };
		ECF536FF1BE8F50F00015674 /* StreamType.swift in Sources */ = {isa = PBXBuildFile; fileRef = ECF536E21BE8F50F00015674 /* StreamType.swift */; };
		ECF537001BE8F50F00015674 /* NoError.swift in Sources */ = {isa = PBXBuildFile; fileRef = ECF536E41BE8F50F00015674 /* NoError.swift */; };
		ECF537011BE8F50F00015674 /* Stream+Task.swift in Sources */ = {isa = PBXBuildFile; fileRef = ECF536E51BE8F50F00015674 /* Stream+Task.swift */; };
		ECF537021BE8F50F00015674 /* Task.swift in Sources */ = {isa = PBXBuildFile; fileRef = ECF536E61BE8F50F00015674 /* Task.swift */; };
		ECF537031BE8F50F00015674 /* TaskEvent.swift in Sources */ = {isa = PBXBuildFile; fileRef = ECF536E71BE8F50F00015674 /* TaskEvent.swift */; };
		ECF537041BE8F50F00015674 /* TaskSink.swift in Sources */ = {isa = PBXBuildFile; fileRef = ECF536E81BE8F50F00015674 /* TaskSink.swift */; };
/* End PBXBuildFile section */

/* Begin PBXContainerItemProxy section */
		ECF536B81BE8F4C000015674 /* PBXContainerItemProxy */ = {
			isa = PBXContainerItemProxy;
			containerPortal = ECF536A31BE8F4C000015674 /* Project object */;
			proxyType = 1;
			remoteGlobalIDString = ECF536AB1BE8F4C000015674;
			remoteInfo = rKit;
		};
/* End PBXContainerItemProxy section */

/* Begin PBXFileReference section */
		ECF536AC1BE8F4C000015674 /* rKit.framework */ = {isa = PBXFileReference; explicitFileType = wrapper.framework; includeInIndex = 0; path = rKit.framework; sourceTree = BUILT_PRODUCTS_DIR; };
		ECF536AF1BE8F4C000015674 /* rKit.h */ = {isa = PBXFileReference; lastKnownFileType = sourcecode.c.h; path = rKit.h; sourceTree = "<group>"; };
		ECF536B11BE8F4C000015674 /* Info.plist */ = {isa = PBXFileReference; lastKnownFileType = text.plist.xml; path = Info.plist; sourceTree = "<group>"; };
		ECF536B61BE8F4C000015674 /* rKitTests.xctest */ = {isa = PBXFileReference; explicitFileType = wrapper.cfbundle; includeInIndex = 0; path = rKitTests.xctest; sourceTree = BUILT_PRODUCTS_DIR; };
		ECF536BB1BE8F4C000015674 /* rKitTests.swift */ = {isa = PBXFileReference; lastKnownFileType = sourcecode.swift; path = rKitTests.swift; sourceTree = "<group>"; };
		ECF536BD1BE8F4C000015674 /* Info.plist */ = {isa = PBXFileReference; lastKnownFileType = text.plist.xml; path = Info.plist; sourceTree = "<group>"; };
		ECF536C71BE8F50F00015674 /* BlockDisposable.swift */ = {isa = PBXFileReference; fileEncoding = 4; lastKnownFileType = sourcecode.swift; path = BlockDisposable.swift; sourceTree = "<group>"; };
		ECF536C81BE8F50F00015674 /* CompositeDisposable.swift */ = {isa = PBXFileReference; fileEncoding = 4; lastKnownFileType = sourcecode.swift; path = CompositeDisposable.swift; sourceTree = "<group>"; };
		ECF536C91BE8F50F00015674 /* Disposable.swift */ = {isa = PBXFileReference; fileEncoding = 4; lastKnownFileType = sourcecode.swift; path = Disposable.swift; sourceTree = "<group>"; };
		ECF536CA1BE8F50F00015674 /* DisposeBag.swift */ = {isa = PBXFileReference; fileEncoding = 4; lastKnownFileType = sourcecode.swift; path = DisposeBag.swift; sourceTree = "<group>"; };
		ECF536CB1BE8F50F00015674 /* SerialDisposable.swift */ = {isa = PBXFileReference; fileEncoding = 4; lastKnownFileType = sourcecode.swift; path = SerialDisposable.swift; sourceTree = "<group>"; };
		ECF536CC1BE8F50F00015674 /* SimpleDisposable.swift */ = {isa = PBXFileReference; fileEncoding = 4; lastKnownFileType = sourcecode.swift; path = SimpleDisposable.swift; sourceTree = "<group>"; };
		ECF536CE1BE8F50F00015674 /* Lock.swift */ = {isa = PBXFileReference; fileEncoding = 4; lastKnownFileType = sourcecode.swift; path = Lock.swift; sourceTree = "<group>"; };
		ECF536CF1BE8F50F00015674 /* Reference.swift */ = {isa = PBXFileReference; fileEncoding = 4; lastKnownFileType = sourcecode.swift; path = Reference.swift; sourceTree = "<group>"; };
		ECF536D01BE8F50F00015674 /* StreamBuffer.swift */ = {isa = PBXFileReference; fileEncoding = 4; lastKnownFileType = sourcecode.swift; path = StreamBuffer.swift; sourceTree = "<group>"; };
		ECF536D21BE8F50F00015674 /* Observable.swift */ = {isa = PBXFileReference; fileEncoding = 4; lastKnownFileType = sourcecode.swift; path = Observable.swift; sourceTree = "<group>"; };
		ECF536D41BE8F50F00015674 /* ObservableCollection+Array.swift */ = {isa = PBXFileReference; fileEncoding = 4; lastKnownFileType = sourcecode.swift; path = "ObservableCollection+Array.swift"; sourceTree = "<group>"; };
		ECF536D51BE8F50F00015674 /* ObservableCollection+Dictionary.swift */ = {isa = PBXFileReference; fileEncoding = 4; lastKnownFileType = sourcecode.swift; path = "ObservableCollection+Dictionary.swift"; sourceTree = "<group>"; };
		ECF536D61BE8F50F00015674 /* ObservableCollection+Set.swift */ = {isa = PBXFileReference; fileEncoding = 4; lastKnownFileType = sourcecode.swift; path = "ObservableCollection+Set.swift"; sourceTree = "<group>"; };
		ECF536D71BE8F50F00015674 /* ObservableCollection.swift */ = {isa = PBXFileReference; fileEncoding = 4; lastKnownFileType = sourcecode.swift; path = ObservableCollection.swift; sourceTree = "<group>"; };
		ECF536D81BE8F50F00015674 /* ObservableCollectionEvent.swift */ = {isa = PBXFileReference; fileEncoding = 4; lastKnownFileType = sourcecode.swift; path = ObservableCollectionEvent.swift; sourceTree = "<group>"; };
		ECF536DA1BE8F50F00015674 /* Bindable.swift */ = {isa = PBXFileReference; fileEncoding = 4; lastKnownFileType = sourcecode.swift; path = Bindable.swift; sourceTree = "<group>"; };
		ECF536DB1BE8F50F00015674 /* ExecutionContext.swift */ = {isa = PBXFileReference; fileEncoding = 4; lastKnownFileType = sourcecode.swift; path = ExecutionContext.swift; sourceTree = "<group>"; };
		ECF536DC1BE8F50F00015674 /* OptionalType.swift */ = {isa = PBXFileReference; fileEncoding = 4; lastKnownFileType = sourcecode.swift; path = OptionalType.swift; sourceTree = "<group>"; };
		ECF536DD1BE8F50F00015674 /* Queue.swift */ = {isa = PBXFileReference; fileEncoding = 4; lastKnownFileType = sourcecode.swift; path = Queue.swift; sourceTree = "<group>"; };
		ECF536DE1BE8F50F00015674 /* TokenizedCollection.swift */ = {isa = PBXFileReference; fileEncoding = 4; lastKnownFileType = sourcecode.swift; path = TokenizedCollection.swift; sourceTree = "<group>"; };
		ECF536E01BE8F50F00015674 /* ActiveStream.swift */ = {isa = PBXFileReference; fileEncoding = 4; lastKnownFileType = sourcecode.swift; path = ActiveStream.swift; sourceTree = "<group>"; };
		ECF536E11BE8F50F00015674 /* Stream.swift */ = {isa = PBXFileReference; fileEncoding = 4; lastKnownFileType = sourcecode.swift; path = Stream.swift; sourceTree = "<group>"; };
		ECF536E21BE8F50F00015674 /* StreamType.swift */ = {isa = PBXFileReference; fileEncoding = 4; lastKnownFileType = sourcecode.swift; path = StreamType.swift; sourceTree = "<group>"; };
		ECF536E41BE8F50F00015674 /* NoError.swift */ = {isa = PBXFileReference; fileEncoding = 4; lastKnownFileType = sourcecode.swift; path = NoError.swift; sourceTree = "<group>"; };
		ECF536E51BE8F50F00015674 /* Stream+Task.swift */ = {isa = PBXFileReference; fileEncoding = 4; lastKnownFileType = sourcecode.swift; path = "Stream+Task.swift"; sourceTree = "<group>"; };
		ECF536E61BE8F50F00015674 /* Task.swift */ = {isa = PBXFileReference; fileEncoding = 4; lastKnownFileType = sourcecode.swift; path = Task.swift; sourceTree = "<group>"; };
		ECF536E71BE8F50F00015674 /* TaskEvent.swift */ = {isa = PBXFileReference; fileEncoding = 4; lastKnownFileType = sourcecode.swift; path = TaskEvent.swift; sourceTree = "<group>"; };
		ECF536E81BE8F50F00015674 /* TaskSink.swift */ = {isa = PBXFileReference; fileEncoding = 4; lastKnownFileType = sourcecode.swift; path = TaskSink.swift; sourceTree = "<group>"; };
/* End PBXFileReference section */

/* Begin PBXFrameworksBuildPhase section */
		ECF536A81BE8F4C000015674 /* Frameworks */ = {
			isa = PBXFrameworksBuildPhase;
			buildActionMask = 2147483647;
			files = (
			);
			runOnlyForDeploymentPostprocessing = 0;
		};
		ECF536B31BE8F4C000015674 /* Frameworks */ = {
			isa = PBXFrameworksBuildPhase;
			buildActionMask = 2147483647;
			files = (
				ECF536B71BE8F4C000015674 /* rKit.framework in Frameworks */,
			);
			runOnlyForDeploymentPostprocessing = 0;
		};
/* End PBXFrameworksBuildPhase section */

/* Begin PBXGroup section */
		ECF536A21BE8F4C000015674 = {
			isa = PBXGroup;
			children = (
				ECF536AE1BE8F4C000015674 /* rKit */,
				ECF536BA1BE8F4C000015674 /* rKitTests */,
				ECF536AD1BE8F4C000015674 /* Products */,
			);
			sourceTree = "<group>";
		};
		ECF536AD1BE8F4C000015674 /* Products */ = {
			isa = PBXGroup;
			children = (
				ECF536AC1BE8F4C000015674 /* rKit.framework */,
				ECF536B61BE8F4C000015674 /* rKitTests.xctest */,
			);
			name = Products;
			sourceTree = "<group>";
		};
		ECF536AE1BE8F4C000015674 /* rKit */ = {
			isa = PBXGroup;
			children = (
				ECF536AF1BE8F4C000015674 /* rKit.h */,
				ECF536DF1BE8F50F00015674 /* Streams */,
				ECF536D11BE8F50F00015674 /* Observable */,
				ECF536D31BE8F50F00015674 /* ObservableCollection */,
				ECF536E31BE8F50F00015674 /* Task */,
				ECF536C61BE8F50F00015674 /* Disposables */,
				ECF536CD1BE8F50F00015674 /* Internals */,
				ECF536D91BE8F50F00015674 /* Other */,
				ECF536B11BE8F4C000015674 /* Info.plist */,
			);
			path = rKit;
			sourceTree = "<group>";
		};
		ECF536BA1BE8F4C000015674 /* rKitTests */ = {
			isa = PBXGroup;
			children = (
				ECF536BB1BE8F4C000015674 /* rKitTests.swift */,
				ECF536BD1BE8F4C000015674 /* Info.plist */,
			);
			path = rKitTests;
			sourceTree = "<group>";
		};
		ECF536C61BE8F50F00015674 /* Disposables */ = {
			isa = PBXGroup;
			children = (
				ECF536C71BE8F50F00015674 /* BlockDisposable.swift */,
				ECF536C81BE8F50F00015674 /* CompositeDisposable.swift */,
				ECF536C91BE8F50F00015674 /* Disposable.swift */,
				ECF536CA1BE8F50F00015674 /* DisposeBag.swift */,
				ECF536CB1BE8F50F00015674 /* SerialDisposable.swift */,
				ECF536CC1BE8F50F00015674 /* SimpleDisposable.swift */,
			);
			path = Disposables;
			sourceTree = "<group>";
		};
		ECF536CD1BE8F50F00015674 /* Internals */ = {
			isa = PBXGroup;
			children = (
				ECF536CE1BE8F50F00015674 /* Lock.swift */,
				ECF536CF1BE8F50F00015674 /* Reference.swift */,
				ECF536D01BE8F50F00015674 /* StreamBuffer.swift */,
			);
			path = Internals;
			sourceTree = "<group>";
		};
		ECF536D11BE8F50F00015674 /* Observable */ = {
			isa = PBXGroup;
			children = (
				ECF536D21BE8F50F00015674 /* Observable.swift */,
			);
			path = Observable;
			sourceTree = "<group>";
		};
		ECF536D31BE8F50F00015674 /* ObservableCollection */ = {
			isa = PBXGroup;
			children = (
				ECF536D41BE8F50F00015674 /* ObservableCollection+Array.swift */,
				ECF536D51BE8F50F00015674 /* ObservableCollection+Dictionary.swift */,
				ECF536D61BE8F50F00015674 /* ObservableCollection+Set.swift */,
				ECF536D71BE8F50F00015674 /* ObservableCollection.swift */,
				ECF536D81BE8F50F00015674 /* ObservableCollectionEvent.swift */,
			);
			path = ObservableCollection;
			sourceTree = "<group>";
		};
		ECF536D91BE8F50F00015674 /* Other */ = {
			isa = PBXGroup;
			children = (
				ECF536DA1BE8F50F00015674 /* Bindable.swift */,
				ECF536DB1BE8F50F00015674 /* ExecutionContext.swift */,
				ECF536DC1BE8F50F00015674 /* OptionalType.swift */,
				ECF536DD1BE8F50F00015674 /* Queue.swift */,
				ECF536DE1BE8F50F00015674 /* TokenizedCollection.swift */,
			);
			path = Other;
			sourceTree = "<group>";
		};
		ECF536DF1BE8F50F00015674 /* Streams */ = {
			isa = PBXGroup;
			children = (
				ECF536E11BE8F50F00015674 /* Stream.swift */,
				ECF536E01BE8F50F00015674 /* ActiveStream.swift */,
				ECF536E21BE8F50F00015674 /* StreamType.swift */,
			);
			path = Streams;
			sourceTree = "<group>";
		};
		ECF536E31BE8F50F00015674 /* Task */ = {
			isa = PBXGroup;
			children = (
				ECF536E41BE8F50F00015674 /* NoError.swift */,
				ECF536E61BE8F50F00015674 /* Task.swift */,
				ECF536E81BE8F50F00015674 /* TaskSink.swift */,
				ECF536E71BE8F50F00015674 /* TaskEvent.swift */,
				ECF536E51BE8F50F00015674 /* Stream+Task.swift */,
			);
			path = Task;
			sourceTree = "<group>";
		};
/* End PBXGroup section */

/* Begin PBXHeadersBuildPhase section */
		ECF536A91BE8F4C000015674 /* Headers */ = {
			isa = PBXHeadersBuildPhase;
			buildActionMask = 2147483647;
			files = (
				ECF536B01BE8F4C000015674 /* rKit.h in Headers */,
			);
			runOnlyForDeploymentPostprocessing = 0;
		};
/* End PBXHeadersBuildPhase section */

/* Begin PBXNativeTarget section */
		ECF536AB1BE8F4C000015674 /* rKit */ = {
			isa = PBXNativeTarget;
			buildConfigurationList = ECF536C01BE8F4C000015674 /* Build configuration list for PBXNativeTarget "rKit" */;
			buildPhases = (
				ECF536A71BE8F4C000015674 /* Sources */,
				ECF536A81BE8F4C000015674 /* Frameworks */,
				ECF536A91BE8F4C000015674 /* Headers */,
				ECF536AA1BE8F4C000015674 /* Resources */,
			);
			buildRules = (
			);
			dependencies = (
			);
			name = rKit;
			productName = rKit;
			productReference = ECF536AC1BE8F4C000015674 /* rKit.framework */;
			productType = "com.apple.product-type.framework";
		};
		ECF536B51BE8F4C000015674 /* rKitTests */ = {
			isa = PBXNativeTarget;
			buildConfigurationList = ECF536C31BE8F4C000015674 /* Build configuration list for PBXNativeTarget "rKitTests" */;
			buildPhases = (
				ECF536B21BE8F4C000015674 /* Sources */,
				ECF536B31BE8F4C000015674 /* Frameworks */,
				ECF536B41BE8F4C000015674 /* Resources */,
			);
			buildRules = (
			);
			dependencies = (
				ECF536B91BE8F4C000015674 /* PBXTargetDependency */,
			);
			name = rKitTests;
			productName = rKitTests;
			productReference = ECF536B61BE8F4C000015674 /* rKitTests.xctest */;
			productType = "com.apple.product-type.bundle.unit-test";
		};
/* End PBXNativeTarget section */

/* Begin PBXProject section */
		ECF536A31BE8F4C000015674 /* Project object */ = {
			isa = PBXProject;
			attributes = {
				LastUpgradeCheck = 0700;
				ORGANIZATIONNAME = "Srdan Rasic";
				TargetAttributes = {
					ECF536AB1BE8F4C000015674 = {
						CreatedOnToolsVersion = 7.0.1;
					};
					ECF536B51BE8F4C000015674 = {
						CreatedOnToolsVersion = 7.0.1;
					};
				};
			};
			buildConfigurationList = ECF536A61BE8F4C000015674 /* Build configuration list for PBXProject "rKit" */;
			compatibilityVersion = "Xcode 3.2";
			developmentRegion = English;
			hasScannedForEncodings = 0;
			knownRegions = (
				en,
			);
			mainGroup = ECF536A21BE8F4C000015674;
			productRefGroup = ECF536AD1BE8F4C000015674 /* Products */;
			projectDirPath = "";
			projectRoot = "";
			targets = (
				ECF536AB1BE8F4C000015674 /* rKit */,
				ECF536B51BE8F4C000015674 /* rKitTests */,
			);
		};
/* End PBXProject section */

/* Begin PBXResourcesBuildPhase section */
		ECF536AA1BE8F4C000015674 /* Resources */ = {
			isa = PBXResourcesBuildPhase;
			buildActionMask = 2147483647;
			files = (
			);
			runOnlyForDeploymentPostprocessing = 0;
		};
		ECF536B41BE8F4C000015674 /* Resources */ = {
			isa = PBXResourcesBuildPhase;
			buildActionMask = 2147483647;
			files = (
			);
			runOnlyForDeploymentPostprocessing = 0;
		};
/* End PBXResourcesBuildPhase section */

/* Begin PBXSourcesBuildPhase section */
		ECF536A71BE8F4C000015674 /* Sources */ = {
			isa = PBXSourcesBuildPhase;
			buildActionMask = 2147483647;
			files = (
				ECF536F71BE8F50F00015674 /* ObservableCollectionEvent.swift in Sources */,
				ECF536FC1BE8F50F00015674 /* TokenizedCollection.swift in Sources */,
				ECF537011BE8F50F00015674 /* Stream+Task.swift in Sources */,
				ECF536F11BE8F50F00015674 /* StreamBuffer.swift in Sources */,
				ECF536FD1BE8F50F00015674 /* ActiveStream.swift in Sources */,
				ECF536EC1BE8F50F00015674 /* DisposeBag.swift in Sources */,
				ECF536FB1BE8F50F00015674 /* Queue.swift in Sources */,
				ECF536F41BE8F50F00015674 /* ObservableCollection+Dictionary.swift in Sources */,
				ECF537021BE8F50F00015674 /* Task.swift in Sources */,
				ECF537041BE8F50F00015674 /* TaskSink.swift in Sources */,
				ECF536F51BE8F50F00015674 /* ObservableCollection+Set.swift in Sources */,
				ECF536F91BE8F50F00015674 /* ExecutionContext.swift in Sources */,
				ECF536FF1BE8F50F00015674 /* StreamType.swift in Sources */,
				ECF536F01BE8F50F00015674 /* Reference.swift in Sources */,
				ECF536E91BE8F50F00015674 /* BlockDisposable.swift in Sources */,
				ECF536FE1BE8F50F00015674 /* Stream.swift in Sources */,
				ECF536EB1BE8F50F00015674 /* Disposable.swift in Sources */,
				ECF536EF1BE8F50F00015674 /* Lock.swift in Sources */,
				ECF537001BE8F50F00015674 /* NoError.swift in Sources */,
				ECF536F61BE8F50F00015674 /* ObservableCollection.swift in Sources */,
				ECF537031BE8F50F00015674 /* TaskEvent.swift in Sources */,
				ECF536F81BE8F50F00015674 /* Bindable.swift in Sources */,
				ECF536F21BE8F50F00015674 /* Observable.swift in Sources */,
				ECF536F31BE8F50F00015674 /* ObservableCollection+Array.swift in Sources */,
				ECF536EE1BE8F50F00015674 /* SimpleDisposable.swift in Sources */,
				ECF536FA1BE8F50F00015674 /* OptionalType.swift in Sources */,
				ECF536EA1BE8F50F00015674 /* CompositeDisposable.swift in Sources */,
				ECF536ED1BE8F50F00015674 /* SerialDisposable.swift in Sources */,
			);
			runOnlyForDeploymentPostprocessing = 0;
		};
		ECF536B21BE8F4C000015674 /* Sources */ = {
			isa = PBXSourcesBuildPhase;
			buildActionMask = 2147483647;
			files = (
				ECF536BC1BE8F4C000015674 /* rKitTests.swift in Sources */,
			);
			runOnlyForDeploymentPostprocessing = 0;
		};
/* End PBXSourcesBuildPhase section */

/* Begin PBXTargetDependency section */
		ECF536B91BE8F4C000015674 /* PBXTargetDependency */ = {
			isa = PBXTargetDependency;
			target = ECF536AB1BE8F4C000015674 /* rKit */;
			targetProxy = ECF536B81BE8F4C000015674 /* PBXContainerItemProxy */;
		};
/* End PBXTargetDependency section */

/* Begin XCBuildConfiguration section */
		ECF536BE1BE8F4C000015674 /* Debug */ = {
			isa = XCBuildConfiguration;
			buildSettings = {
				ALWAYS_SEARCH_USER_PATHS = NO;
				CLANG_CXX_LANGUAGE_STANDARD = "gnu++0x";
				CLANG_CXX_LIBRARY = "libc++";
				CLANG_ENABLE_MODULES = YES;
				CLANG_ENABLE_OBJC_ARC = YES;
				CLANG_WARN_BOOL_CONVERSION = YES;
				CLANG_WARN_CONSTANT_CONVERSION = YES;
				CLANG_WARN_DIRECT_OBJC_ISA_USAGE = YES_ERROR;
				CLANG_WARN_EMPTY_BODY = YES;
				CLANG_WARN_ENUM_CONVERSION = YES;
				CLANG_WARN_INT_CONVERSION = YES;
				CLANG_WARN_OBJC_ROOT_CLASS = YES_ERROR;
				CLANG_WARN_UNREACHABLE_CODE = YES;
				CLANG_WARN__DUPLICATE_METHOD_MATCH = YES;
				"CODE_SIGN_IDENTITY[sdk=iphoneos*]" = "iPhone Developer";
				COPY_PHASE_STRIP = NO;
				CURRENT_PROJECT_VERSION = 1;
				DEBUG_INFORMATION_FORMAT = dwarf;
				ENABLE_STRICT_OBJC_MSGSEND = YES;
				ENABLE_TESTABILITY = YES;
				GCC_C_LANGUAGE_STANDARD = gnu99;
				GCC_DYNAMIC_NO_PIC = NO;
				GCC_NO_COMMON_BLOCKS = YES;
				GCC_OPTIMIZATION_LEVEL = 0;
				GCC_PREPROCESSOR_DEFINITIONS = (
					"DEBUG=1",
					"$(inherited)",
				);
				GCC_WARN_64_TO_32_BIT_CONVERSION = YES;
				GCC_WARN_ABOUT_RETURN_TYPE = YES_ERROR;
				GCC_WARN_UNDECLARED_SELECTOR = YES;
				GCC_WARN_UNINITIALIZED_AUTOS = YES_AGGRESSIVE;
				GCC_WARN_UNUSED_FUNCTION = YES;
				GCC_WARN_UNUSED_VARIABLE = YES;
				IPHONEOS_DEPLOYMENT_TARGET = 9.0;
				MTL_ENABLE_DEBUG_INFO = YES;
				ONLY_ACTIVE_ARCH = YES;
				SDKROOT = iphoneos;
				SWIFT_OPTIMIZATION_LEVEL = "-Onone";
				TARGETED_DEVICE_FAMILY = "1,2";
				VERSIONING_SYSTEM = "apple-generic";
				VERSION_INFO_PREFIX = "";
			};
			name = Debug;
		};
		ECF536BF1BE8F4C000015674 /* Release */ = {
			isa = XCBuildConfiguration;
			buildSettings = {
				ALWAYS_SEARCH_USER_PATHS = NO;
				CLANG_CXX_LANGUAGE_STANDARD = "gnu++0x";
				CLANG_CXX_LIBRARY = "libc++";
				CLANG_ENABLE_MODULES = YES;
				CLANG_ENABLE_OBJC_ARC = YES;
				CLANG_WARN_BOOL_CONVERSION = YES;
				CLANG_WARN_CONSTANT_CONVERSION = YES;
				CLANG_WARN_DIRECT_OBJC_ISA_USAGE = YES_ERROR;
				CLANG_WARN_EMPTY_BODY = YES;
				CLANG_WARN_ENUM_CONVERSION = YES;
				CLANG_WARN_INT_CONVERSION = YES;
				CLANG_WARN_OBJC_ROOT_CLASS = YES_ERROR;
				CLANG_WARN_UNREACHABLE_CODE = YES;
				CLANG_WARN__DUPLICATE_METHOD_MATCH = YES;
				"CODE_SIGN_IDENTITY[sdk=iphoneos*]" = "iPhone Developer";
				COPY_PHASE_STRIP = NO;
				CURRENT_PROJECT_VERSION = 1;
				DEBUG_INFORMATION_FORMAT = "dwarf-with-dsym";
				ENABLE_NS_ASSERTIONS = NO;
				ENABLE_STRICT_OBJC_MSGSEND = YES;
				GCC_C_LANGUAGE_STANDARD = gnu99;
				GCC_NO_COMMON_BLOCKS = YES;
				GCC_WARN_64_TO_32_BIT_CONVERSION = YES;
				GCC_WARN_ABOUT_RETURN_TYPE = YES_ERROR;
				GCC_WARN_UNDECLARED_SELECTOR = YES;
				GCC_WARN_UNINITIALIZED_AUTOS = YES_AGGRESSIVE;
				GCC_WARN_UNUSED_FUNCTION = YES;
				GCC_WARN_UNUSED_VARIABLE = YES;
				IPHONEOS_DEPLOYMENT_TARGET = 9.0;
				MTL_ENABLE_DEBUG_INFO = NO;
				SDKROOT = iphoneos;
				TARGETED_DEVICE_FAMILY = "1,2";
				VALIDATE_PRODUCT = YES;
				VERSIONING_SYSTEM = "apple-generic";
				VERSION_INFO_PREFIX = "";
			};
			name = Release;
		};
		ECF536C11BE8F4C000015674 /* Debug */ = {
			isa = XCBuildConfiguration;
			buildSettings = {
				DEFINES_MODULE = YES;
				DYLIB_COMPATIBILITY_VERSION = 1;
				DYLIB_CURRENT_VERSION = 1;
				DYLIB_INSTALL_NAME_BASE = "@rpath";
				INFOPLIST_FILE = rKit/Info.plist;
				INSTALL_PATH = "$(LOCAL_LIBRARY_DIR)/Frameworks";
				LD_RUNPATH_SEARCH_PATHS = "$(inherited) @executable_path/Frameworks @loader_path/Frameworks";
				PRODUCT_BUNDLE_IDENTIFIER = "reactive-kit.rKit";
				PRODUCT_NAME = "$(TARGET_NAME)";
				SKIP_INSTALL = YES;
			};
			name = Debug;
		};
		ECF536C21BE8F4C000015674 /* Release */ = {
			isa = XCBuildConfiguration;
			buildSettings = {
				DEFINES_MODULE = YES;
				DYLIB_COMPATIBILITY_VERSION = 1;
				DYLIB_CURRENT_VERSION = 1;
				DYLIB_INSTALL_NAME_BASE = "@rpath";
				INFOPLIST_FILE = rKit/Info.plist;
				INSTALL_PATH = "$(LOCAL_LIBRARY_DIR)/Frameworks";
				LD_RUNPATH_SEARCH_PATHS = "$(inherited) @executable_path/Frameworks @loader_path/Frameworks";
				PRODUCT_BUNDLE_IDENTIFIER = "reactive-kit.rKit";
				PRODUCT_NAME = "$(TARGET_NAME)";
				SKIP_INSTALL = YES;
			};
			name = Release;
		};
		ECF536C41BE8F4C000015674 /* Debug */ = {
			isa = XCBuildConfiguration;
			buildSettings = {
				INFOPLIST_FILE = rKitTests/Info.plist;
				LD_RUNPATH_SEARCH_PATHS = "$(inherited) @executable_path/Frameworks @loader_path/Frameworks";
				PRODUCT_BUNDLE_IDENTIFIER = "Srdan-Rasic.rKitTests";
				PRODUCT_NAME = "$(TARGET_NAME)";
			};
			name = Debug;
		};
		ECF536C51BE8F4C000015674 /* Release */ = {
			isa = XCBuildConfiguration;
			buildSettings = {
				INFOPLIST_FILE = rKitTests/Info.plist;
				LD_RUNPATH_SEARCH_PATHS = "$(inherited) @executable_path/Frameworks @loader_path/Frameworks";
				PRODUCT_BUNDLE_IDENTIFIER = "Srdan-Rasic.rKitTests";
				PRODUCT_NAME = "$(TARGET_NAME)";
			};
			name = Release;
		};
/* End XCBuildConfiguration section */

/* Begin XCConfigurationList section */
		ECF536A61BE8F4C000015674 /* Build configuration list for PBXProject "rKit" */ = {
			isa = XCConfigurationList;
			buildConfigurations = (
				ECF536BE1BE8F4C000015674 /* Debug */,
				ECF536BF1BE8F4C000015674 /* Release */,
			);
			defaultConfigurationIsVisible = 0;
			defaultConfigurationName = Release;
		};
		ECF536C01BE8F4C000015674 /* Build configuration list for PBXNativeTarget "rKit" */ = {
			isa = XCConfigurationList;
			buildConfigurations = (
				ECF536C11BE8F4C000015674 /* Debug */,
				ECF536C21BE8F4C000015674 /* Release */,
			);
			defaultConfigurationIsVisible = 0;
			defaultConfigurationName = Release;
		};
		ECF536C31BE8F4C000015674 /* Build configuration list for PBXNativeTarget "rKitTests" */ = {
			isa = XCConfigurationList;
			buildConfigurations = (
				ECF536C41BE8F4C000015674 /* Debug */,
				ECF536C51BE8F4C000015674 /* Release */,
			);
			defaultConfigurationIsVisible = 0;
			defaultConfigurationName = Release;
		};
/* End XCConfigurationList section */
	};
	rootObject = ECF536A31BE8F4C000015674 /* Project object */;
}
