// !$*UTF8*$!
{
	archiveVersion = 1;
	classes = {
	};
	objectVersion = 46;
	objects = {

/* Begin PBXBuildFile section */
		EC835BE21BEC923400463098 /* OperationSpec.swift in Sources */ = {isa = PBXBuildFile; fileRef = EC835BE11BEC923400463098 /* OperationSpec.swift */; };
		ECB7A5BC1BEB920E0034053A /* Nimble.framework in Frameworks */ = {isa = PBXBuildFile; fileRef = ECB7A58F1BEB91EB0034053A /* Nimble.framework */; };
		ECB7A5BD1BEB920E0034053A /* Quick.framework in Frameworks */ = {isa = PBXBuildFile; fileRef = ECB7A5AD1BEB91F30034053A /* Quick.framework */; };
		ECBCCDD41BEB6B9A00723476 /* ReactiveKit.h in Headers */ = {isa = PBXBuildFile; fileRef = ECBCCDD31BEB6B9A00723476 /* ReactiveKit.h */; settings = {ATTRIBUTES = (Public, ); }; };
		ECBCCDDB1BEB6B9B00723476 /* ReactiveKit.framework in Frameworks */ = {isa = PBXBuildFile; fileRef = ECBCCDD01BEB6B9A00723476 /* ReactiveKit.framework */; };
		ECBCCDE01BEB6B9B00723476 /* StreamSpec.swift in Sources */ = {isa = PBXBuildFile; fileRef = ECBCCDDF1BEB6B9B00723476 /* StreamSpec.swift */; };
		ECBCCE0D1BEB6BBE00723476 /* BlockDisposable.swift in Sources */ = {isa = PBXBuildFile; fileRef = ECBCCDEB1BEB6BBE00723476 /* BlockDisposable.swift */; };
		ECBCCE0E1BEB6BBE00723476 /* CompositeDisposable.swift in Sources */ = {isa = PBXBuildFile; fileRef = ECBCCDEC1BEB6BBE00723476 /* CompositeDisposable.swift */; };
		ECBCCE0F1BEB6BBE00723476 /* Disposable.swift in Sources */ = {isa = PBXBuildFile; fileRef = ECBCCDED1BEB6BBE00723476 /* Disposable.swift */; };
		ECBCCE101BEB6BBE00723476 /* DisposeBag.swift in Sources */ = {isa = PBXBuildFile; fileRef = ECBCCDEE1BEB6BBE00723476 /* DisposeBag.swift */; };
		ECBCCE111BEB6BBE00723476 /* SerialDisposable.swift in Sources */ = {isa = PBXBuildFile; fileRef = ECBCCDEF1BEB6BBE00723476 /* SerialDisposable.swift */; };
		ECBCCE121BEB6BBE00723476 /* SimpleDisposable.swift in Sources */ = {isa = PBXBuildFile; fileRef = ECBCCDF01BEB6BBE00723476 /* SimpleDisposable.swift */; };
		ECBCCE131BEB6BBE00723476 /* Lock.swift in Sources */ = {isa = PBXBuildFile; fileRef = ECBCCDF21BEB6BBE00723476 /* Lock.swift */; };
		ECBCCE141BEB6BBE00723476 /* Reference.swift in Sources */ = {isa = PBXBuildFile; fileRef = ECBCCDF31BEB6BBE00723476 /* Reference.swift */; };
		ECBCCE151BEB6BBE00723476 /* StreamBuffer.swift in Sources */ = {isa = PBXBuildFile; fileRef = ECBCCDF41BEB6BBE00723476 /* StreamBuffer.swift */; };
		ECBCCE161BEB6BBE00723476 /* Observable.swift in Sources */ = {isa = PBXBuildFile; fileRef = ECBCCDF61BEB6BBE00723476 /* Observable.swift */; };
		ECBCCE171BEB6BBE00723476 /* ObservableCollection+Array.swift in Sources */ = {isa = PBXBuildFile; fileRef = ECBCCDF81BEB6BBE00723476 /* ObservableCollection+Array.swift */; };
		ECBCCE181BEB6BBE00723476 /* ObservableCollection+Dictionary.swift in Sources */ = {isa = PBXBuildFile; fileRef = ECBCCDF91BEB6BBE00723476 /* ObservableCollection+Dictionary.swift */; };
		ECBCCE191BEB6BBE00723476 /* ObservableCollection+Set.swift in Sources */ = {isa = PBXBuildFile; fileRef = ECBCCDFA1BEB6BBE00723476 /* ObservableCollection+Set.swift */; };
		ECBCCE1A1BEB6BBE00723476 /* ObservableCollection.swift in Sources */ = {isa = PBXBuildFile; fileRef = ECBCCDFB1BEB6BBE00723476 /* ObservableCollection.swift */; };
		ECBCCE1B1BEB6BBE00723476 /* ObservableCollectionEvent.swift in Sources */ = {isa = PBXBuildFile; fileRef = ECBCCDFC1BEB6BBE00723476 /* ObservableCollectionEvent.swift */; };
		ECBCCE1C1BEB6BBE00723476 /* Bindable.swift in Sources */ = {isa = PBXBuildFile; fileRef = ECBCCDFE1BEB6BBE00723476 /* Bindable.swift */; };
		ECBCCE1D1BEB6BBE00723476 /* ExecutionContext.swift in Sources */ = {isa = PBXBuildFile; fileRef = ECBCCDFF1BEB6BBE00723476 /* ExecutionContext.swift */; };
		ECBCCE1E1BEB6BBE00723476 /* OptionalType.swift in Sources */ = {isa = PBXBuildFile; fileRef = ECBCCE001BEB6BBE00723476 /* OptionalType.swift */; };
		ECBCCE1F1BEB6BBE00723476 /* Queue.swift in Sources */ = {isa = PBXBuildFile; fileRef = ECBCCE011BEB6BBE00723476 /* Queue.swift */; };
		ECBCCE201BEB6BBE00723476 /* TokenizedCollection.swift in Sources */ = {isa = PBXBuildFile; fileRef = ECBCCE021BEB6BBE00723476 /* TokenizedCollection.swift */; };
		ECBCCE211BEB6BBE00723476 /* ActiveStream.swift in Sources */ = {isa = PBXBuildFile; fileRef = ECBCCE041BEB6BBE00723476 /* ActiveStream.swift */; };
		ECBCCE221BEB6BBE00723476 /* Stream.swift in Sources */ = {isa = PBXBuildFile; fileRef = ECBCCE051BEB6BBE00723476 /* Stream.swift */; };
		ECBCCE231BEB6BBE00723476 /* StreamType.swift in Sources */ = {isa = PBXBuildFile; fileRef = ECBCCE061BEB6BBE00723476 /* StreamType.swift */; };
		ECBCCE2F1BEB6BE100723476 /* NoError.swift in Sources */ = {isa = PBXBuildFile; fileRef = ECBCCE2A1BEB6BE100723476 /* NoError.swift */; };
		ECBCCE301BEB6BE100723476 /* Stream+Operation.swift in Sources */ = {isa = PBXBuildFile; fileRef = ECBCCE2B1BEB6BE100723476 /* Stream+Operation.swift */; };
		ECBCCE311BEB6BE100723476 /* Operation.swift in Sources */ = {isa = PBXBuildFile; fileRef = ECBCCE2C1BEB6BE100723476 /* Operation.swift */; };
		ECBCCE321BEB6BE100723476 /* OperationEvent.swift in Sources */ = {isa = PBXBuildFile; fileRef = ECBCCE2D1BEB6BE100723476 /* OperationEvent.swift */; };
		ECBCCE331BEB6BE100723476 /* OperationSink.swift in Sources */ = {isa = PBXBuildFile; fileRef = ECBCCE2E1BEB6BE100723476 /* OperationSink.swift */; };
/* End PBXBuildFile section */

/* Begin PBXContainerItemProxy section */
		ECB7A58E1BEB91EB0034053A /* PBXContainerItemProxy */ = {
			isa = PBXContainerItemProxy;
			containerPortal = ECB7A5851BEB91EB0034053A /* Nimble.xcodeproj */;
			proxyType = 2;
			remoteGlobalIDString = 1F1A74291940169200FFFC47;
			remoteInfo = "Nimble-iOS";
		};
		ECB7A5901BEB91EB0034053A /* PBXContainerItemProxy */ = {
			isa = PBXContainerItemProxy;
			containerPortal = ECB7A5851BEB91EB0034053A /* Nimble.xcodeproj */;
			proxyType = 2;
			remoteGlobalIDString = 1F1A74341940169200FFFC47;
			remoteInfo = "Nimble-iOSTests";
		};
		ECB7A5921BEB91EB0034053A /* PBXContainerItemProxy */ = {
			isa = PBXContainerItemProxy;
			containerPortal = ECB7A5851BEB91EB0034053A /* Nimble.xcodeproj */;
			proxyType = 2;
			remoteGlobalIDString = 1F925EAD195C0D6300ED456B;
			remoteInfo = "Nimble-OSX";
		};
		ECB7A5941BEB91EB0034053A /* PBXContainerItemProxy */ = {
			isa = PBXContainerItemProxy;
			containerPortal = ECB7A5851BEB91EB0034053A /* Nimble.xcodeproj */;
			proxyType = 2;
			remoteGlobalIDString = 1F925EB7195C0D6300ED456B;
			remoteInfo = "Nimble-OSXTests";
		};
		ECB7A5961BEB91EB0034053A /* PBXContainerItemProxy */ = {
			isa = PBXContainerItemProxy;
			containerPortal = ECB7A5851BEB91EB0034053A /* Nimble.xcodeproj */;
			proxyType = 2;
			remoteGlobalIDString = 1F5DF1551BDCA0CE00C3A531;
			remoteInfo = "Nimble-tvOS";
		};
		ECB7A5981BEB91EB0034053A /* PBXContainerItemProxy */ = {
			isa = PBXContainerItemProxy;
			containerPortal = ECB7A5851BEB91EB0034053A /* Nimble.xcodeproj */;
			proxyType = 2;
			remoteGlobalIDString = 1F5DF15E1BDCA0CE00C3A531;
			remoteInfo = "Nimble-tvOSTests";
		};
		ECB7A5A61BEB91F30034053A /* PBXContainerItemProxy */ = {
			isa = PBXContainerItemProxy;
			containerPortal = ECB7A59A1BEB91F30034053A /* Quick.xcodeproj */;
			proxyType = 2;
			remoteGlobalIDString = DAEB6B8E1943873100289F44;
			remoteInfo = "Quick-OSX";
		};
		ECB7A5A81BEB91F30034053A /* PBXContainerItemProxy */ = {
			isa = PBXContainerItemProxy;
			containerPortal = ECB7A59A1BEB91F30034053A /* Quick.xcodeproj */;
			proxyType = 2;
			remoteGlobalIDString = DAEB6B991943873100289F44;
			remoteInfo = "Quick-OSXTests";
		};
		ECB7A5AA1BEB91F30034053A /* PBXContainerItemProxy */ = {
			isa = PBXContainerItemProxy;
			containerPortal = ECB7A59A1BEB91F30034053A /* Quick.xcodeproj */;
			proxyType = 2;
			remoteGlobalIDString = DA5663E81A4C8D8500193C88;
			remoteInfo = "QuickFocused-OSXTests";
		};
		ECB7A5AC1BEB91F30034053A /* PBXContainerItemProxy */ = {
			isa = PBXContainerItemProxy;
			containerPortal = ECB7A59A1BEB91F30034053A /* Quick.xcodeproj */;
			proxyType = 2;
			remoteGlobalIDString = 5A5D117C19473F2100F6D13D;
			remoteInfo = "Quick-iOS";
		};
		ECB7A5AE1BEB91F30034053A /* PBXContainerItemProxy */ = {
			isa = PBXContainerItemProxy;
			containerPortal = ECB7A59A1BEB91F30034053A /* Quick.xcodeproj */;
			proxyType = 2;
			remoteGlobalIDString = 5A5D118619473F2100F6D13D;
			remoteInfo = "Quick-iOSTests";
		};
		ECB7A5B01BEB91F30034053A /* PBXContainerItemProxy */ = {
			isa = PBXContainerItemProxy;
			containerPortal = ECB7A59A1BEB91F30034053A /* Quick.xcodeproj */;
			proxyType = 2;
			remoteGlobalIDString = DA9876B21A4C70EB0004AA17;
			remoteInfo = "QuickFocused-iOSTests";
		};
		ECB7A5B21BEB91F30034053A /* PBXContainerItemProxy */ = {
			isa = PBXContainerItemProxy;
			containerPortal = ECB7A59A1BEB91F30034053A /* Quick.xcodeproj */;
			proxyType = 2;
			remoteGlobalIDString = 1F118CD51BDCA4AB005013A2;
			remoteInfo = "Quick-tvOS";
		};
		ECB7A5B41BEB91F30034053A /* PBXContainerItemProxy */ = {
			isa = PBXContainerItemProxy;
			containerPortal = ECB7A59A1BEB91F30034053A /* Quick.xcodeproj */;
			proxyType = 2;
			remoteGlobalIDString = 1F118CDE1BDCA4AB005013A2;
			remoteInfo = "Quick-tvOSTests";
		};
		ECB7A5B61BEB91F30034053A /* PBXContainerItemProxy */ = {
			isa = PBXContainerItemProxy;
			containerPortal = ECB7A59A1BEB91F30034053A /* Quick.xcodeproj */;
			proxyType = 2;
			remoteGlobalIDString = 1F118CF01BDCA4BB005013A2;
			remoteInfo = "QuickFocused-tvOSTests";
		};
		ECB7A5B81BEB92040034053A /* PBXContainerItemProxy */ = {
			isa = PBXContainerItemProxy;
			containerPortal = ECB7A59A1BEB91F30034053A /* Quick.xcodeproj */;
			proxyType = 1;
			remoteGlobalIDString = 5A5D117B19473F2100F6D13D;
			remoteInfo = "Quick-iOS";
		};
		ECB7A5BA1BEB92040034053A /* PBXContainerItemProxy */ = {
			isa = PBXContainerItemProxy;
			containerPortal = ECB7A5851BEB91EB0034053A /* Nimble.xcodeproj */;
			proxyType = 1;
			remoteGlobalIDString = 1F1A74281940169200FFFC47;
			remoteInfo = "Nimble-iOS";
		};
		ECBCCDDC1BEB6B9B00723476 /* PBXContainerItemProxy */ = {
			isa = PBXContainerItemProxy;
			containerPortal = ECBCCDC71BEB6B9A00723476 /* Project object */;
			proxyType = 1;
			remoteGlobalIDString = ECBCCDCF1BEB6B9A00723476;
			remoteInfo = ReactiveKit;
		};
/* End PBXContainerItemProxy section */

/* Begin PBXFileReference section */
		EC835BE11BEC923400463098 /* OperationSpec.swift */ = {isa = PBXFileReference; fileEncoding = 4; lastKnownFileType = sourcecode.swift; path = OperationSpec.swift; sourceTree = "<group>"; };
		EC835C001BECB0FB00463098 /* ReactiveKitPlayground.playground */ = {isa = PBXFileReference; lastKnownFileType = file.playground; path = ReactiveKitPlayground.playground; sourceTree = SOURCE_ROOT; };
		ECB7A5851BEB91EB0034053A /* Nimble.xcodeproj */ = {isa = PBXFileReference; lastKnownFileType = "wrapper.pb-project"; name = Nimble.xcodeproj; path = Carthage/Checkouts/Nimble/Nimble.xcodeproj; sourceTree = SOURCE_ROOT; };
		ECB7A59A1BEB91F30034053A /* Quick.xcodeproj */ = {isa = PBXFileReference; lastKnownFileType = "wrapper.pb-project"; name = Quick.xcodeproj; path = Carthage/Checkouts/Quick/Quick.xcodeproj; sourceTree = SOURCE_ROOT; };
		ECBCCDD01BEB6B9A00723476 /* ReactiveKit.framework */ = {isa = PBXFileReference; explicitFileType = wrapper.framework; includeInIndex = 0; path = ReactiveKit.framework; sourceTree = BUILT_PRODUCTS_DIR; };
		ECBCCDD31BEB6B9A00723476 /* ReactiveKit.h */ = {isa = PBXFileReference; lastKnownFileType = sourcecode.c.h; path = ReactiveKit.h; sourceTree = "<group>"; };
		ECBCCDD51BEB6B9A00723476 /* Info.plist */ = {isa = PBXFileReference; lastKnownFileType = text.plist.xml; path = Info.plist; sourceTree = "<group>"; };
		ECBCCDDA1BEB6B9B00723476 /* ReactiveKitTests.xctest */ = {isa = PBXFileReference; explicitFileType = wrapper.cfbundle; includeInIndex = 0; path = ReactiveKitTests.xctest; sourceTree = BUILT_PRODUCTS_DIR; };
		ECBCCDDF1BEB6B9B00723476 /* StreamSpec.swift */ = {isa = PBXFileReference; lastKnownFileType = sourcecode.swift; path = StreamSpec.swift; sourceTree = "<group>"; };
		ECBCCDE11BEB6B9B00723476 /* Info.plist */ = {isa = PBXFileReference; lastKnownFileType = text.plist.xml; path = Info.plist; sourceTree = "<group>"; };
		ECBCCDEB1BEB6BBE00723476 /* BlockDisposable.swift */ = {isa = PBXFileReference; fileEncoding = 4; lastKnownFileType = sourcecode.swift; path = BlockDisposable.swift; sourceTree = "<group>"; };
		ECBCCDEC1BEB6BBE00723476 /* CompositeDisposable.swift */ = {isa = PBXFileReference; fileEncoding = 4; lastKnownFileType = sourcecode.swift; path = CompositeDisposable.swift; sourceTree = "<group>"; };
		ECBCCDED1BEB6BBE00723476 /* Disposable.swift */ = {isa = PBXFileReference; fileEncoding = 4; lastKnownFileType = sourcecode.swift; path = Disposable.swift; sourceTree = "<group>"; };
		ECBCCDEE1BEB6BBE00723476 /* DisposeBag.swift */ = {isa = PBXFileReference; fileEncoding = 4; lastKnownFileType = sourcecode.swift; path = DisposeBag.swift; sourceTree = "<group>"; };
		ECBCCDEF1BEB6BBE00723476 /* SerialDisposable.swift */ = {isa = PBXFileReference; fileEncoding = 4; lastKnownFileType = sourcecode.swift; path = SerialDisposable.swift; sourceTree = "<group>"; };
		ECBCCDF01BEB6BBE00723476 /* SimpleDisposable.swift */ = {isa = PBXFileReference; fileEncoding = 4; lastKnownFileType = sourcecode.swift; path = SimpleDisposable.swift; sourceTree = "<group>"; };
		ECBCCDF21BEB6BBE00723476 /* Lock.swift */ = {isa = PBXFileReference; fileEncoding = 4; lastKnownFileType = sourcecode.swift; path = Lock.swift; sourceTree = "<group>"; };
		ECBCCDF31BEB6BBE00723476 /* Reference.swift */ = {isa = PBXFileReference; fileEncoding = 4; lastKnownFileType = sourcecode.swift; path = Reference.swift; sourceTree = "<group>"; };
		ECBCCDF41BEB6BBE00723476 /* StreamBuffer.swift */ = {isa = PBXFileReference; fileEncoding = 4; lastKnownFileType = sourcecode.swift; path = StreamBuffer.swift; sourceTree = "<group>"; };
		ECBCCDF61BEB6BBE00723476 /* Observable.swift */ = {isa = PBXFileReference; fileEncoding = 4; lastKnownFileType = sourcecode.swift; path = Observable.swift; sourceTree = "<group>"; };
		ECBCCDF81BEB6BBE00723476 /* ObservableCollection+Array.swift */ = {isa = PBXFileReference; fileEncoding = 4; lastKnownFileType = sourcecode.swift; path = "ObservableCollection+Array.swift"; sourceTree = "<group>"; };
		ECBCCDF91BEB6BBE00723476 /* ObservableCollection+Dictionary.swift */ = {isa = PBXFileReference; fileEncoding = 4; lastKnownFileType = sourcecode.swift; path = "ObservableCollection+Dictionary.swift"; sourceTree = "<group>"; };
		ECBCCDFA1BEB6BBE00723476 /* ObservableCollection+Set.swift */ = {isa = PBXFileReference; fileEncoding = 4; lastKnownFileType = sourcecode.swift; path = "ObservableCollection+Set.swift"; sourceTree = "<group>"; };
		ECBCCDFB1BEB6BBE00723476 /* ObservableCollection.swift */ = {isa = PBXFileReference; fileEncoding = 4; lastKnownFileType = sourcecode.swift; path = ObservableCollection.swift; sourceTree = "<group>"; };
		ECBCCDFC1BEB6BBE00723476 /* ObservableCollectionEvent.swift */ = {isa = PBXFileReference; fileEncoding = 4; lastKnownFileType = sourcecode.swift; path = ObservableCollectionEvent.swift; sourceTree = "<group>"; };
		ECBCCDFE1BEB6BBE00723476 /* Bindable.swift */ = {isa = PBXFileReference; fileEncoding = 4; lastKnownFileType = sourcecode.swift; path = Bindable.swift; sourceTree = "<group>"; };
		ECBCCDFF1BEB6BBE00723476 /* ExecutionContext.swift */ = {isa = PBXFileReference; fileEncoding = 4; lastKnownFileType = sourcecode.swift; path = ExecutionContext.swift; sourceTree = "<group>"; };
		ECBCCE001BEB6BBE00723476 /* OptionalType.swift */ = {isa = PBXFileReference; fileEncoding = 4; lastKnownFileType = sourcecode.swift; path = OptionalType.swift; sourceTree = "<group>"; };
		ECBCCE011BEB6BBE00723476 /* Queue.swift */ = {isa = PBXFileReference; fileEncoding = 4; lastKnownFileType = sourcecode.swift; path = Queue.swift; sourceTree = "<group>"; };
		ECBCCE021BEB6BBE00723476 /* TokenizedCollection.swift */ = {isa = PBXFileReference; fileEncoding = 4; lastKnownFileType = sourcecode.swift; path = TokenizedCollection.swift; sourceTree = "<group>"; };
		ECBCCE041BEB6BBE00723476 /* ActiveStream.swift */ = {isa = PBXFileReference; fileEncoding = 4; lastKnownFileType = sourcecode.swift; path = ActiveStream.swift; sourceTree = "<group>"; };
		ECBCCE051BEB6BBE00723476 /* Stream.swift */ = {isa = PBXFileReference; fileEncoding = 4; lastKnownFileType = sourcecode.swift; path = Stream.swift; sourceTree = "<group>"; };
		ECBCCE061BEB6BBE00723476 /* StreamType.swift */ = {isa = PBXFileReference; fileEncoding = 4; lastKnownFileType = sourcecode.swift; path = StreamType.swift; sourceTree = "<group>"; };
		ECBCCE2A1BEB6BE100723476 /* NoError.swift */ = {isa = PBXFileReference; fileEncoding = 4; lastKnownFileType = sourcecode.swift; name = NoError.swift; path = ../Operation/NoError.swift; sourceTree = "<group>"; };
		ECBCCE2B1BEB6BE100723476 /* Stream+Operation.swift */ = {isa = PBXFileReference; fileEncoding = 4; lastKnownFileType = sourcecode.swift; path = "Stream+Operation.swift"; sourceTree = "<group>"; };
		ECBCCE2C1BEB6BE100723476 /* Operation.swift */ = {isa = PBXFileReference; fileEncoding = 4; lastKnownFileType = sourcecode.swift; path = Operation.swift; sourceTree = "<group>"; };
		ECBCCE2D1BEB6BE100723476 /* OperationEvent.swift */ = {isa = PBXFileReference; fileEncoding = 4; lastKnownFileType = sourcecode.swift; path = OperationEvent.swift; sourceTree = "<group>"; };
		ECBCCE2E1BEB6BE100723476 /* OperationSink.swift */ = {isa = PBXFileReference; fileEncoding = 4; lastKnownFileType = sourcecode.swift; path = OperationSink.swift; sourceTree = "<group>"; };
/* End PBXFileReference section */

/* Begin PBXFrameworksBuildPhase section */
		ECBCCDCC1BEB6B9A00723476 /* Frameworks */ = {
			isa = PBXFrameworksBuildPhase;
			buildActionMask = 2147483647;
			files = (
			);
			runOnlyForDeploymentPostprocessing = 0;
		};
		ECBCCDD71BEB6B9B00723476 /* Frameworks */ = {
			isa = PBXFrameworksBuildPhase;
			buildActionMask = 2147483647;
			files = (
				ECB7A5BC1BEB920E0034053A /* Nimble.framework in Frameworks */,
				ECB7A5BD1BEB920E0034053A /* Quick.framework in Frameworks */,
				ECBCCDDB1BEB6B9B00723476 /* ReactiveKit.framework in Frameworks */,
			);
			runOnlyForDeploymentPostprocessing = 0;
		};
/* End PBXFrameworksBuildPhase section */

/* Begin PBXGroup section */
		EC835BF21BECB0D500463098 /* Playgrounds */ = {
			isa = PBXGroup;
			children = (
				EC835C001BECB0FB00463098 /* ReactiveKitPlayground.playground */,
			);
			name = Playgrounds;
			path = ReactiveKitTests;
			sourceTree = "<group>";
		};
		ECB7A5841BEB91DA0034053A /* Dependencies */ = {
			isa = PBXGroup;
			children = (
				ECB7A59A1BEB91F30034053A /* Quick.xcodeproj */,
				ECB7A5851BEB91EB0034053A /* Nimble.xcodeproj */,
			);
			name = Dependencies;
			sourceTree = "<group>";
		};
		ECB7A5861BEB91EB0034053A /* Products */ = {
			isa = PBXGroup;
			children = (
				ECB7A58F1BEB91EB0034053A /* Nimble.framework */,
				ECB7A5911BEB91EB0034053A /* NimbleTests.xctest */,
				ECB7A5931BEB91EB0034053A /* Nimble.framework */,
				ECB7A5951BEB91EB0034053A /* NimbleTests.xctest */,
				ECB7A5971BEB91EB0034053A /* Nimble.framework */,
				ECB7A5991BEB91EB0034053A /* NimbleTests.xctest */,
			);
			name = Products;
			sourceTree = "<group>";
		};
		ECB7A59B1BEB91F30034053A /* Products */ = {
			isa = PBXGroup;
			children = (
				ECB7A5A71BEB91F30034053A /* Quick.framework */,
				ECB7A5A91BEB91F30034053A /* Quick-OSXTests.xctest */,
				ECB7A5AB1BEB91F30034053A /* QuickFocused-OSXTests.xctest */,
				ECB7A5AD1BEB91F30034053A /* Quick.framework */,
				ECB7A5AF1BEB91F30034053A /* Quick-iOSTests.xctest */,
				ECB7A5B11BEB91F30034053A /* QuickFocused-iOSTests.xctest */,
				ECB7A5B31BEB91F30034053A /* Quick.framework */,
				ECB7A5B51BEB91F30034053A /* Quick-tvOSTests.xctest */,
				ECB7A5B71BEB91F30034053A /* QuickFocused-tvOSTests.xctest */,
			);
			name = Products;
			sourceTree = "<group>";
		};
		ECBCCDC61BEB6B9A00723476 = {
			isa = PBXGroup;
			children = (
				ECBCCDD21BEB6B9A00723476 /* ReactiveKit */,
				ECBCCDDE1BEB6B9B00723476 /* ReactiveKitTests */,
				EC835BF21BECB0D500463098 /* Playgrounds */,
				ECBCCDD11BEB6B9A00723476 /* Products */,
			);
			sourceTree = "<group>";
		};
		ECBCCDD11BEB6B9A00723476 /* Products */ = {
			isa = PBXGroup;
			children = (
				ECBCCDD01BEB6B9A00723476 /* ReactiveKit.framework */,
				ECBCCDDA1BEB6B9B00723476 /* ReactiveKitTests.xctest */,
			);
			name = Products;
			sourceTree = "<group>";
		};
		ECBCCDD21BEB6B9A00723476 /* ReactiveKit */ = {
			isa = PBXGroup;
			children = (
				ECBCCDD31BEB6B9A00723476 /* ReactiveKit.h */,
				ECBCCDD51BEB6B9A00723476 /* Info.plist */,
				ECBCCE031BEB6BBE00723476 /* Streams */,
				ECBCCE291BEB6BE100723476 /* Operation */,
				ECBCCDF51BEB6BBE00723476 /* Observable */,
				ECBCCDF71BEB6BBE00723476 /* ObservableCollection */,
				ECBCCDEA1BEB6BBE00723476 /* Disposables */,
				ECBCCDF11BEB6BBE00723476 /* Internals */,
				ECBCCDFD1BEB6BBE00723476 /* Other */,
			);
			path = ReactiveKit;
			sourceTree = "<group>";
		};
		ECBCCDDE1BEB6B9B00723476 /* ReactiveKitTests */ = {
			isa = PBXGroup;
			children = (
				ECBCCDDF1BEB6B9B00723476 /* StreamSpec.swift */,
				EC835BE11BEC923400463098 /* OperationSpec.swift */,
				ECB7A5841BEB91DA0034053A /* Dependencies */,
				ECBCCDE11BEB6B9B00723476 /* Info.plist */,
			);
			path = ReactiveKitTests;
			sourceTree = "<group>";
		};
		ECBCCDEA1BEB6BBE00723476 /* Disposables */ = {
			isa = PBXGroup;
			children = (
				ECBCCDEB1BEB6BBE00723476 /* BlockDisposable.swift */,
				ECBCCDEC1BEB6BBE00723476 /* CompositeDisposable.swift */,
				ECBCCDED1BEB6BBE00723476 /* Disposable.swift */,
				ECBCCDEE1BEB6BBE00723476 /* DisposeBag.swift */,
				ECBCCDEF1BEB6BBE00723476 /* SerialDisposable.swift */,
				ECBCCDF01BEB6BBE00723476 /* SimpleDisposable.swift */,
			);
			path = Disposables;
			sourceTree = "<group>";
		};
		ECBCCDF11BEB6BBE00723476 /* Internals */ = {
			isa = PBXGroup;
			children = (
				ECBCCDF21BEB6BBE00723476 /* Lock.swift */,
				ECBCCDF31BEB6BBE00723476 /* Reference.swift */,
				ECBCCDF41BEB6BBE00723476 /* StreamBuffer.swift */,
			);
			path = Internals;
			sourceTree = "<group>";
		};
		ECBCCDF51BEB6BBE00723476 /* Observable */ = {
			isa = PBXGroup;
			children = (
				ECBCCDF61BEB6BBE00723476 /* Observable.swift */,
			);
			path = Observable;
			sourceTree = "<group>";
		};
		ECBCCDF71BEB6BBE00723476 /* ObservableCollection */ = {
			isa = PBXGroup;
			children = (
				ECBCCDF81BEB6BBE00723476 /* ObservableCollection+Array.swift */,
				ECBCCDF91BEB6BBE00723476 /* ObservableCollection+Dictionary.swift */,
				ECBCCDFA1BEB6BBE00723476 /* ObservableCollection+Set.swift */,
				ECBCCDFB1BEB6BBE00723476 /* ObservableCollection.swift */,
				ECBCCDFC1BEB6BBE00723476 /* ObservableCollectionEvent.swift */,
			);
			path = ObservableCollection;
			sourceTree = "<group>";
		};
		ECBCCDFD1BEB6BBE00723476 /* Other */ = {
			isa = PBXGroup;
			children = (
				ECBCCE2A1BEB6BE100723476 /* NoError.swift */,
				ECBCCDFE1BEB6BBE00723476 /* Bindable.swift */,
				ECBCCDFF1BEB6BBE00723476 /* ExecutionContext.swift */,
				ECBCCE001BEB6BBE00723476 /* OptionalType.swift */,
				ECBCCE011BEB6BBE00723476 /* Queue.swift */,
				ECBCCE021BEB6BBE00723476 /* TokenizedCollection.swift */,
			);
			path = Other;
			sourceTree = "<group>";
		};
		ECBCCE031BEB6BBE00723476 /* Streams */ = {
			isa = PBXGroup;
			children = (
				ECBCCE061BEB6BBE00723476 /* StreamType.swift */,
				ECBCCE051BEB6BBE00723476 /* Stream.swift */,
				ECBCCE041BEB6BBE00723476 /* ActiveStream.swift */,
			);
			path = Streams;
			sourceTree = "<group>";
		};
		ECBCCE291BEB6BE100723476 /* Operation */ = {
			isa = PBXGroup;
			children = (
				ECBCCE2C1BEB6BE100723476 /* Operation.swift */,
				ECBCCE2D1BEB6BE100723476 /* OperationEvent.swift */,
				ECBCCE2E1BEB6BE100723476 /* OperationSink.swift */,
				ECBCCE2B1BEB6BE100723476 /* Stream+Operation.swift */,
			);
			path = Operation;
			sourceTree = "<group>";
		};
/* End PBXGroup section */

/* Begin PBXHeadersBuildPhase section */
		ECBCCDCD1BEB6B9A00723476 /* Headers */ = {
			isa = PBXHeadersBuildPhase;
			buildActionMask = 2147483647;
			files = (
				ECBCCDD41BEB6B9A00723476 /* ReactiveKit.h in Headers */,
			);
			runOnlyForDeploymentPostprocessing = 0;
		};
/* End PBXHeadersBuildPhase section */

/* Begin PBXNativeTarget section */
		ECBCCDCF1BEB6B9A00723476 /* ReactiveKit */ = {
			isa = PBXNativeTarget;
			buildConfigurationList = ECBCCDE41BEB6B9B00723476 /* Build configuration list for PBXNativeTarget "ReactiveKit" */;
			buildPhases = (
				ECBCCDCB1BEB6B9A00723476 /* Sources */,
				ECBCCDCC1BEB6B9A00723476 /* Frameworks */,
				ECBCCDCD1BEB6B9A00723476 /* Headers */,
				ECBCCDCE1BEB6B9A00723476 /* Resources */,
			);
			buildRules = (
			);
			dependencies = (
			);
			name = ReactiveKit;
			productName = ReactiveKit;
			productReference = ECBCCDD01BEB6B9A00723476 /* ReactiveKit.framework */;
			productType = "com.apple.product-type.framework";
		};
		ECBCCDD91BEB6B9B00723476 /* ReactiveKitTests */ = {
			isa = PBXNativeTarget;
			buildConfigurationList = ECBCCDE71BEB6B9B00723476 /* Build configuration list for PBXNativeTarget "ReactiveKitTests" */;
			buildPhases = (
				ECBCCDD61BEB6B9B00723476 /* Sources */,
				ECBCCDD71BEB6B9B00723476 /* Frameworks */,
				ECBCCDD81BEB6B9B00723476 /* Resources */,
			);
			buildRules = (
			);
			dependencies = (
				ECB7A5B91BEB92040034053A /* PBXTargetDependency */,
				ECB7A5BB1BEB92040034053A /* PBXTargetDependency */,
				ECBCCDDD1BEB6B9B00723476 /* PBXTargetDependency */,
			);
			name = ReactiveKitTests;
			productName = ReactiveKitTests;
			productReference = ECBCCDDA1BEB6B9B00723476 /* ReactiveKitTests.xctest */;
			productType = "com.apple.product-type.bundle.unit-test";
		};
/* End PBXNativeTarget section */

/* Begin PBXProject section */
		ECBCCDC71BEB6B9A00723476 /* Project object */ = {
			isa = PBXProject;
			attributes = {
				LastSwiftUpdateCheck = 0710;
				LastUpgradeCheck = 0710;
				ORGANIZATIONNAME = "Srdan Rasic";
				TargetAttributes = {
					ECBCCDCF1BEB6B9A00723476 = {
						CreatedOnToolsVersion = 7.1;
					};
					ECBCCDD91BEB6B9B00723476 = {
						CreatedOnToolsVersion = 7.1;
					};
				};
			};
			buildConfigurationList = ECBCCDCA1BEB6B9A00723476 /* Build configuration list for PBXProject "ReactiveKit" */;
			compatibilityVersion = "Xcode 3.2";
			developmentRegion = English;
			hasScannedForEncodings = 0;
			knownRegions = (
				en,
			);
			mainGroup = ECBCCDC61BEB6B9A00723476;
			productRefGroup = ECBCCDD11BEB6B9A00723476 /* Products */;
			projectDirPath = "";
			projectReferences = (
				{
					ProductGroup = ECB7A5861BEB91EB0034053A /* Products */;
					ProjectRef = ECB7A5851BEB91EB0034053A /* Nimble.xcodeproj */;
				},
				{
					ProductGroup = ECB7A59B1BEB91F30034053A /* Products */;
					ProjectRef = ECB7A59A1BEB91F30034053A /* Quick.xcodeproj */;
				},
			);
			projectRoot = "";
			targets = (
				ECBCCDCF1BEB6B9A00723476 /* ReactiveKit */,
				ECBCCDD91BEB6B9B00723476 /* ReactiveKitTests */,
			);
		};
/* End PBXProject section */

/* Begin PBXReferenceProxy section */
		ECB7A58F1BEB91EB0034053A /* Nimble.framework */ = {
			isa = PBXReferenceProxy;
			fileType = wrapper.framework;
			path = Nimble.framework;
			remoteRef = ECB7A58E1BEB91EB0034053A /* PBXContainerItemProxy */;
			sourceTree = BUILT_PRODUCTS_DIR;
		};
		ECB7A5911BEB91EB0034053A /* NimbleTests.xctest */ = {
			isa = PBXReferenceProxy;
			fileType = wrapper.cfbundle;
			path = NimbleTests.xctest;
			remoteRef = ECB7A5901BEB91EB0034053A /* PBXContainerItemProxy */;
			sourceTree = BUILT_PRODUCTS_DIR;
		};
		ECB7A5931BEB91EB0034053A /* Nimble.framework */ = {
			isa = PBXReferenceProxy;
			fileType = wrapper.framework;
			path = Nimble.framework;
			remoteRef = ECB7A5921BEB91EB0034053A /* PBXContainerItemProxy */;
			sourceTree = BUILT_PRODUCTS_DIR;
		};
		ECB7A5951BEB91EB0034053A /* NimbleTests.xctest */ = {
			isa = PBXReferenceProxy;
			fileType = wrapper.cfbundle;
			path = NimbleTests.xctest;
			remoteRef = ECB7A5941BEB91EB0034053A /* PBXContainerItemProxy */;
			sourceTree = BUILT_PRODUCTS_DIR;
		};
		ECB7A5971BEB91EB0034053A /* Nimble.framework */ = {
			isa = PBXReferenceProxy;
			fileType = wrapper.framework;
			path = Nimble.framework;
			remoteRef = ECB7A5961BEB91EB0034053A /* PBXContainerItemProxy */;
			sourceTree = BUILT_PRODUCTS_DIR;
		};
		ECB7A5991BEB91EB0034053A /* NimbleTests.xctest */ = {
			isa = PBXReferenceProxy;
			fileType = wrapper.cfbundle;
			path = NimbleTests.xctest;
			remoteRef = ECB7A5981BEB91EB0034053A /* PBXContainerItemProxy */;
			sourceTree = BUILT_PRODUCTS_DIR;
		};
		ECB7A5A71BEB91F30034053A /* Quick.framework */ = {
			isa = PBXReferenceProxy;
			fileType = wrapper.framework;
			path = Quick.framework;
			remoteRef = ECB7A5A61BEB91F30034053A /* PBXContainerItemProxy */;
			sourceTree = BUILT_PRODUCTS_DIR;
		};
		ECB7A5A91BEB91F30034053A /* Quick-OSXTests.xctest */ = {
			isa = PBXReferenceProxy;
			fileType = wrapper.cfbundle;
			path = "Quick-OSXTests.xctest";
			remoteRef = ECB7A5A81BEB91F30034053A /* PBXContainerItemProxy */;
			sourceTree = BUILT_PRODUCTS_DIR;
		};
		ECB7A5AB1BEB91F30034053A /* QuickFocused-OSXTests.xctest */ = {
			isa = PBXReferenceProxy;
			fileType = wrapper.cfbundle;
			path = "QuickFocused-OSXTests.xctest";
			remoteRef = ECB7A5AA1BEB91F30034053A /* PBXContainerItemProxy */;
			sourceTree = BUILT_PRODUCTS_DIR;
		};
		ECB7A5AD1BEB91F30034053A /* Quick.framework */ = {
			isa = PBXReferenceProxy;
			fileType = wrapper.framework;
			path = Quick.framework;
			remoteRef = ECB7A5AC1BEB91F30034053A /* PBXContainerItemProxy */;
			sourceTree = BUILT_PRODUCTS_DIR;
		};
		ECB7A5AF1BEB91F30034053A /* Quick-iOSTests.xctest */ = {
			isa = PBXReferenceProxy;
			fileType = wrapper.cfbundle;
			path = "Quick-iOSTests.xctest";
			remoteRef = ECB7A5AE1BEB91F30034053A /* PBXContainerItemProxy */;
			sourceTree = BUILT_PRODUCTS_DIR;
		};
		ECB7A5B11BEB91F30034053A /* QuickFocused-iOSTests.xctest */ = {
			isa = PBXReferenceProxy;
			fileType = wrapper.cfbundle;
			path = "QuickFocused-iOSTests.xctest";
			remoteRef = ECB7A5B01BEB91F30034053A /* PBXContainerItemProxy */;
			sourceTree = BUILT_PRODUCTS_DIR;
		};
		ECB7A5B31BEB91F30034053A /* Quick.framework */ = {
			isa = PBXReferenceProxy;
			fileType = wrapper.framework;
			path = Quick.framework;
			remoteRef = ECB7A5B21BEB91F30034053A /* PBXContainerItemProxy */;
			sourceTree = BUILT_PRODUCTS_DIR;
		};
		ECB7A5B51BEB91F30034053A /* Quick-tvOSTests.xctest */ = {
			isa = PBXReferenceProxy;
			fileType = wrapper.cfbundle;
			path = "Quick-tvOSTests.xctest";
			remoteRef = ECB7A5B41BEB91F30034053A /* PBXContainerItemProxy */;
			sourceTree = BUILT_PRODUCTS_DIR;
		};
		ECB7A5B71BEB91F30034053A /* QuickFocused-tvOSTests.xctest */ = {
			isa = PBXReferenceProxy;
			fileType = wrapper.cfbundle;
			path = "QuickFocused-tvOSTests.xctest";
			remoteRef = ECB7A5B61BEB91F30034053A /* PBXContainerItemProxy */;
			sourceTree = BUILT_PRODUCTS_DIR;
		};
/* End PBXReferenceProxy section */

/* Begin PBXResourcesBuildPhase section */
		ECBCCDCE1BEB6B9A00723476 /* Resources */ = {
			isa = PBXResourcesBuildPhase;
			buildActionMask = 2147483647;
			files = (
			);
			runOnlyForDeploymentPostprocessing = 0;
		};
		ECBCCDD81BEB6B9B00723476 /* Resources */ = {
			isa = PBXResourcesBuildPhase;
			buildActionMask = 2147483647;
			files = (
			);
			runOnlyForDeploymentPostprocessing = 0;
		};
/* End PBXResourcesBuildPhase section */

/* Begin PBXSourcesBuildPhase section */
		ECBCCDCB1BEB6B9A00723476 /* Sources */ = {
			isa = PBXSourcesBuildPhase;
			buildActionMask = 2147483647;
			files = (
				ECBCCE1B1BEB6BBE00723476 /* ObservableCollectionEvent.swift in Sources */,
				ECBCCE201BEB6BBE00723476 /* TokenizedCollection.swift in Sources */,
				ECBCCE301BEB6BE100723476 /* Stream+Operation.swift in Sources */,
				ECBCCE151BEB6BBE00723476 /* StreamBuffer.swift in Sources */,
				ECBCCE211BEB6BBE00723476 /* ActiveStream.swift in Sources */,
				ECBCCE101BEB6BBE00723476 /* DisposeBag.swift in Sources */,
				ECBCCE1F1BEB6BBE00723476 /* Queue.swift in Sources */,
				ECBCCE181BEB6BBE00723476 /* ObservableCollection+Dictionary.swift in Sources */,
				ECBCCE311BEB6BE100723476 /* Operation.swift in Sources */,
				ECBCCE331BEB6BE100723476 /* OperationSink.swift in Sources */,
				ECBCCE191BEB6BBE00723476 /* ObservableCollection+Set.swift in Sources */,
				ECBCCE1D1BEB6BBE00723476 /* ExecutionContext.swift in Sources */,
				ECBCCE231BEB6BBE00723476 /* StreamType.swift in Sources */,
				ECBCCE141BEB6BBE00723476 /* Reference.swift in Sources */,
				ECBCCE0D1BEB6BBE00723476 /* BlockDisposable.swift in Sources */,
				ECBCCE221BEB6BBE00723476 /* Stream.swift in Sources */,
				ECBCCE0F1BEB6BBE00723476 /* Disposable.swift in Sources */,
				ECBCCE131BEB6BBE00723476 /* Lock.swift in Sources */,
				ECBCCE2F1BEB6BE100723476 /* NoError.swift in Sources */,
				ECBCCE1A1BEB6BBE00723476 /* ObservableCollection.swift in Sources */,
				ECBCCE321BEB6BE100723476 /* OperationEvent.swift in Sources */,
				ECBCCE1C1BEB6BBE00723476 /* Bindable.swift in Sources */,
				ECBCCE161BEB6BBE00723476 /* Observable.swift in Sources */,
				ECBCCE171BEB6BBE00723476 /* ObservableCollection+Array.swift in Sources */,
				ECBCCE121BEB6BBE00723476 /* SimpleDisposable.swift in Sources */,
				ECBCCE1E1BEB6BBE00723476 /* OptionalType.swift in Sources */,
				ECBCCE0E1BEB6BBE00723476 /* CompositeDisposable.swift in Sources */,
				ECBCCE111BEB6BBE00723476 /* SerialDisposable.swift in Sources */,
			);
			runOnlyForDeploymentPostprocessing = 0;
		};
		ECBCCDD61BEB6B9B00723476 /* Sources */ = {
			isa = PBXSourcesBuildPhase;
			buildActionMask = 2147483647;
			files = (
				EC835BE21BEC923400463098 /* OperationSpec.swift in Sources */,
				ECBCCDE01BEB6B9B00723476 /* StreamSpec.swift in Sources */,
			);
			runOnlyForDeploymentPostprocessing = 0;
		};
/* End PBXSourcesBuildPhase section */

/* Begin PBXTargetDependency section */
		ECB7A5B91BEB92040034053A /* PBXTargetDependency */ = {
			isa = PBXTargetDependency;
			name = "Quick-iOS";
			targetProxy = ECB7A5B81BEB92040034053A /* PBXContainerItemProxy */;
		};
		ECB7A5BB1BEB92040034053A /* PBXTargetDependency */ = {
			isa = PBXTargetDependency;
			name = "Nimble-iOS";
			targetProxy = ECB7A5BA1BEB92040034053A /* PBXContainerItemProxy */;
		};
		ECBCCDDD1BEB6B9B00723476 /* PBXTargetDependency */ = {
			isa = PBXTargetDependency;
			target = ECBCCDCF1BEB6B9A00723476 /* ReactiveKit */;
			targetProxy = ECBCCDDC1BEB6B9B00723476 /* PBXContainerItemProxy */;
		};
/* End PBXTargetDependency section */

/* Begin XCBuildConfiguration section */
		ECBCCDE21BEB6B9B00723476 /* Debug */ = {
			isa = XCBuildConfiguration;
			buildSettings = {
				ALWAYS_SEARCH_USER_PATHS = NO;
				CLANG_CXX_LANGUAGE_STANDARD = "gnu++0x";
				CLANG_CXX_LIBRARY = "libc++";
				CLANG_ENABLE_MODULES = YES;
				CLANG_ENABLE_OBJC_ARC = YES;
				CLANG_WARN_BOOL_CONVERSION = YES;
				CLANG_WARN_CONSTANT_CONVERSION = YES;
				CLANG_WARN_DIRECT_OBJC_ISA_USAGE = YES_ERROR;
				CLANG_WARN_EMPTY_BODY = YES;
				CLANG_WARN_ENUM_CONVERSION = YES;
				CLANG_WARN_INT_CONVERSION = YES;
				CLANG_WARN_OBJC_ROOT_CLASS = YES_ERROR;
				CLANG_WARN_UNREACHABLE_CODE = YES;
				CLANG_WARN__DUPLICATE_METHOD_MATCH = YES;
				"CODE_SIGN_IDENTITY[sdk=iphoneos*]" = "iPhone Developer";
				COPY_PHASE_STRIP = NO;
				CURRENT_PROJECT_VERSION = 1;
				DEBUG_INFORMATION_FORMAT = dwarf;
				ENABLE_STRICT_OBJC_MSGSEND = YES;
				ENABLE_TESTABILITY = YES;
				GCC_C_LANGUAGE_STANDARD = gnu99;
				GCC_DYNAMIC_NO_PIC = NO;
				GCC_NO_COMMON_BLOCKS = YES;
				GCC_OPTIMIZATION_LEVEL = 0;
				GCC_PREPROCESSOR_DEFINITIONS = (
					"DEBUG=1",
					"$(inherited)",
				);
				GCC_WARN_64_TO_32_BIT_CONVERSION = YES;
				GCC_WARN_ABOUT_RETURN_TYPE = YES_ERROR;
				GCC_WARN_UNDECLARED_SELECTOR = YES;
				GCC_WARN_UNINITIALIZED_AUTOS = YES_AGGRESSIVE;
				GCC_WARN_UNUSED_FUNCTION = YES;
				GCC_WARN_UNUSED_VARIABLE = YES;
				IPHONEOS_DEPLOYMENT_TARGET = 8.0;
				MTL_ENABLE_DEBUG_INFO = YES;
				ONLY_ACTIVE_ARCH = YES;
				SDKROOT = iphoneos;
				SWIFT_OPTIMIZATION_LEVEL = "-Onone";
				TARGETED_DEVICE_FAMILY = "1,2";
				VERSIONING_SYSTEM = "apple-generic";
				VERSION_INFO_PREFIX = "";
			};
			name = Debug;
		};
		ECBCCDE31BEB6B9B00723476 /* Release */ = {
			isa = XCBuildConfiguration;
			buildSettings = {
				ALWAYS_SEARCH_USER_PATHS = NO;
				CLANG_CXX_LANGUAGE_STANDARD = "gnu++0x";
				CLANG_CXX_LIBRARY = "libc++";
				CLANG_ENABLE_MODULES = YES;
				CLANG_ENABLE_OBJC_ARC = YES;
				CLANG_WARN_BOOL_CONVERSION = YES;
				CLANG_WARN_CONSTANT_CONVERSION = YES;
				CLANG_WARN_DIRECT_OBJC_ISA_USAGE = YES_ERROR;
				CLANG_WARN_EMPTY_BODY = YES;
				CLANG_WARN_ENUM_CONVERSION = YES;
				CLANG_WARN_INT_CONVERSION = YES;
				CLANG_WARN_OBJC_ROOT_CLASS = YES_ERROR;
				CLANG_WARN_UNREACHABLE_CODE = YES;
				CLANG_WARN__DUPLICATE_METHOD_MATCH = YES;
				"CODE_SIGN_IDENTITY[sdk=iphoneos*]" = "iPhone Developer";
				COPY_PHASE_STRIP = NO;
				CURRENT_PROJECT_VERSION = 1;
				DEBUG_INFORMATION_FORMAT = "dwarf-with-dsym";
				ENABLE_NS_ASSERTIONS = NO;
				ENABLE_STRICT_OBJC_MSGSEND = YES;
				GCC_C_LANGUAGE_STANDARD = gnu99;
				GCC_NO_COMMON_BLOCKS = YES;
				GCC_WARN_64_TO_32_BIT_CONVERSION = YES;
				GCC_WARN_ABOUT_RETURN_TYPE = YES_ERROR;
				GCC_WARN_UNDECLARED_SELECTOR = YES;
				GCC_WARN_UNINITIALIZED_AUTOS = YES_AGGRESSIVE;
				GCC_WARN_UNUSED_FUNCTION = YES;
				GCC_WARN_UNUSED_VARIABLE = YES;
				IPHONEOS_DEPLOYMENT_TARGET = 8.0;
				MTL_ENABLE_DEBUG_INFO = NO;
				SDKROOT = iphoneos;
				TARGETED_DEVICE_FAMILY = "1,2";
				VALIDATE_PRODUCT = YES;
				VERSIONING_SYSTEM = "apple-generic";
				VERSION_INFO_PREFIX = "";
			};
			name = Release;
		};
		ECBCCDE51BEB6B9B00723476 /* Debug */ = {
			isa = XCBuildConfiguration;
			buildSettings = {
				DEFINES_MODULE = YES;
				DYLIB_COMPATIBILITY_VERSION = 1;
				DYLIB_CURRENT_VERSION = 1;
				DYLIB_INSTALL_NAME_BASE = "@rpath";
				INFOPLIST_FILE = ReactiveKit/Info.plist;
				INSTALL_PATH = "$(LOCAL_LIBRARY_DIR)/Frameworks";
				LD_RUNPATH_SEARCH_PATHS = "$(inherited) @executable_path/Frameworks @loader_path/Frameworks";
				PRODUCT_BUNDLE_IDENTIFIER = ReactiveKit.ReactiveKit;
				PRODUCT_NAME = "$(TARGET_NAME)";
				SKIP_INSTALL = YES;
			};
			name = Debug;
		};
		ECBCCDE61BEB6B9B00723476 /* Release */ = {
			isa = XCBuildConfiguration;
			buildSettings = {
				DEFINES_MODULE = YES;
				DYLIB_COMPATIBILITY_VERSION = 1;
				DYLIB_CURRENT_VERSION = 1;
				DYLIB_INSTALL_NAME_BASE = "@rpath";
				INFOPLIST_FILE = ReactiveKit/Info.plist;
				INSTALL_PATH = "$(LOCAL_LIBRARY_DIR)/Frameworks";
				LD_RUNPATH_SEARCH_PATHS = "$(inherited) @executable_path/Frameworks @loader_path/Frameworks";
				PRODUCT_BUNDLE_IDENTIFIER = ReactiveKit.ReactiveKit;
				PRODUCT_NAME = "$(TARGET_NAME)";
				SKIP_INSTALL = YES;
			};
			name = Release;
		};
		ECBCCDE81BEB6B9B00723476 /* Debug */ = {
			isa = XCBuildConfiguration;
			buildSettings = {
				INFOPLIST_FILE = ReactiveKitTests/Info.plist;
				LD_RUNPATH_SEARCH_PATHS = "$(inherited) @executable_path/Frameworks @loader_path/Frameworks";
				PRODUCT_BUNDLE_IDENTIFIER = "Srdan-Rasic.ReactiveKitTests";
				PRODUCT_NAME = "$(TARGET_NAME)";
			};
			name = Debug;
		};
		ECBCCDE91BEB6B9B00723476 /* Release */ = {
			isa = XCBuildConfiguration;
			buildSettings = {
				INFOPLIST_FILE = ReactiveKitTests/Info.plist;
				LD_RUNPATH_SEARCH_PATHS = "$(inherited) @executable_path/Frameworks @loader_path/Frameworks";
				PRODUCT_BUNDLE_IDENTIFIER = "Srdan-Rasic.ReactiveKitTests";
				PRODUCT_NAME = "$(TARGET_NAME)";
			};
			name = Release;
		};
/* End XCBuildConfiguration section */

/* Begin XCConfigurationList section */
		ECBCCDCA1BEB6B9A00723476 /* Build configuration list for PBXProject "ReactiveKit" */ = {
			isa = XCConfigurationList;
			buildConfigurations = (
				ECBCCDE21BEB6B9B00723476 /* Debug */,
				ECBCCDE31BEB6B9B00723476 /* Release */,
			);
			defaultConfigurationIsVisible = 0;
			defaultConfigurationName = Release;
		};
		ECBCCDE41BEB6B9B00723476 /* Build configuration list for PBXNativeTarget "ReactiveKit" */ = {
			isa = XCConfigurationList;
			buildConfigurations = (
				ECBCCDE51BEB6B9B00723476 /* Debug */,
				ECBCCDE61BEB6B9B00723476 /* Release */,
			);
			defaultConfigurationIsVisible = 0;
			defaultConfigurationName = Release;
		};
		ECBCCDE71BEB6B9B00723476 /* Build configuration list for PBXNativeTarget "ReactiveKitTests" */ = {
			isa = XCConfigurationList;
			buildConfigurations = (
				ECBCCDE81BEB6B9B00723476 /* Debug */,
				ECBCCDE91BEB6B9B00723476 /* Release */,
			);
			defaultConfigurationIsVisible = 0;
			defaultConfigurationName = Release;
		};
/* End XCConfigurationList section */
	};
	rootObject = ECBCCDC71BEB6B9A00723476 /* Project object */;
}
