// !$*UTF8*$!
{
	archiveVersion = 1;
	classes = {
	};
	objectVersion = 46;
	objects = {

/* Begin PBXBuildFile section */
		16C33B831BEFBAC800A0DBE0 /* ReactiveKit.h in Headers */ = {isa = PBXBuildFile; fileRef = ECBCCDD31BEB6B9A00723476 /* ReactiveKit.h */; settings = {ATTRIBUTES = (Public, ); }; };
		16C33B841BEFBAC900A0DBE0 /* ReactiveKit.h in Headers */ = {isa = PBXBuildFile; fileRef = ECBCCDD31BEB6B9A00723476 /* ReactiveKit.h */; settings = {ATTRIBUTES = (Public, ); }; };
		16C33B851BEFBAC900A0DBE0 /* ReactiveKit.h in Headers */ = {isa = PBXBuildFile; fileRef = ECBCCDD31BEB6B9A00723476 /* ReactiveKit.h */; settings = {ATTRIBUTES = (Public, ); }; };
		EC8A99E71CABD9B50042A6AD /* CollectionProperty.swift in Sources */ = {isa = PBXBuildFile; fileRef = EC8A99DB1CABD9B50042A6AD /* CollectionProperty.swift */; };
		EC8A99E81CABD9B50042A6AD /* CollectionProperty.swift in Sources */ = {isa = PBXBuildFile; fileRef = EC8A99DB1CABD9B50042A6AD /* CollectionProperty.swift */; };
		EC8A99E91CABD9B50042A6AD /* CollectionProperty.swift in Sources */ = {isa = PBXBuildFile; fileRef = EC8A99DB1CABD9B50042A6AD /* CollectionProperty.swift */; };
		EC8A99EA1CABD9B50042A6AD /* CollectionProperty.swift in Sources */ = {isa = PBXBuildFile; fileRef = EC8A99DB1CABD9B50042A6AD /* CollectionProperty.swift */; };
		EC8A99EB1CABD9B50042A6AD /* Disposable.swift in Sources */ = {isa = PBXBuildFile; fileRef = EC8A99DC1CABD9B50042A6AD /* Disposable.swift */; };
		EC8A99EC1CABD9B50042A6AD /* Disposable.swift in Sources */ = {isa = PBXBuildFile; fileRef = EC8A99DC1CABD9B50042A6AD /* Disposable.swift */; };
		EC8A99ED1CABD9B50042A6AD /* Disposable.swift in Sources */ = {isa = PBXBuildFile; fileRef = EC8A99DC1CABD9B50042A6AD /* Disposable.swift */; };
		EC8A99EE1CABD9B50042A6AD /* Disposable.swift in Sources */ = {isa = PBXBuildFile; fileRef = EC8A99DC1CABD9B50042A6AD /* Disposable.swift */; };
		EC8A99EF1CABD9B50042A6AD /* Event.swift in Sources */ = {isa = PBXBuildFile; fileRef = EC8A99DD1CABD9B50042A6AD /* Event.swift */; };
		EC8A99F01CABD9B50042A6AD /* Event.swift in Sources */ = {isa = PBXBuildFile; fileRef = EC8A99DD1CABD9B50042A6AD /* Event.swift */; };
		EC8A99F11CABD9B50042A6AD /* Event.swift in Sources */ = {isa = PBXBuildFile; fileRef = EC8A99DD1CABD9B50042A6AD /* Event.swift */; };
		EC8A99F21CABD9B50042A6AD /* Event.swift in Sources */ = {isa = PBXBuildFile; fileRef = EC8A99DD1CABD9B50042A6AD /* Event.swift */; };
		EC8A99F31CABD9B50042A6AD /* Foundation.swift in Sources */ = {isa = PBXBuildFile; fileRef = EC8A99DE1CABD9B50042A6AD /* Foundation.swift */; };
		EC8A99F41CABD9B50042A6AD /* Foundation.swift in Sources */ = {isa = PBXBuildFile; fileRef = EC8A99DE1CABD9B50042A6AD /* Foundation.swift */; };
		EC8A99F51CABD9B50042A6AD /* Foundation.swift in Sources */ = {isa = PBXBuildFile; fileRef = EC8A99DE1CABD9B50042A6AD /* Foundation.swift */; };
		EC8A99F61CABD9B50042A6AD /* Foundation.swift in Sources */ = {isa = PBXBuildFile; fileRef = EC8A99DE1CABD9B50042A6AD /* Foundation.swift */; };
		EC8A99F71CABD9B50042A6AD /* Observer.swift in Sources */ = {isa = PBXBuildFile; fileRef = EC8A99DF1CABD9B50042A6AD /* Observer.swift */; };
		EC8A99F81CABD9B50042A6AD /* Observer.swift in Sources */ = {isa = PBXBuildFile; fileRef = EC8A99DF1CABD9B50042A6AD /* Observer.swift */; };
		EC8A99F91CABD9B50042A6AD /* Observer.swift in Sources */ = {isa = PBXBuildFile; fileRef = EC8A99DF1CABD9B50042A6AD /* Observer.swift */; };
		EC8A99FA1CABD9B50042A6AD /* Observer.swift in Sources */ = {isa = PBXBuildFile; fileRef = EC8A99DF1CABD9B50042A6AD /* Observer.swift */; };
		EC8A99FB1CABD9B50042A6AD /* Operation.swift in Sources */ = {isa = PBXBuildFile; fileRef = EC8A99E01CABD9B50042A6AD /* Operation.swift */; };
		EC8A99FC1CABD9B50042A6AD /* Operation.swift in Sources */ = {isa = PBXBuildFile; fileRef = EC8A99E01CABD9B50042A6AD /* Operation.swift */; };
		EC8A99FD1CABD9B50042A6AD /* Operation.swift in Sources */ = {isa = PBXBuildFile; fileRef = EC8A99E01CABD9B50042A6AD /* Operation.swift */; };
		EC8A99FE1CABD9B50042A6AD /* Operation.swift in Sources */ = {isa = PBXBuildFile; fileRef = EC8A99E01CABD9B50042A6AD /* Operation.swift */; };
		EC8A99FF1CABD9B50042A6AD /* Property.swift in Sources */ = {isa = PBXBuildFile; fileRef = EC8A99E11CABD9B50042A6AD /* Property.swift */; };
		EC8A9A001CABD9B50042A6AD /* Property.swift in Sources */ = {isa = PBXBuildFile; fileRef = EC8A99E11CABD9B50042A6AD /* Property.swift */; };
		EC8A9A011CABD9B50042A6AD /* Property.swift in Sources */ = {isa = PBXBuildFile; fileRef = EC8A99E11CABD9B50042A6AD /* Property.swift */; };
		EC8A9A021CABD9B50042A6AD /* Property.swift in Sources */ = {isa = PBXBuildFile; fileRef = EC8A99E11CABD9B50042A6AD /* Property.swift */; };
		EC8A9A031CABD9B50042A6AD /* RawStream.swift in Sources */ = {isa = PBXBuildFile; fileRef = EC8A99E21CABD9B50042A6AD /* RawStream.swift */; };
		EC8A9A041CABD9B50042A6AD /* RawStream.swift in Sources */ = {isa = PBXBuildFile; fileRef = EC8A99E21CABD9B50042A6AD /* RawStream.swift */; };
		EC8A9A051CABD9B50042A6AD /* RawStream.swift in Sources */ = {isa = PBXBuildFile; fileRef = EC8A99E21CABD9B50042A6AD /* RawStream.swift */; };
		EC8A9A061CABD9B50042A6AD /* RawStream.swift in Sources */ = {isa = PBXBuildFile; fileRef = EC8A99E21CABD9B50042A6AD /* RawStream.swift */; };
		EC8A9A071CABD9B50042A6AD /* Stream.swift in Sources */ = {isa = PBXBuildFile; fileRef = EC8A99E31CABD9B50042A6AD /* Stream.swift */; };
		EC8A9A081CABD9B50042A6AD /* Stream.swift in Sources */ = {isa = PBXBuildFile; fileRef = EC8A99E31CABD9B50042A6AD /* Stream.swift */; };
		EC8A9A091CABD9B50042A6AD /* Stream.swift in Sources */ = {isa = PBXBuildFile; fileRef = EC8A99E31CABD9B50042A6AD /* Stream.swift */; };
		EC8A9A0A1CABD9B50042A6AD /* Stream.swift in Sources */ = {isa = PBXBuildFile; fileRef = EC8A99E31CABD9B50042A6AD /* Stream.swift */; };
		EC8A9A0B1CABD9B50042A6AD /* Subjects.swift in Sources */ = {isa = PBXBuildFile; fileRef = EC8A99E41CABD9B50042A6AD /* Subjects.swift */; };
		EC8A9A0C1CABD9B50042A6AD /* Subjects.swift in Sources */ = {isa = PBXBuildFile; fileRef = EC8A99E41CABD9B50042A6AD /* Subjects.swift */; };
		EC8A9A0D1CABD9B50042A6AD /* Subjects.swift in Sources */ = {isa = PBXBuildFile; fileRef = EC8A99E41CABD9B50042A6AD /* Subjects.swift */; };
		EC8A9A0E1CABD9B50042A6AD /* Subjects.swift in Sources */ = {isa = PBXBuildFile; fileRef = EC8A99E41CABD9B50042A6AD /* Subjects.swift */; };
		EC8A9A0F1CABD9B50042A6AD /* System.swift in Sources */ = {isa = PBXBuildFile; fileRef = EC8A99E51CABD9B50042A6AD /* System.swift */; };
		EC8A9A101CABD9B50042A6AD /* System.swift in Sources */ = {isa = PBXBuildFile; fileRef = EC8A99E51CABD9B50042A6AD /* System.swift */; };
		EC8A9A111CABD9B50042A6AD /* System.swift in Sources */ = {isa = PBXBuildFile; fileRef = EC8A99E51CABD9B50042A6AD /* System.swift */; };
		EC8A9A121CABD9B50042A6AD /* System.swift in Sources */ = {isa = PBXBuildFile; fileRef = EC8A99E51CABD9B50042A6AD /* System.swift */; };
		EC8A9A131CABD9B50042A6AD /* Threading.swift in Sources */ = {isa = PBXBuildFile; fileRef = EC8A99E61CABD9B50042A6AD /* Threading.swift */; };
		EC8A9A141CABD9B50042A6AD /* Threading.swift in Sources */ = {isa = PBXBuildFile; fileRef = EC8A99E61CABD9B50042A6AD /* Threading.swift */; };
		EC8A9A151CABD9B50042A6AD /* Threading.swift in Sources */ = {isa = PBXBuildFile; fileRef = EC8A99E61CABD9B50042A6AD /* Threading.swift */; };
		EC8A9A161CABD9B50042A6AD /* Threading.swift in Sources */ = {isa = PBXBuildFile; fileRef = EC8A99E61CABD9B50042A6AD /* Threading.swift */; };
		EC8A9A191CABDA830042A6AD /* ArrayDiffTests.swift in Sources */ = {isa = PBXBuildFile; fileRef = EC8A9A171CABDA5F0042A6AD /* ArrayDiffTests.swift */; };
		EC8A9A1A1CABDA830042A6AD /* PerformanceTests.swift in Sources */ = {isa = PBXBuildFile; fileRef = EC8A9A181CABDA5F0042A6AD /* PerformanceTests.swift */; };
		ECBCCDD41BEB6B9A00723476 /* ReactiveKit.h in Headers */ = {isa = PBXBuildFile; fileRef = ECBCCDD31BEB6B9A00723476 /* ReactiveKit.h */; settings = {ATTRIBUTES = (Public, ); }; };
		ECBCCDDB1BEB6B9B00723476 /* ReactiveKit.framework in Frameworks */ = {isa = PBXBuildFile; fileRef = ECBCCDD01BEB6B9A00723476 /* ReactiveKit.framework */; };
/* End PBXBuildFile section */

/* Begin PBXContainerItemProxy section */
		ECBCCDDC1BEB6B9B00723476 /* PBXContainerItemProxy */ = {
			isa = PBXContainerItemProxy;
			containerPortal = ECBCCDC71BEB6B9A00723476 /* Project object */;
			proxyType = 1;
			remoteGlobalIDString = ECBCCDCF1BEB6B9A00723476;
			remoteInfo = ReactiveKit;
		};
/* End PBXContainerItemProxy section */

/* Begin PBXFileReference section */
		162CB7461CB451D200FB6375 /* Package.swift */ = {isa = PBXFileReference; lastKnownFileType = sourcecode.swift; path = Package.swift; sourceTree = "<group>"; };
		1671707E1BF4F62A001786CE /* ReactiveKit.podspec */ = {isa = PBXFileReference; lastKnownFileType = text; path = ReactiveKit.podspec; sourceTree = SOURCE_ROOT; };
		1671707F1BF4F64E001786CE /* README.md */ = {isa = PBXFileReference; lastKnownFileType = net.daringfireball.markdown; lineEnding = 0; path = README.md; sourceTree = SOURCE_ROOT; xcLanguageSpecificationIdentifier = xcode.lang.markdown; };
		16C33AF91BEFB72500A0DBE0 /* ReactiveKit.framework */ = {isa = PBXFileReference; explicitFileType = wrapper.framework; includeInIndex = 0; path = ReactiveKit.framework; sourceTree = BUILT_PRODUCTS_DIR; };
		16C33B161BEFB9CB00A0DBE0 /* ReactiveKit.framework */ = {isa = PBXFileReference; explicitFileType = wrapper.framework; includeInIndex = 0; path = ReactiveKit.framework; sourceTree = BUILT_PRODUCTS_DIR; };
		16C33B241BEFBA0100A0DBE0 /* ReactiveKit.framework */ = {isa = PBXFileReference; explicitFileType = wrapper.framework; includeInIndex = 0; path = ReactiveKit.framework; sourceTree = BUILT_PRODUCTS_DIR; };
		EC8A99DB1CABD9B50042A6AD /* CollectionProperty.swift */ = {isa = PBXFileReference; fileEncoding = 4; lastKnownFileType = sourcecode.swift; name = CollectionProperty.swift; path = Sources/CollectionProperty.swift; sourceTree = SOURCE_ROOT; };
		EC8A99DC1CABD9B50042A6AD /* Disposable.swift */ = {isa = PBXFileReference; fileEncoding = 4; lastKnownFileType = sourcecode.swift; name = Disposable.swift; path = Sources/Disposable.swift; sourceTree = SOURCE_ROOT; };
		EC8A99DD1CABD9B50042A6AD /* Event.swift */ = {isa = PBXFileReference; fileEncoding = 4; lastKnownFileType = sourcecode.swift; name = Event.swift; path = Sources/Event.swift; sourceTree = SOURCE_ROOT; };
		EC8A99DE1CABD9B50042A6AD /* Foundation.swift */ = {isa = PBXFileReference; fileEncoding = 4; lastKnownFileType = sourcecode.swift; name = Foundation.swift; path = Sources/Foundation.swift; sourceTree = SOURCE_ROOT; };
		EC8A99DF1CABD9B50042A6AD /* Observer.swift */ = {isa = PBXFileReference; fileEncoding = 4; lastKnownFileType = sourcecode.swift; name = Observer.swift; path = Sources/Observer.swift; sourceTree = SOURCE_ROOT; };
		EC8A99E01CABD9B50042A6AD /* Operation.swift */ = {isa = PBXFileReference; fileEncoding = 4; lastKnownFileType = sourcecode.swift; name = Operation.swift; path = Sources/Operation.swift; sourceTree = SOURCE_ROOT; };
		EC8A99E11CABD9B50042A6AD /* Property.swift */ = {isa = PBXFileReference; fileEncoding = 4; lastKnownFileType = sourcecode.swift; name = Property.swift; path = Sources/Property.swift; sourceTree = SOURCE_ROOT; };
		EC8A99E21CABD9B50042A6AD /* RawStream.swift */ = {isa = PBXFileReference; fileEncoding = 4; lastKnownFileType = sourcecode.swift; name = RawStream.swift; path = Sources/RawStream.swift; sourceTree = SOURCE_ROOT; };
		EC8A99E31CABD9B50042A6AD /* Stream.swift */ = {isa = PBXFileReference; fileEncoding = 4; lastKnownFileType = sourcecode.swift; name = Stream.swift; path = Sources/Stream.swift; sourceTree = SOURCE_ROOT; };
		EC8A99E41CABD9B50042A6AD /* Subjects.swift */ = {isa = PBXFileReference; fileEncoding = 4; lastKnownFileType = sourcecode.swift; name = Subjects.swift; path = Sources/Subjects.swift; sourceTree = SOURCE_ROOT; };
		EC8A99E51CABD9B50042A6AD /* System.swift */ = {isa = PBXFileReference; fileEncoding = 4; lastKnownFileType = sourcecode.swift; name = System.swift; path = Sources/System.swift; sourceTree = SOURCE_ROOT; };
		EC8A99E61CABD9B50042A6AD /* Threading.swift */ = {isa = PBXFileReference; fileEncoding = 4; lastKnownFileType = sourcecode.swift; name = Threading.swift; path = Sources/Threading.swift; sourceTree = SOURCE_ROOT; };
		EC8A9A171CABDA5F0042A6AD /* ArrayDiffTests.swift */ = {isa = PBXFileReference; lastKnownFileType = sourcecode.swift; name = ArrayDiffTests.swift; path = Tests/ArrayDiffTests.swift; sourceTree = SOURCE_ROOT; };
		EC8A9A181CABDA5F0042A6AD /* PerformanceTests.swift */ = {isa = PBXFileReference; lastKnownFileType = sourcecode.swift; name = PerformanceTests.swift; path = Tests/PerformanceTests.swift; sourceTree = SOURCE_ROOT; };
		ECBCCDD01BEB6B9A00723476 /* ReactiveKit.framework */ = {isa = PBXFileReference; explicitFileType = wrapper.framework; includeInIndex = 0; path = ReactiveKit.framework; sourceTree = BUILT_PRODUCTS_DIR; };
		ECBCCDD31BEB6B9A00723476 /* ReactiveKit.h */ = {isa = PBXFileReference; lastKnownFileType = sourcecode.c.h; lineEnding = 0; path = ReactiveKit.h; sourceTree = "<group>"; xcLanguageSpecificationIdentifier = xcode.lang.objcpp; };
		ECBCCDD51BEB6B9A00723476 /* Info.plist */ = {isa = PBXFileReference; lastKnownFileType = text.plist.xml; path = Info.plist; sourceTree = "<group>"; };
		ECBCCDDA1BEB6B9B00723476 /* ReactiveKit-iOSTests.xctest */ = {isa = PBXFileReference; explicitFileType = wrapper.cfbundle; includeInIndex = 0; path = "ReactiveKit-iOSTests.xctest"; sourceTree = BUILT_PRODUCTS_DIR; };
		ECBCCDE11BEB6B9B00723476 /* Info.plist */ = {isa = PBXFileReference; lastKnownFileType = text.plist.xml; path = Info.plist; sourceTree = "<group>"; };
/* End PBXFileReference section */

/* Begin PBXFrameworksBuildPhase section */
		16C33AF51BEFB72500A0DBE0 /* Frameworks */ = {
			isa = PBXFrameworksBuildPhase;
			buildActionMask = 2147483647;
			files = (
			);
			runOnlyForDeploymentPostprocessing = 0;
		};
		16C33B121BEFB9CB00A0DBE0 /* Frameworks */ = {
			isa = PBXFrameworksBuildPhase;
			buildActionMask = 2147483647;
			files = (
			);
			runOnlyForDeploymentPostprocessing = 0;
		};
		16C33B201BEFBA0100A0DBE0 /* Frameworks */ = {
			isa = PBXFrameworksBuildPhase;
			buildActionMask = 2147483647;
			files = (
			);
			runOnlyForDeploymentPostprocessing = 0;
		};
		ECBCCDCC1BEB6B9A00723476 /* Frameworks */ = {
			isa = PBXFrameworksBuildPhase;
			buildActionMask = 2147483647;
			files = (
			);
			runOnlyForDeploymentPostprocessing = 0;
		};
		ECBCCDD71BEB6B9B00723476 /* Frameworks */ = {
			isa = PBXFrameworksBuildPhase;
			buildActionMask = 2147483647;
			files = (
				ECBCCDDB1BEB6B9B00723476 /* ReactiveKit.framework in Frameworks */,
			);
			runOnlyForDeploymentPostprocessing = 0;
		};
/* End PBXFrameworksBuildPhase section */

/* Begin PBXGroup section */
		ECBCCDC61BEB6B9A00723476 = {
			isa = PBXGroup;
			children = (
				1671707F1BF4F64E001786CE /* README.md */,
				1671707E1BF4F62A001786CE /* ReactiveKit.podspec */,
				162CB7461CB451D200FB6375 /* Package.swift */,
				ECBCCDD21BEB6B9A00723476 /* ReactiveKit */,
				ECBCCDDE1BEB6B9B00723476 /* ReactiveKitTests */,
				ECBCCDD11BEB6B9A00723476 /* Products */,
			);
			sourceTree = "<group>";
		};
		ECBCCDD11BEB6B9A00723476 /* Products */ = {
			isa = PBXGroup;
			children = (
				ECBCCDD01BEB6B9A00723476 /* ReactiveKit.framework */,
				ECBCCDDA1BEB6B9B00723476 /* ReactiveKit-iOSTests.xctest */,
				16C33AF91BEFB72500A0DBE0 /* ReactiveKit.framework */,
				16C33B161BEFB9CB00A0DBE0 /* ReactiveKit.framework */,
				16C33B241BEFBA0100A0DBE0 /* ReactiveKit.framework */,
			);
			name = Products;
			sourceTree = "<group>";
		};
		ECBCCDD21BEB6B9A00723476 /* ReactiveKit */ = {
			isa = PBXGroup;
			children = (
				ECBCCDD51BEB6B9A00723476 /* Info.plist */,
				ECBCCDD31BEB6B9A00723476 /* ReactiveKit.h */,
				EC8A99DD1CABD9B50042A6AD /* Event.swift */,
				EC8A99DF1CABD9B50042A6AD /* Observer.swift */,
				EC8A99DC1CABD9B50042A6AD /* Disposable.swift */,
				EC8A99E21CABD9B50042A6AD /* RawStream.swift */,
				EC8A99E41CABD9B50042A6AD /* Subjects.swift */,
				EC8A99E01CABD9B50042A6AD /* Operation.swift */,
				EC8A99E31CABD9B50042A6AD /* Stream.swift */,
				EC8A99E11CABD9B50042A6AD /* Property.swift */,
				EC8A99DB1CABD9B50042A6AD /* CollectionProperty.swift */,
				EC8A99DE1CABD9B50042A6AD /* Foundation.swift */,
				EC8A99E51CABD9B50042A6AD /* System.swift */,
				EC8A99E61CABD9B50042A6AD /* Threading.swift */,
			);
			path = ReactiveKit;
			sourceTree = "<group>";
		};
		ECBCCDDE1BEB6B9B00723476 /* ReactiveKitTests */ = {
			isa = PBXGroup;
			children = (
				EC8A9A171CABDA5F0042A6AD /* ArrayDiffTests.swift */,
				EC8A9A181CABDA5F0042A6AD /* PerformanceTests.swift */,
				ECBCCDE11BEB6B9B00723476 /* Info.plist */,
			);
			path = ReactiveKitTests;
			sourceTree = "<group>";
		};
/* End PBXGroup section */

/* Begin PBXHeadersBuildPhase section */
		16C33AF61BEFB72500A0DBE0 /* Headers */ = {
			isa = PBXHeadersBuildPhase;
			buildActionMask = 2147483647;
			files = (
				16C33B851BEFBAC900A0DBE0 /* ReactiveKit.h in Headers */,
			);
			runOnlyForDeploymentPostprocessing = 0;
		};
		16C33B131BEFB9CB00A0DBE0 /* Headers */ = {
			isa = PBXHeadersBuildPhase;
			buildActionMask = 2147483647;
			files = (
				16C33B841BEFBAC900A0DBE0 /* ReactiveKit.h in Headers */,
			);
			runOnlyForDeploymentPostprocessing = 0;
		};
		16C33B211BEFBA0100A0DBE0 /* Headers */ = {
			isa = PBXHeadersBuildPhase;
			buildActionMask = 2147483647;
			files = (
				16C33B831BEFBAC800A0DBE0 /* ReactiveKit.h in Headers */,
			);
			runOnlyForDeploymentPostprocessing = 0;
		};
		ECBCCDCD1BEB6B9A00723476 /* Headers */ = {
			isa = PBXHeadersBuildPhase;
			buildActionMask = 2147483647;
			files = (
				ECBCCDD41BEB6B9A00723476 /* ReactiveKit.h in Headers */,
			);
			runOnlyForDeploymentPostprocessing = 0;
		};
/* End PBXHeadersBuildPhase section */

/* Begin PBXNativeTarget section */
		16C33AF81BEFB72500A0DBE0 /* ReactiveKit-tvOS */ = {
			isa = PBXNativeTarget;
			buildConfigurationList = 16C33B0E1BEFB72500A0DBE0 /* Build configuration list for PBXNativeTarget "ReactiveKit-tvOS" */;
			buildPhases = (
				16C33AF41BEFB72500A0DBE0 /* Sources */,
				16C33AF51BEFB72500A0DBE0 /* Frameworks */,
				16C33AF61BEFB72500A0DBE0 /* Headers */,
				16C33AF71BEFB72500A0DBE0 /* Resources */,
			);
			buildRules = (
			);
			dependencies = (
			);
			name = "ReactiveKit-tvOS";
			productName = "ReactiveKit-tvOS";
			productReference = 16C33AF91BEFB72500A0DBE0 /* ReactiveKit.framework */;
			productType = "com.apple.product-type.framework";
		};
		16C33B151BEFB9CB00A0DBE0 /* ReactiveKit-watchOS */ = {
			isa = PBXNativeTarget;
			buildConfigurationList = 16C33B1B1BEFB9CB00A0DBE0 /* Build configuration list for PBXNativeTarget "ReactiveKit-watchOS" */;
			buildPhases = (
				16C33B111BEFB9CB00A0DBE0 /* Sources */,
				16C33B121BEFB9CB00A0DBE0 /* Frameworks */,
				16C33B131BEFB9CB00A0DBE0 /* Headers */,
				16C33B141BEFB9CB00A0DBE0 /* Resources */,
			);
			buildRules = (
			);
			dependencies = (
			);
			name = "ReactiveKit-watchOS";
			productName = "ReactiveKit-watchOS";
			productReference = 16C33B161BEFB9CB00A0DBE0 /* ReactiveKit.framework */;
			productType = "com.apple.product-type.framework";
		};
		16C33B231BEFBA0100A0DBE0 /* ReactiveKit-OSX */ = {
			isa = PBXNativeTarget;
			buildConfigurationList = 16C33B291BEFBA0100A0DBE0 /* Build configuration list for PBXNativeTarget "ReactiveKit-OSX" */;
			buildPhases = (
				16C33B1F1BEFBA0100A0DBE0 /* Sources */,
				16C33B201BEFBA0100A0DBE0 /* Frameworks */,
				16C33B211BEFBA0100A0DBE0 /* Headers */,
				16C33B221BEFBA0100A0DBE0 /* Resources */,
			);
			buildRules = (
			);
			dependencies = (
			);
			name = "ReactiveKit-OSX";
			productName = "ReactiveKit-OSX";
			productReference = 16C33B241BEFBA0100A0DBE0 /* ReactiveKit.framework */;
			productType = "com.apple.product-type.framework";
		};
		ECBCCDCF1BEB6B9A00723476 /* ReactiveKit-iOS */ = {
			isa = PBXNativeTarget;
			buildConfigurationList = ECBCCDE41BEB6B9B00723476 /* Build configuration list for PBXNativeTarget "ReactiveKit-iOS" */;
			buildPhases = (
				ECBCCDCB1BEB6B9A00723476 /* Sources */,
				ECBCCDCC1BEB6B9A00723476 /* Frameworks */,
				ECBCCDCD1BEB6B9A00723476 /* Headers */,
				ECBCCDCE1BEB6B9A00723476 /* Resources */,
			);
			buildRules = (
			);
			dependencies = (
			);
			name = "ReactiveKit-iOS";
			productName = ReactiveKit;
			productReference = ECBCCDD01BEB6B9A00723476 /* ReactiveKit.framework */;
			productType = "com.apple.product-type.framework";
		};
		ECBCCDD91BEB6B9B00723476 /* ReactiveKit-iOSTests */ = {
			isa = PBXNativeTarget;
			buildConfigurationList = ECBCCDE71BEB6B9B00723476 /* Build configuration list for PBXNativeTarget "ReactiveKit-iOSTests" */;
			buildPhases = (
				ECBCCDD61BEB6B9B00723476 /* Sources */,
				ECBCCDD71BEB6B9B00723476 /* Frameworks */,
				ECBCCDD81BEB6B9B00723476 /* Resources */,
			);
			buildRules = (
			);
			dependencies = (
				ECBCCDDD1BEB6B9B00723476 /* PBXTargetDependency */,
			);
			name = "ReactiveKit-iOSTests";
			productName = ReactiveKitTests;
			productReference = ECBCCDDA1BEB6B9B00723476 /* ReactiveKit-iOSTests.xctest */;
			productType = "com.apple.product-type.bundle.unit-test";
		};
/* End PBXNativeTarget section */

/* Begin PBXProject section */
		ECBCCDC71BEB6B9A00723476 /* Project object */ = {
			isa = PBXProject;
			attributes = {
				LastSwiftUpdateCheck = 0730;
				LastUpgradeCheck = 0710;
				ORGANIZATIONNAME = "Srdan Rasic";
				TargetAttributes = {
					16C33AF81BEFB72500A0DBE0 = {
						CreatedOnToolsVersion = 7.1;
					};
					16C33B151BEFB9CB00A0DBE0 = {
						CreatedOnToolsVersion = 7.1;
					};
					16C33B231BEFBA0100A0DBE0 = {
						CreatedOnToolsVersion = 7.1;
					};
					ECBCCDCF1BEB6B9A00723476 = {
						CreatedOnToolsVersion = 7.1;
					};
					ECBCCDD91BEB6B9B00723476 = {
						CreatedOnToolsVersion = 7.1;
					};
				};
			};
			buildConfigurationList = ECBCCDCA1BEB6B9A00723476 /* Build configuration list for PBXProject "ReactiveKit" */;
			compatibilityVersion = "Xcode 3.2";
			developmentRegion = English;
			hasScannedForEncodings = 0;
			knownRegions = (
				en,
			);
			mainGroup = ECBCCDC61BEB6B9A00723476;
			productRefGroup = ECBCCDD11BEB6B9A00723476 /* Products */;
			projectDirPath = "";
			projectRoot = "";
			targets = (
				ECBCCDCF1BEB6B9A00723476 /* ReactiveKit-iOS */,
				16C33AF81BEFB72500A0DBE0 /* ReactiveKit-tvOS */,
				16C33B151BEFB9CB00A0DBE0 /* ReactiveKit-watchOS */,
				16C33B231BEFBA0100A0DBE0 /* ReactiveKit-OSX */,
				ECBCCDD91BEB6B9B00723476 /* ReactiveKit-iOSTests */,
			);
		};
/* End PBXProject section */

/* Begin PBXResourcesBuildPhase section */
		16C33AF71BEFB72500A0DBE0 /* Resources */ = {
			isa = PBXResourcesBuildPhase;
			buildActionMask = 2147483647;
			files = (
			);
			runOnlyForDeploymentPostprocessing = 0;
		};
		16C33B141BEFB9CB00A0DBE0 /* Resources */ = {
			isa = PBXResourcesBuildPhase;
			buildActionMask = 2147483647;
			files = (
			);
			runOnlyForDeploymentPostprocessing = 0;
		};
		16C33B221BEFBA0100A0DBE0 /* Resources */ = {
			isa = PBXResourcesBuildPhase;
			buildActionMask = 2147483647;
			files = (
			);
			runOnlyForDeploymentPostprocessing = 0;
		};
		ECBCCDCE1BEB6B9A00723476 /* Resources */ = {
			isa = PBXResourcesBuildPhase;
			buildActionMask = 2147483647;
			files = (
			);
			runOnlyForDeploymentPostprocessing = 0;
		};
		ECBCCDD81BEB6B9B00723476 /* Resources */ = {
			isa = PBXResourcesBuildPhase;
			buildActionMask = 2147483647;
			files = (
			);
			runOnlyForDeploymentPostprocessing = 0;
		};
/* End PBXResourcesBuildPhase section */

/* Begin PBXSourcesBuildPhase section */
		16C33AF41BEFB72500A0DBE0 /* Sources */ = {
			isa = PBXSourcesBuildPhase;
			buildActionMask = 2147483647;
			files = (
				EC8A9A041CABD9B50042A6AD /* RawStream.swift in Sources */,
				EC8A9A001CABD9B50042A6AD /* Property.swift in Sources */,
				EC8A99E81CABD9B50042A6AD /* CollectionProperty.swift in Sources */,
				EC8A99F81CABD9B50042A6AD /* Observer.swift in Sources */,
				EC8A9A141CABD9B50042A6AD /* Threading.swift in Sources */,
				EC8A9A0C1CABD9B50042A6AD /* Subjects.swift in Sources */,
				EC8A99F01CABD9B50042A6AD /* Event.swift in Sources */,
				EC8A99F41CABD9B50042A6AD /* Foundation.swift in Sources */,
				EC8A99EC1CABD9B50042A6AD /* Disposable.swift in Sources */,
				EC8A9A081CABD9B50042A6AD /* Stream.swift in Sources */,
				EC8A99FC1CABD9B50042A6AD /* Operation.swift in Sources */,
				EC8A9A101CABD9B50042A6AD /* System.swift in Sources */,
			);
			runOnlyForDeploymentPostprocessing = 0;
		};
		16C33B111BEFB9CB00A0DBE0 /* Sources */ = {
			isa = PBXSourcesBuildPhase;
			buildActionMask = 2147483647;
			files = (
				EC8A9A051CABD9B50042A6AD /* RawStream.swift in Sources */,
				EC8A9A011CABD9B50042A6AD /* Property.swift in Sources */,
				EC8A99E91CABD9B50042A6AD /* CollectionProperty.swift in Sources */,
				EC8A99F91CABD9B50042A6AD /* Observer.swift in Sources */,
				EC8A9A151CABD9B50042A6AD /* Threading.swift in Sources */,
				EC8A9A0D1CABD9B50042A6AD /* Subjects.swift in Sources */,
				EC8A99F11CABD9B50042A6AD /* Event.swift in Sources */,
				EC8A99F51CABD9B50042A6AD /* Foundation.swift in Sources */,
				EC8A99ED1CABD9B50042A6AD /* Disposable.swift in Sources */,
				EC8A9A091CABD9B50042A6AD /* Stream.swift in Sources */,
				EC8A99FD1CABD9B50042A6AD /* Operation.swift in Sources */,
				EC8A9A111CABD9B50042A6AD /* System.swift in Sources */,
			);
			runOnlyForDeploymentPostprocessing = 0;
		};
		16C33B1F1BEFBA0100A0DBE0 /* Sources */ = {
			isa = PBXSourcesBuildPhase;
			buildActionMask = 2147483647;
			files = (
				EC8A9A061CABD9B50042A6AD /* RawStream.swift in Sources */,
				EC8A9A021CABD9B50042A6AD /* Property.swift in Sources */,
				EC8A99EA1CABD9B50042A6AD /* CollectionProperty.swift in Sources */,
				EC8A99FA1CABD9B50042A6AD /* Observer.swift in Sources */,
				EC8A9A161CABD9B50042A6AD /* Threading.swift in Sources */,
				EC8A9A0E1CABD9B50042A6AD /* Subjects.swift in Sources */,
				EC8A99F21CABD9B50042A6AD /* Event.swift in Sources */,
				EC8A99F61CABD9B50042A6AD /* Foundation.swift in Sources */,
				EC8A99EE1CABD9B50042A6AD /* Disposable.swift in Sources */,
				EC8A9A0A1CABD9B50042A6AD /* Stream.swift in Sources */,
				EC8A99FE1CABD9B50042A6AD /* Operation.swift in Sources */,
				EC8A9A121CABD9B50042A6AD /* System.swift in Sources */,
			);
			runOnlyForDeploymentPostprocessing = 0;
		};
		ECBCCDCB1BEB6B9A00723476 /* Sources */ = {
			isa = PBXSourcesBuildPhase;
			buildActionMask = 2147483647;
			files = (
				EC8A9A031CABD9B50042A6AD /* RawStream.swift in Sources */,
				EC8A99FF1CABD9B50042A6AD /* Property.swift in Sources */,
				EC8A99E71CABD9B50042A6AD /* CollectionProperty.swift in Sources */,
				EC8A99F71CABD9B50042A6AD /* Observer.swift in Sources */,
				EC8A9A131CABD9B50042A6AD /* Threading.swift in Sources */,
				EC8A9A0B1CABD9B50042A6AD /* Subjects.swift in Sources */,
				EC8A99EF1CABD9B50042A6AD /* Event.swift in Sources */,
				EC8A99F31CABD9B50042A6AD /* Foundation.swift in Sources */,
				EC8A99EB1CABD9B50042A6AD /* Disposable.swift in Sources */,
				EC8A9A071CABD9B50042A6AD /* Stream.swift in Sources */,
				EC8A99FB1CABD9B50042A6AD /* Operation.swift in Sources */,
				EC8A9A0F1CABD9B50042A6AD /* System.swift in Sources */,
			);
			runOnlyForDeploymentPostprocessing = 0;
		};
		ECBCCDD61BEB6B9B00723476 /* Sources */ = {
			isa = PBXSourcesBuildPhase;
			buildActionMask = 2147483647;
			files = (
				EC8A9A191CABDA830042A6AD /* ArrayDiffTests.swift in Sources */,
				EC8A9A1A1CABDA830042A6AD /* PerformanceTests.swift in Sources */,
			);
			runOnlyForDeploymentPostprocessing = 0;
		};
/* End PBXSourcesBuildPhase section */

/* Begin PBXTargetDependency section */
		ECBCCDDD1BEB6B9B00723476 /* PBXTargetDependency */ = {
			isa = PBXTargetDependency;
			target = ECBCCDCF1BEB6B9A00723476 /* ReactiveKit-iOS */;
			targetProxy = ECBCCDDC1BEB6B9B00723476 /* PBXContainerItemProxy */;
		};
/* End PBXTargetDependency section */

/* Begin XCBuildConfiguration section */
		16C33B0A1BEFB72500A0DBE0 /* Debug */ = {
			isa = XCBuildConfiguration;
			buildSettings = {
				CLANG_ENABLE_MODULES = YES;
				DEFINES_MODULE = YES;
				DYLIB_COMPATIBILITY_VERSION = 1;
				DYLIB_CURRENT_VERSION = 1;
				DYLIB_INSTALL_NAME_BASE = "@rpath";
				INFOPLIST_FILE = ReactiveKit/Info.plist;
				INSTALL_PATH = "$(LOCAL_LIBRARY_DIR)/Frameworks";
				LD_RUNPATH_SEARCH_PATHS = "$(inherited) @executable_path/Frameworks @loader_path/Frameworks";
				PRODUCT_BUNDLE_IDENTIFIER = ReactiveKit.ReactiveKit;
				PRODUCT_NAME = ReactiveKit;
				SDKROOT = appletvos;
				SKIP_INSTALL = YES;
				SWIFT_OPTIMIZATION_LEVEL = "-Onone";
				TARGETED_DEVICE_FAMILY = 3;
				TVOS_DEPLOYMENT_TARGET = 9.0;
			};
			name = Debug;
		};
		16C33B0B1BEFB72500A0DBE0 /* Release */ = {
			isa = XCBuildConfiguration;
			buildSettings = {
				CLANG_ENABLE_MODULES = YES;
				DEFINES_MODULE = YES;
				DYLIB_COMPATIBILITY_VERSION = 1;
				DYLIB_CURRENT_VERSION = 1;
				DYLIB_INSTALL_NAME_BASE = "@rpath";
				INFOPLIST_FILE = ReactiveKit/Info.plist;
				INSTALL_PATH = "$(LOCAL_LIBRARY_DIR)/Frameworks";
				LD_RUNPATH_SEARCH_PATHS = "$(inherited) @executable_path/Frameworks @loader_path/Frameworks";
				PRODUCT_BUNDLE_IDENTIFIER = ReactiveKit.ReactiveKit;
				PRODUCT_NAME = ReactiveKit;
				SDKROOT = appletvos;
				SKIP_INSTALL = YES;
				TARGETED_DEVICE_FAMILY = 3;
				TVOS_DEPLOYMENT_TARGET = 9.0;
			};
			name = Release;
		};
		16C33B1C1BEFB9CB00A0DBE0 /* Debug */ = {
			isa = XCBuildConfiguration;
			buildSettings = {
				APPLICATION_EXTENSION_API_ONLY = YES;
				CLANG_ENABLE_MODULES = YES;
				DEFINES_MODULE = YES;
				DYLIB_COMPATIBILITY_VERSION = 1;
				DYLIB_CURRENT_VERSION = 1;
				DYLIB_INSTALL_NAME_BASE = "@rpath";
				INFOPLIST_FILE = ReactiveKit/Info.plist;
				INSTALL_PATH = "$(LOCAL_LIBRARY_DIR)/Frameworks";
				LD_RUNPATH_SEARCH_PATHS = "$(inherited) @executable_path/Frameworks @loader_path/Frameworks";
				PRODUCT_BUNDLE_IDENTIFIER = ReactiveKit.ReactiveKit;
				PRODUCT_NAME = ReactiveKit;
				SDKROOT = watchos;
				SKIP_INSTALL = YES;
				SWIFT_OPTIMIZATION_LEVEL = "-Onone";
				TARGETED_DEVICE_FAMILY = 4;
				WATCHOS_DEPLOYMENT_TARGET = 2.0;
			};
			name = Debug;
		};
		16C33B1D1BEFB9CB00A0DBE0 /* Release */ = {
			isa = XCBuildConfiguration;
			buildSettings = {
				APPLICATION_EXTENSION_API_ONLY = YES;
				CLANG_ENABLE_MODULES = YES;
				DEFINES_MODULE = YES;
				DYLIB_COMPATIBILITY_VERSION = 1;
				DYLIB_CURRENT_VERSION = 1;
				DYLIB_INSTALL_NAME_BASE = "@rpath";
				INFOPLIST_FILE = ReactiveKit/Info.plist;
				INSTALL_PATH = "$(LOCAL_LIBRARY_DIR)/Frameworks";
				LD_RUNPATH_SEARCH_PATHS = "$(inherited) @executable_path/Frameworks @loader_path/Frameworks";
				PRODUCT_BUNDLE_IDENTIFIER = ReactiveKit.ReactiveKit;
				PRODUCT_NAME = ReactiveKit;
				SDKROOT = watchos;
				SKIP_INSTALL = YES;
				TARGETED_DEVICE_FAMILY = 4;
				WATCHOS_DEPLOYMENT_TARGET = 2.0;
			};
			name = Release;
		};
		16C33B2A1BEFBA0100A0DBE0 /* Debug */ = {
			isa = XCBuildConfiguration;
			buildSettings = {
				CLANG_ENABLE_MODULES = YES;
				COMBINE_HIDPI_IMAGES = YES;
				DEFINES_MODULE = YES;
				DYLIB_COMPATIBILITY_VERSION = 1;
				DYLIB_CURRENT_VERSION = 1;
				DYLIB_INSTALL_NAME_BASE = "@rpath";
				FRAMEWORK_VERSION = A;
				INFOPLIST_FILE = ReactiveKit/Info.plist;
				INSTALL_PATH = "$(LOCAL_LIBRARY_DIR)/Frameworks";
				LD_RUNPATH_SEARCH_PATHS = "$(inherited) @executable_path/../Frameworks @loader_path/Frameworks";
				PRODUCT_BUNDLE_IDENTIFIER = ReactiveKit.ReactiveKit;
				PRODUCT_NAME = ReactiveKit;
				SDKROOT = macosx;
				SKIP_INSTALL = YES;
				SWIFT_OPTIMIZATION_LEVEL = "-Onone";
			};
			name = Debug;
		};
		16C33B2B1BEFBA0100A0DBE0 /* Release */ = {
			isa = XCBuildConfiguration;
			buildSettings = {
				CLANG_ENABLE_MODULES = YES;
				COMBINE_HIDPI_IMAGES = YES;
				DEFINES_MODULE = YES;
				DYLIB_COMPATIBILITY_VERSION = 1;
				DYLIB_CURRENT_VERSION = 1;
				DYLIB_INSTALL_NAME_BASE = "@rpath";
				FRAMEWORK_VERSION = A;
				INFOPLIST_FILE = ReactiveKit/Info.plist;
				INSTALL_PATH = "$(LOCAL_LIBRARY_DIR)/Frameworks";
				LD_RUNPATH_SEARCH_PATHS = "$(inherited) @executable_path/../Frameworks @loader_path/Frameworks";
				PRODUCT_BUNDLE_IDENTIFIER = ReactiveKit.ReactiveKit;
				PRODUCT_NAME = ReactiveKit;
				SDKROOT = macosx;
				SKIP_INSTALL = YES;
			};
			name = Release;
		};
		ECBCCDE21BEB6B9B00723476 /* Debug */ = {
			isa = XCBuildConfiguration;
			buildSettings = {
				ALWAYS_SEARCH_USER_PATHS = NO;
				CLANG_CXX_LANGUAGE_STANDARD = "gnu++0x";
				CLANG_CXX_LIBRARY = "libc++";
				CLANG_ENABLE_MODULES = YES;
				CLANG_ENABLE_OBJC_ARC = YES;
				CLANG_WARN_BOOL_CONVERSION = YES;
				CLANG_WARN_CONSTANT_CONVERSION = YES;
				CLANG_WARN_DIRECT_OBJC_ISA_USAGE = YES_ERROR;
				CLANG_WARN_EMPTY_BODY = YES;
				CLANG_WARN_ENUM_CONVERSION = YES;
				CLANG_WARN_INT_CONVERSION = YES;
				CLANG_WARN_OBJC_ROOT_CLASS = YES_ERROR;
				CLANG_WARN_UNREACHABLE_CODE = YES;
				CLANG_WARN__DUPLICATE_METHOD_MATCH = YES;
				"CODE_SIGN_IDENTITY[sdk=iphoneos*]" = "iPhone Developer";
				COPY_PHASE_STRIP = NO;
				CURRENT_PROJECT_VERSION = 1;
				DEBUG_INFORMATION_FORMAT = dwarf;
				ENABLE_STRICT_OBJC_MSGSEND = YES;
				ENABLE_TESTABILITY = YES;
				GCC_C_LANGUAGE_STANDARD = gnu99;
				GCC_DYNAMIC_NO_PIC = NO;
				GCC_NO_COMMON_BLOCKS = YES;
				GCC_OPTIMIZATION_LEVEL = 0;
				GCC_PREPROCESSOR_DEFINITIONS = (
					"DEBUG=1",
					"$(inherited)",
				);
				GCC_WARN_64_TO_32_BIT_CONVERSION = YES;
				GCC_WARN_ABOUT_RETURN_TYPE = YES_ERROR;
				GCC_WARN_UNDECLARED_SELECTOR = YES;
				GCC_WARN_UNINITIALIZED_AUTOS = YES_AGGRESSIVE;
				GCC_WARN_UNUSED_FUNCTION = YES;
				GCC_WARN_UNUSED_VARIABLE = YES;
				IPHONEOS_DEPLOYMENT_TARGET = 8.0;
				MACOSX_DEPLOYMENT_TARGET = 10.10;
				MTL_ENABLE_DEBUG_INFO = YES;
				ONLY_ACTIVE_ARCH = YES;
				SDKROOT = iphoneos;
				SWIFT_OPTIMIZATION_LEVEL = "-Onone";
				TARGETED_DEVICE_FAMILY = "1,2";
				VERSIONING_SYSTEM = "apple-generic";
				VERSION_INFO_PREFIX = "";
			};
			name = Debug;
		};
		ECBCCDE31BEB6B9B00723476 /* Release */ = {
			isa = XCBuildConfiguration;
			buildSettings = {
				ALWAYS_SEARCH_USER_PATHS = NO;
				CLANG_CXX_LANGUAGE_STANDARD = "gnu++0x";
				CLANG_CXX_LIBRARY = "libc++";
				CLANG_ENABLE_MODULES = YES;
				CLANG_ENABLE_OBJC_ARC = YES;
				CLANG_WARN_BOOL_CONVERSION = YES;
				CLANG_WARN_CONSTANT_CONVERSION = YES;
				CLANG_WARN_DIRECT_OBJC_ISA_USAGE = YES_ERROR;
				CLANG_WARN_EMPTY_BODY = YES;
				CLANG_WARN_ENUM_CONVERSION = YES;
				CLANG_WARN_INT_CONVERSION = YES;
				CLANG_WARN_OBJC_ROOT_CLASS = YES_ERROR;
				CLANG_WARN_UNREACHABLE_CODE = YES;
				CLANG_WARN__DUPLICATE_METHOD_MATCH = YES;
				"CODE_SIGN_IDENTITY[sdk=iphoneos*]" = "iPhone Developer";
				COPY_PHASE_STRIP = NO;
				CURRENT_PROJECT_VERSION = 1;
				DEBUG_INFORMATION_FORMAT = "dwarf-with-dsym";
				ENABLE_NS_ASSERTIONS = NO;
				ENABLE_STRICT_OBJC_MSGSEND = YES;
				GCC_C_LANGUAGE_STANDARD = gnu99;
				GCC_NO_COMMON_BLOCKS = YES;
				GCC_WARN_64_TO_32_BIT_CONVERSION = YES;
				GCC_WARN_ABOUT_RETURN_TYPE = YES_ERROR;
				GCC_WARN_UNDECLARED_SELECTOR = YES;
				GCC_WARN_UNINITIALIZED_AUTOS = YES_AGGRESSIVE;
				GCC_WARN_UNUSED_FUNCTION = YES;
				GCC_WARN_UNUSED_VARIABLE = YES;
				IPHONEOS_DEPLOYMENT_TARGET = 8.0;
				MACOSX_DEPLOYMENT_TARGET = 10.10;
				MTL_ENABLE_DEBUG_INFO = NO;
				SDKROOT = iphoneos;
				TARGETED_DEVICE_FAMILY = "1,2";
				VALIDATE_PRODUCT = YES;
				VERSIONING_SYSTEM = "apple-generic";
				VERSION_INFO_PREFIX = "";
			};
			name = Release;
		};
		ECBCCDE51BEB6B9B00723476 /* Debug */ = {
			isa = XCBuildConfiguration;
			buildSettings = {
				CLANG_ENABLE_MODULES = YES;
				DEFINES_MODULE = YES;
				DYLIB_COMPATIBILITY_VERSION = 1;
				DYLIB_CURRENT_VERSION = 1;
				DYLIB_INSTALL_NAME_BASE = "@rpath";
				INFOPLIST_FILE = ReactiveKit/Info.plist;
				INSTALL_PATH = "$(LOCAL_LIBRARY_DIR)/Frameworks";
				LD_RUNPATH_SEARCH_PATHS = "$(inherited) @executable_path/Frameworks @loader_path/Frameworks";
				PRODUCT_BUNDLE_IDENTIFIER = ReactiveKit.ReactiveKit;
				PRODUCT_NAME = ReactiveKit;
				SKIP_INSTALL = YES;
				SWIFT_OPTIMIZATION_LEVEL = "-Onone";
			};
			name = Debug;
		};
		ECBCCDE61BEB6B9B00723476 /* Release */ = {
			isa = XCBuildConfiguration;
			buildSettings = {
				CLANG_ENABLE_MODULES = YES;
				DEFINES_MODULE = YES;
				DYLIB_COMPATIBILITY_VERSION = 1;
				DYLIB_CURRENT_VERSION = 1;
				DYLIB_INSTALL_NAME_BASE = "@rpath";
				INFOPLIST_FILE = ReactiveKit/Info.plist;
				INSTALL_PATH = "$(LOCAL_LIBRARY_DIR)/Frameworks";
				LD_RUNPATH_SEARCH_PATHS = "$(inherited) @executable_path/Frameworks @loader_path/Frameworks";
				PRODUCT_BUNDLE_IDENTIFIER = ReactiveKit.ReactiveKit;
				PRODUCT_NAME = ReactiveKit;
				SKIP_INSTALL = YES;
			};
			name = Release;
		};
		ECBCCDE81BEB6B9B00723476 /* Debug */ = {
			isa = XCBuildConfiguration;
			buildSettings = {
				INFOPLIST_FILE = ReactiveKitTests/Info.plist;
				LD_RUNPATH_SEARCH_PATHS = "$(inherited) @executable_path/Frameworks @loader_path/Frameworks";
				PRODUCT_BUNDLE_IDENTIFIER = "Srdan-Rasic.ReactiveKitTests";
				PRODUCT_NAME = "$(TARGET_NAME)";
			};
			name = Debug;
		};
		ECBCCDE91BEB6B9B00723476 /* Release */ = {
			isa = XCBuildConfiguration;
			buildSettings = {
				INFOPLIST_FILE = ReactiveKitTests/Info.plist;
				LD_RUNPATH_SEARCH_PATHS = "$(inherited) @executable_path/Frameworks @loader_path/Frameworks";
				PRODUCT_BUNDLE_IDENTIFIER = "Srdan-Rasic.ReactiveKitTests";
				PRODUCT_NAME = "$(TARGET_NAME)";
			};
			name = Release;
		};
/* End XCBuildConfiguration section */

/* Begin XCConfigurationList section */
		16C33B0E1BEFB72500A0DBE0 /* Build configuration list for PBXNativeTarget "ReactiveKit-tvOS" */ = {
			isa = XCConfigurationList;
			buildConfigurations = (
				16C33B0A1BEFB72500A0DBE0 /* Debug */,
				16C33B0B1BEFB72500A0DBE0 /* Release */,
			);
			defaultConfigurationIsVisible = 0;
			defaultConfigurationName = Release;
		};
		16C33B1B1BEFB9CB00A0DBE0 /* Build configuration list for PBXNativeTarget "ReactiveKit-watchOS" */ = {
			isa = XCConfigurationList;
			buildConfigurations = (
				16C33B1C1BEFB9CB00A0DBE0 /* Debug */,
				16C33B1D1BEFB9CB00A0DBE0 /* Release */,
			);
			defaultConfigurationIsVisible = 0;
			defaultConfigurationName = Release;
		};
		16C33B291BEFBA0100A0DBE0 /* Build configuration list for PBXNativeTarget "ReactiveKit-OSX" */ = {
			isa = XCConfigurationList;
			buildConfigurations = (
				16C33B2A1BEFBA0100A0DBE0 /* Debug */,
				16C33B2B1BEFBA0100A0DBE0 /* Release */,
			);
			defaultConfigurationIsVisible = 0;
			defaultConfigurationName = Release;
		};
		ECBCCDCA1BEB6B9A00723476 /* Build configuration list for PBXProject "ReactiveKit" */ = {
			isa = XCConfigurationList;
			buildConfigurations = (
				ECBCCDE21BEB6B9B00723476 /* Debug */,
				ECBCCDE31BEB6B9B00723476 /* Release */,
			);
			defaultConfigurationIsVisible = 0;
			defaultConfigurationName = Release;
		};
		ECBCCDE41BEB6B9B00723476 /* Build configuration list for PBXNativeTarget "ReactiveKit-iOS" */ = {
			isa = XCConfigurationList;
			buildConfigurations = (
				ECBCCDE51BEB6B9B00723476 /* Debug */,
				ECBCCDE61BEB6B9B00723476 /* Release */,
			);
			defaultConfigurationIsVisible = 0;
			defaultConfigurationName = Release;
		};
		ECBCCDE71BEB6B9B00723476 /* Build configuration list for PBXNativeTarget "ReactiveKit-iOSTests" */ = {
			isa = XCConfigurationList;
			buildConfigurations = (
				ECBCCDE81BEB6B9B00723476 /* Debug */,
				ECBCCDE91BEB6B9B00723476 /* Release */,
			);
			defaultConfigurationIsVisible = 0;
			defaultConfigurationName = Release;
		};
/* End XCConfigurationList section */
	};
	rootObject = ECBCCDC71BEB6B9A00723476 /* Project object */;
}
