// !$*UTF8*$!
{
	archiveVersion = 1;
	classes = {
	};
	objectVersion = 46;
	objects = {

/* Begin PBXBuildFile section */
		16299CB51D280C4000C7C570 /* Result.swift in Sources */ = {isa = PBXBuildFile; fileRef = ECCC81C51CDF4D5900019ECF /* Result.swift */; };
		16299CB61D280C4000C7C570 /* Result.swift in Sources */ = {isa = PBXBuildFile; fileRef = ECCC81C51CDF4D5900019ECF /* Result.swift */; };
		16299CB71D280C4100C7C570 /* Result.swift in Sources */ = {isa = PBXBuildFile; fileRef = ECCC81C51CDF4D5900019ECF /* Result.swift */; };
		16299CB81D280C4100C7C570 /* Result.swift in Sources */ = {isa = PBXBuildFile; fileRef = ECCC81C51CDF4D5900019ECF /* Result.swift */; };
		164189781D2C4E71001D3881 /* Optional.swift in Sources */ = {isa = PBXBuildFile; fileRef = 164189771D2C4E71001D3881 /* Optional.swift */; };
		164189791D2C4E71001D3881 /* Optional.swift in Sources */ = {isa = PBXBuildFile; fileRef = 164189771D2C4E71001D3881 /* Optional.swift */; };
		1641897A1D2C4E71001D3881 /* Optional.swift in Sources */ = {isa = PBXBuildFile; fileRef = 164189771D2C4E71001D3881 /* Optional.swift */; };
		1641897B1D2C4E71001D3881 /* Optional.swift in Sources */ = {isa = PBXBuildFile; fileRef = 164189771D2C4E71001D3881 /* Optional.swift */; };
		165EBE321D27F8BC000E68C8 /* Event.swift in Sources */ = {isa = PBXBuildFile; fileRef = 165EBE311D27F8BC000E68C8 /* Event.swift */; };
		165EBE331D27F8BC000E68C8 /* Event.swift in Sources */ = {isa = PBXBuildFile; fileRef = 165EBE311D27F8BC000E68C8 /* Event.swift */; };
		165EBE341D27F8BC000E68C8 /* Event.swift in Sources */ = {isa = PBXBuildFile; fileRef = 165EBE311D27F8BC000E68C8 /* Event.swift */; };
		165EBE351D27F8BC000E68C8 /* Event.swift in Sources */ = {isa = PBXBuildFile; fileRef = 165EBE311D27F8BC000E68C8 /* Event.swift */; };
		165EBE3F1D27FAE9000E68C8 /* Observer.swift in Sources */ = {isa = PBXBuildFile; fileRef = EC8A99DF1CABD9B50042A6AD /* Observer.swift */; };
		165EBE401D27FAEA000E68C8 /* Observer.swift in Sources */ = {isa = PBXBuildFile; fileRef = EC8A99DF1CABD9B50042A6AD /* Observer.swift */; };
		165EBE411D27FAEB000E68C8 /* Observer.swift in Sources */ = {isa = PBXBuildFile; fileRef = EC8A99DF1CABD9B50042A6AD /* Observer.swift */; };
		165EBE421D27FAEC000E68C8 /* Observer.swift in Sources */ = {isa = PBXBuildFile; fileRef = EC8A99DF1CABD9B50042A6AD /* Observer.swift */; };
		165EBE431D27FE75000E68C8 /* Disposable.swift in Sources */ = {isa = PBXBuildFile; fileRef = EC8A99DC1CABD9B50042A6AD /* Disposable.swift */; };
		165EBE441D27FE76000E68C8 /* Disposable.swift in Sources */ = {isa = PBXBuildFile; fileRef = EC8A99DC1CABD9B50042A6AD /* Disposable.swift */; };
		165EBE451D27FE76000E68C8 /* Disposable.swift in Sources */ = {isa = PBXBuildFile; fileRef = EC8A99DC1CABD9B50042A6AD /* Disposable.swift */; };
		165EBE461D27FE76000E68C8 /* Disposable.swift in Sources */ = {isa = PBXBuildFile; fileRef = EC8A99DC1CABD9B50042A6AD /* Disposable.swift */; };
		165EBE471D27FE8D000E68C8 /* ExecutionContext.swift in Sources */ = {isa = PBXBuildFile; fileRef = EC8A99E61CABD9B50042A6AD /* ExecutionContext.swift */; };
		165EBE481D27FE8E000E68C8 /* ExecutionContext.swift in Sources */ = {isa = PBXBuildFile; fileRef = EC8A99E61CABD9B50042A6AD /* ExecutionContext.swift */; };
		165EBE491D27FE8F000E68C8 /* ExecutionContext.swift in Sources */ = {isa = PBXBuildFile; fileRef = EC8A99E61CABD9B50042A6AD /* ExecutionContext.swift */; };
		165EBE4A1D27FE90000E68C8 /* ExecutionContext.swift in Sources */ = {isa = PBXBuildFile; fileRef = EC8A99E61CABD9B50042A6AD /* ExecutionContext.swift */; };
		165EBE511D280028000E68C8 /* SignalProtocol.swift in Sources */ = {isa = PBXBuildFile; fileRef = 165EBE501D280028000E68C8 /* SignalProtocol.swift */; };
		165EBE521D280028000E68C8 /* SignalProtocol.swift in Sources */ = {isa = PBXBuildFile; fileRef = 165EBE501D280028000E68C8 /* SignalProtocol.swift */; };
		165EBE531D280028000E68C8 /* SignalProtocol.swift in Sources */ = {isa = PBXBuildFile; fileRef = 165EBE501D280028000E68C8 /* SignalProtocol.swift */; };
		165EBE541D280028000E68C8 /* SignalProtocol.swift in Sources */ = {isa = PBXBuildFile; fileRef = 165EBE501D280028000E68C8 /* SignalProtocol.swift */; };
		165EBE5B1D2804FF000E68C8 /* Signal.swift in Sources */ = {isa = PBXBuildFile; fileRef = 165EBE5A1D2804FF000E68C8 /* Signal.swift */; };
		165EBE5C1D2804FF000E68C8 /* Signal.swift in Sources */ = {isa = PBXBuildFile; fileRef = 165EBE5A1D2804FF000E68C8 /* Signal.swift */; };
		165EBE5D1D2804FF000E68C8 /* Signal.swift in Sources */ = {isa = PBXBuildFile; fileRef = 165EBE5A1D2804FF000E68C8 /* Signal.swift */; };
		165EBE5E1D2804FF000E68C8 /* Signal.swift in Sources */ = {isa = PBXBuildFile; fileRef = 165EBE5A1D2804FF000E68C8 /* Signal.swift */; };
		16886A1B1D3168E000D83E39 /* Connectable.swift in Sources */ = {isa = PBXBuildFile; fileRef = 16886A191D3168E000D83E39 /* Connectable.swift */; };
		16886A1C1D3168E000D83E39 /* Connectable.swift in Sources */ = {isa = PBXBuildFile; fileRef = 16886A191D3168E000D83E39 /* Connectable.swift */; };
		16886A1D1D3168E000D83E39 /* Connectable.swift in Sources */ = {isa = PBXBuildFile; fileRef = 16886A191D3168E000D83E39 /* Connectable.swift */; };
		16886A1E1D31699E00D83E39 /* Subjects.swift in Sources */ = {isa = PBXBuildFile; fileRef = EC8A99E41CABD9B50042A6AD /* Subjects.swift */; };
		16886A1F1D31699F00D83E39 /* Subjects.swift in Sources */ = {isa = PBXBuildFile; fileRef = EC8A99E41CABD9B50042A6AD /* Subjects.swift */; };
		16886A201D31699F00D83E39 /* Subjects.swift in Sources */ = {isa = PBXBuildFile; fileRef = EC8A99E41CABD9B50042A6AD /* Subjects.swift */; };
		16886A241D31705500D83E39 /* Bindable.swift in Sources */ = {isa = PBXBuildFile; fileRef = 16886A221D31705500D83E39 /* Bindable.swift */; };
		16886A251D31705500D83E39 /* Bindable.swift in Sources */ = {isa = PBXBuildFile; fileRef = 16886A221D31705500D83E39 /* Bindable.swift */; };
		16886A261D31705500D83E39 /* Bindable.swift in Sources */ = {isa = PBXBuildFile; fileRef = 16886A221D31705500D83E39 /* Bindable.swift */; };
		16A205061D3236EC0054484B /* Property.swift in Sources */ = {isa = PBXBuildFile; fileRef = EC8A99E11CABD9B50042A6AD /* Property.swift */; };
		16A205071D3236EC0054484B /* Property.swift in Sources */ = {isa = PBXBuildFile; fileRef = EC8A99E11CABD9B50042A6AD /* Property.swift */; };
		16A205081D3236EC0054484B /* Property.swift in Sources */ = {isa = PBXBuildFile; fileRef = EC8A99E11CABD9B50042A6AD /* Property.swift */; };
		16C33B841BEFBAC900A0DBE0 /* ReactiveKit.h in Headers */ = {isa = PBXBuildFile; fileRef = ECBCCDD31BEB6B9A00723476 /* ReactiveKit.h */; settings = {ATTRIBUTES = (Public, ); }; };
		16C33B851BEFBAC900A0DBE0 /* ReactiveKit.h in Headers */ = {isa = PBXBuildFile; fileRef = ECBCCDD31BEB6B9A00723476 /* ReactiveKit.h */; settings = {ATTRIBUTES = (Public, ); }; };
		16D30EBD1D6595AB00C2435D /* ReactiveKit.h in Headers */ = {isa = PBXBuildFile; fileRef = ECBCCDD31BEB6B9A00723476 /* ReactiveKit.h */; settings = {ATTRIBUTES = (Public, ); }; };
		16F2F5671D6D8A4500B85896 /* Lock.swift in Sources */ = {isa = PBXBuildFile; fileRef = 16F2F5661D6D8A4500B85896 /* Lock.swift */; };
		16F2F5681D6D8A4500B85896 /* Lock.swift in Sources */ = {isa = PBXBuildFile; fileRef = 16F2F5661D6D8A4500B85896 /* Lock.swift */; };
		16F2F5691D6D8A4500B85896 /* Lock.swift in Sources */ = {isa = PBXBuildFile; fileRef = 16F2F5661D6D8A4500B85896 /* Lock.swift */; };
		16F2F56A1D6D8A4500B85896 /* Lock.swift in Sources */ = {isa = PBXBuildFile; fileRef = 16F2F5661D6D8A4500B85896 /* Lock.swift */; };
		16F2F56C1D6D924B00B85896 /* SignalProtocol+Arities.swift in Sources */ = {isa = PBXBuildFile; fileRef = 16F2F56B1D6D924B00B85896 /* SignalProtocol+Arities.swift */; };
		16F2F56D1D6D924B00B85896 /* SignalProtocol+Arities.swift in Sources */ = {isa = PBXBuildFile; fileRef = 16F2F56B1D6D924B00B85896 /* SignalProtocol+Arities.swift */; };
		16F2F56E1D6D924B00B85896 /* SignalProtocol+Arities.swift in Sources */ = {isa = PBXBuildFile; fileRef = 16F2F56B1D6D924B00B85896 /* SignalProtocol+Arities.swift */; };
		16F2F56F1D6D924B00B85896 /* SignalProtocol+Arities.swift in Sources */ = {isa = PBXBuildFile; fileRef = 16F2F56B1D6D924B00B85896 /* SignalProtocol+Arities.swift */; };
		EC06A8711DBBF8C7006AEA81 /* ResultTests.swift in Sources */ = {isa = PBXBuildFile; fileRef = EC06A86F1DBBF8A6006AEA81 /* ResultTests.swift */; };
		EC31EE0D1E7BF97C00857946 /* Deallocatable.swift in Sources */ = {isa = PBXBuildFile; fileRef = EC31EE0C1E7BF97C00857946 /* Deallocatable.swift */; };
		EC31EE0E1E7BF97C00857946 /* Deallocatable.swift in Sources */ = {isa = PBXBuildFile; fileRef = EC31EE0C1E7BF97C00857946 /* Deallocatable.swift */; };
		EC31EE0F1E7BF97C00857946 /* Deallocatable.swift in Sources */ = {isa = PBXBuildFile; fileRef = EC31EE0C1E7BF97C00857946 /* Deallocatable.swift */; };
		EC31EE101E7BF97C00857946 /* Deallocatable.swift in Sources */ = {isa = PBXBuildFile; fileRef = EC31EE0C1E7BF97C00857946 /* Deallocatable.swift */; };
		EC4C28121E167EED0055D256 /* Typealiases.swift in Sources */ = {isa = PBXBuildFile; fileRef = EC4C28111E167EED0055D256 /* Typealiases.swift */; };
		EC4C28131E167EED0055D256 /* Typealiases.swift in Sources */ = {isa = PBXBuildFile; fileRef = EC4C28111E167EED0055D256 /* Typealiases.swift */; };
		EC4C28141E167EED0055D256 /* Typealiases.swift in Sources */ = {isa = PBXBuildFile; fileRef = EC4C28111E167EED0055D256 /* Typealiases.swift */; };
		EC4C28151E167EED0055D256 /* Typealiases.swift in Sources */ = {isa = PBXBuildFile; fileRef = EC4C28111E167EED0055D256 /* Typealiases.swift */; };
		EC6C0FC71DB4A78E00C3880B /* PropertyTests.swift in Sources */ = {isa = PBXBuildFile; fileRef = EC6C0FC51DB4A76A00C3880B /* PropertyTests.swift */; };
		EC7A6F891D3CCF5B00F9EF4A /* NoError.swift in Sources */ = {isa = PBXBuildFile; fileRef = EC7A6F881D3CCF5B00F9EF4A /* NoError.swift */; };
		EC7A6F8A1D3CCF5B00F9EF4A /* NoError.swift in Sources */ = {isa = PBXBuildFile; fileRef = EC7A6F881D3CCF5B00F9EF4A /* NoError.swift */; };
		EC7A6F8B1D3CCF5B00F9EF4A /* NoError.swift in Sources */ = {isa = PBXBuildFile; fileRef = EC7A6F881D3CCF5B00F9EF4A /* NoError.swift */; };
		EC7A6F8C1D3CCF5B00F9EF4A /* NoError.swift in Sources */ = {isa = PBXBuildFile; fileRef = EC7A6F881D3CCF5B00F9EF4A /* NoError.swift */; };
		EC8706641D3CDC210068B589 /* Subjects.swift in Sources */ = {isa = PBXBuildFile; fileRef = EC8A99E41CABD9B50042A6AD /* Subjects.swift */; };
		EC8706651D3CDCAC0068B589 /* Connectable.swift in Sources */ = {isa = PBXBuildFile; fileRef = 16886A191D3168E000D83E39 /* Connectable.swift */; };
		EC8706661D3CDCE10068B589 /* Bindable.swift in Sources */ = {isa = PBXBuildFile; fileRef = 16886A221D31705500D83E39 /* Bindable.swift */; };
		EC8706671D3CDDAA0068B589 /* Property.swift in Sources */ = {isa = PBXBuildFile; fileRef = EC8A99E11CABD9B50042A6AD /* Property.swift */; };
		EC877A871E019E3400A23B51 /* Reactive.swift in Sources */ = {isa = PBXBuildFile; fileRef = EC877A861E019E3400A23B51 /* Reactive.swift */; };
		EC877A881E019E3400A23B51 /* Reactive.swift in Sources */ = {isa = PBXBuildFile; fileRef = EC877A861E019E3400A23B51 /* Reactive.swift */; };
		EC877A891E019E3400A23B51 /* Reactive.swift in Sources */ = {isa = PBXBuildFile; fileRef = EC877A861E019E3400A23B51 /* Reactive.swift */; };
		EC877A8A1E019E3400A23B51 /* Reactive.swift in Sources */ = {isa = PBXBuildFile; fileRef = EC877A861E019E3400A23B51 /* Reactive.swift */; };
		ECBCCDD41BEB6B9A00723476 /* ReactiveKit.h in Headers */ = {isa = PBXBuildFile; fileRef = ECBCCDD31BEB6B9A00723476 /* ReactiveKit.h */; settings = {ATTRIBUTES = (Public, ); }; };
		ECBCCDDB1BEB6B9B00723476 /* ReactiveKit.framework in Frameworks */ = {isa = PBXBuildFile; fileRef = ECBCCDD01BEB6B9A00723476 /* ReactiveKit.framework */; };
		ECD102FF1D89B2530086B6A1 /* Helpers.swift in Sources */ = {isa = PBXBuildFile; fileRef = ECD102FD1D89B2530086B6A1 /* Helpers.swift */; };
		ECD103001D89B2530086B6A1 /* SignalTests.swift in Sources */ = {isa = PBXBuildFile; fileRef = ECD102FE1D89B2530086B6A1 /* SignalTests.swift */; };
/* End PBXBuildFile section */

/* Begin PBXContainerItemProxy section */
		ECBCCDDC1BEB6B9B00723476 /* PBXContainerItemProxy */ = {
			isa = PBXContainerItemProxy;
			containerPortal = ECBCCDC71BEB6B9A00723476 /* Project object */;
			proxyType = 1;
			remoteGlobalIDString = ECBCCDCF1BEB6B9A00723476;
			remoteInfo = ReactiveKit;
		};
/* End PBXContainerItemProxy section */

/* Begin PBXFileReference section */
		162CB7461CB451D200FB6375 /* Package.swift */ = {isa = PBXFileReference; lastKnownFileType = sourcecode.swift; path = Package.swift; sourceTree = "<group>"; };
		164189771D2C4E71001D3881 /* Optional.swift */ = {isa = PBXFileReference; fileEncoding = 4; lastKnownFileType = sourcecode.swift; name = Optional.swift; path = Sources/Optional.swift; sourceTree = SOURCE_ROOT; };
		165EBE311D27F8BC000E68C8 /* Event.swift */ = {isa = PBXFileReference; fileEncoding = 4; lastKnownFileType = sourcecode.swift; name = Event.swift; path = Sources/Event.swift; sourceTree = SOURCE_ROOT; };
		165EBE501D280028000E68C8 /* SignalProtocol.swift */ = {isa = PBXFileReference; fileEncoding = 4; lastKnownFileType = sourcecode.swift; name = SignalProtocol.swift; path = Sources/SignalProtocol.swift; sourceTree = SOURCE_ROOT; };
		165EBE5A1D2804FF000E68C8 /* Signal.swift */ = {isa = PBXFileReference; fileEncoding = 4; lastKnownFileType = sourcecode.swift; name = Signal.swift; path = Sources/Signal.swift; sourceTree = SOURCE_ROOT; };
		1671707E1BF4F62A001786CE /* ReactiveKit.podspec */ = {isa = PBXFileReference; lastKnownFileType = text; path = ReactiveKit.podspec; sourceTree = SOURCE_ROOT; };
		1671707F1BF4F64E001786CE /* README.md */ = {isa = PBXFileReference; lastKnownFileType = net.daringfireball.markdown; lineEnding = 0; path = README.md; sourceTree = SOURCE_ROOT; xcLanguageSpecificationIdentifier = xcode.lang.markdown; };
		16886A191D3168E000D83E39 /* Connectable.swift */ = {isa = PBXFileReference; fileEncoding = 4; lastKnownFileType = sourcecode.swift; name = Connectable.swift; path = Sources/Connectable.swift; sourceTree = SOURCE_ROOT; };
		16886A221D31705500D83E39 /* Bindable.swift */ = {isa = PBXFileReference; fileEncoding = 4; lastKnownFileType = sourcecode.swift; name = Bindable.swift; path = Sources/Bindable.swift; sourceTree = SOURCE_ROOT; };
		16C33AF91BEFB72500A0DBE0 /* ReactiveKit.framework */ = {isa = PBXFileReference; explicitFileType = wrapper.framework; includeInIndex = 0; path = ReactiveKit.framework; sourceTree = BUILT_PRODUCTS_DIR; };
		16C33B161BEFB9CB00A0DBE0 /* ReactiveKit.framework */ = {isa = PBXFileReference; explicitFileType = wrapper.framework; includeInIndex = 0; path = ReactiveKit.framework; sourceTree = BUILT_PRODUCTS_DIR; };
		16C33B241BEFBA0100A0DBE0 /* ReactiveKit.framework */ = {isa = PBXFileReference; explicitFileType = wrapper.framework; includeInIndex = 0; path = ReactiveKit.framework; sourceTree = BUILT_PRODUCTS_DIR; };
		16F2F5661D6D8A4500B85896 /* Lock.swift */ = {isa = PBXFileReference; fileEncoding = 4; lastKnownFileType = sourcecode.swift; name = Lock.swift; path = Sources/Lock.swift; sourceTree = SOURCE_ROOT; };
		16F2F56B1D6D924B00B85896 /* SignalProtocol+Arities.swift */ = {isa = PBXFileReference; fileEncoding = 4; lastKnownFileType = sourcecode.swift; name = "SignalProtocol+Arities.swift"; path = "Sources/SignalProtocol+Arities.swift"; sourceTree = SOURCE_ROOT; };
		EC06A86F1DBBF8A6006AEA81 /* ResultTests.swift */ = {isa = PBXFileReference; fileEncoding = 4; lastKnownFileType = sourcecode.swift; path = ResultTests.swift; sourceTree = "<group>"; };
		EC31EE0C1E7BF97C00857946 /* Deallocatable.swift */ = {isa = PBXFileReference; fileEncoding = 4; lastKnownFileType = sourcecode.swift; name = Deallocatable.swift; path = Sources/Deallocatable.swift; sourceTree = SOURCE_ROOT; };
		EC4C28111E167EED0055D256 /* Typealiases.swift */ = {isa = PBXFileReference; fileEncoding = 4; lastKnownFileType = sourcecode.swift; name = Typealiases.swift; path = Sources/Typealiases.swift; sourceTree = SOURCE_ROOT; };
		EC4E7A6D200173DE002BAEEC /* LinuxMain.swift */ = {isa = PBXFileReference; lastKnownFileType = sourcecode.swift; path = LinuxMain.swift; sourceTree = "<group>"; };
		EC6C0FC51DB4A76A00C3880B /* PropertyTests.swift */ = {isa = PBXFileReference; fileEncoding = 4; lastKnownFileType = sourcecode.swift; path = PropertyTests.swift; sourceTree = "<group>"; };
		EC7A6F881D3CCF5B00F9EF4A /* NoError.swift */ = {isa = PBXFileReference; fileEncoding = 4; lastKnownFileType = sourcecode.swift; name = NoError.swift; path = Sources/NoError.swift; sourceTree = SOURCE_ROOT; };
		EC877A861E019E3400A23B51 /* Reactive.swift */ = {isa = PBXFileReference; fileEncoding = 4; lastKnownFileType = sourcecode.swift; name = Reactive.swift; path = Sources/Reactive.swift; sourceTree = SOURCE_ROOT; };
		EC8A99DC1CABD9B50042A6AD /* Disposable.swift */ = {isa = PBXFileReference; fileEncoding = 4; lastKnownFileType = sourcecode.swift; name = Disposable.swift; path = Sources/Disposable.swift; sourceTree = SOURCE_ROOT; };
		EC8A99DF1CABD9B50042A6AD /* Observer.swift */ = {isa = PBXFileReference; fileEncoding = 4; lastKnownFileType = sourcecode.swift; name = Observer.swift; path = Sources/Observer.swift; sourceTree = SOURCE_ROOT; };
		EC8A99E11CABD9B50042A6AD /* Property.swift */ = {isa = PBXFileReference; fileEncoding = 4; lastKnownFileType = sourcecode.swift; name = Property.swift; path = Sources/Property.swift; sourceTree = SOURCE_ROOT; };
		EC8A99E41CABD9B50042A6AD /* Subjects.swift */ = {isa = PBXFileReference; fileEncoding = 4; lastKnownFileType = sourcecode.swift; name = Subjects.swift; path = Sources/Subjects.swift; sourceTree = SOURCE_ROOT; };
		EC8A99E61CABD9B50042A6AD /* ExecutionContext.swift */ = {isa = PBXFileReference; fileEncoding = 4; lastKnownFileType = sourcecode.swift; name = ExecutionContext.swift; path = Sources/ExecutionContext.swift; sourceTree = SOURCE_ROOT; };
		ECBCCDD01BEB6B9A00723476 /* ReactiveKit.framework */ = {isa = PBXFileReference; explicitFileType = wrapper.framework; includeInIndex = 0; path = ReactiveKit.framework; sourceTree = BUILT_PRODUCTS_DIR; };
		ECBCCDD31BEB6B9A00723476 /* ReactiveKit.h */ = {isa = PBXFileReference; lastKnownFileType = sourcecode.c.h; lineEnding = 0; path = ReactiveKit.h; sourceTree = "<group>"; xcLanguageSpecificationIdentifier = xcode.lang.objcpp; };
		ECBCCDD51BEB6B9A00723476 /* Info.plist */ = {isa = PBXFileReference; lastKnownFileType = text.plist.xml; path = Info.plist; sourceTree = "<group>"; };
		ECBCCDDA1BEB6B9B00723476 /* ReactiveKit-Tests.xctest */ = {isa = PBXFileReference; explicitFileType = wrapper.cfbundle; includeInIndex = 0; path = "ReactiveKit-Tests.xctest"; sourceTree = BUILT_PRODUCTS_DIR; };
		ECCC81C51CDF4D5900019ECF /* Result.swift */ = {isa = PBXFileReference; fileEncoding = 4; lastKnownFileType = sourcecode.swift; name = Result.swift; path = Sources/Result.swift; sourceTree = SOURCE_ROOT; };
		ECD102FD1D89B2530086B6A1 /* Helpers.swift */ = {isa = PBXFileReference; fileEncoding = 4; lastKnownFileType = sourcecode.swift; path = Helpers.swift; sourceTree = "<group>"; };
		ECD102FE1D89B2530086B6A1 /* SignalTests.swift */ = {isa = PBXFileReference; fileEncoding = 4; lastKnownFileType = sourcecode.swift; path = SignalTests.swift; sourceTree = "<group>"; };
		ECD103011D89B2610086B6A1 /* Info.plist */ = {isa = PBXFileReference; lastKnownFileType = text.plist.xml; name = Info.plist; path = ReactiveKitTests/Info.plist; sourceTree = SOURCE_ROOT; };
/* End PBXFileReference section */

/* Begin PBXFrameworksBuildPhase section */
		16C33AF51BEFB72500A0DBE0 /* Frameworks */ = {
			isa = PBXFrameworksBuildPhase;
			buildActionMask = 2147483647;
			files = (
			);
			runOnlyForDeploymentPostprocessing = 0;
		};
		16C33B121BEFB9CB00A0DBE0 /* Frameworks */ = {
			isa = PBXFrameworksBuildPhase;
			buildActionMask = 2147483647;
			files = (
			);
			runOnlyForDeploymentPostprocessing = 0;
		};
		16C33B201BEFBA0100A0DBE0 /* Frameworks */ = {
			isa = PBXFrameworksBuildPhase;
			buildActionMask = 2147483647;
			files = (
			);
			runOnlyForDeploymentPostprocessing = 0;
		};
		ECBCCDCC1BEB6B9A00723476 /* Frameworks */ = {
			isa = PBXFrameworksBuildPhase;
			buildActionMask = 2147483647;
			files = (
			);
			runOnlyForDeploymentPostprocessing = 0;
		};
		ECBCCDD71BEB6B9B00723476 /* Frameworks */ = {
			isa = PBXFrameworksBuildPhase;
			buildActionMask = 2147483647;
			files = (
				ECBCCDDB1BEB6B9B00723476 /* ReactiveKit.framework in Frameworks */,
			);
			runOnlyForDeploymentPostprocessing = 0;
		};
/* End PBXFrameworksBuildPhase section */

/* Begin PBXGroup section */
		ECBCCDC61BEB6B9A00723476 = {
			isa = PBXGroup;
			children = (
				1671707F1BF4F64E001786CE /* README.md */,
				1671707E1BF4F62A001786CE /* ReactiveKit.podspec */,
				162CB7461CB451D200FB6375 /* Package.swift */,
				ECBCCDD21BEB6B9A00723476 /* ReactiveKit */,
				ECBCCDD11BEB6B9A00723476 /* Products */,
			);
			indentWidth = 2;
			sourceTree = "<group>";
			tabWidth = 2;
		};
		ECBCCDD11BEB6B9A00723476 /* Products */ = {
			isa = PBXGroup;
			children = (
				ECBCCDD01BEB6B9A00723476 /* ReactiveKit.framework */,
				ECBCCDDA1BEB6B9B00723476 /* ReactiveKit-Tests.xctest */,
				16C33AF91BEFB72500A0DBE0 /* ReactiveKit.framework */,
				16C33B161BEFB9CB00A0DBE0 /* ReactiveKit.framework */,
				16C33B241BEFBA0100A0DBE0 /* ReactiveKit.framework */,
			);
			name = Products;
			sourceTree = "<group>";
		};
		ECBCCDD21BEB6B9A00723476 /* ReactiveKit */ = {
			isa = PBXGroup;
			children = (
				ECBCCDD51BEB6B9A00723476 /* Info.plist */,
				ECBCCDD31BEB6B9A00723476 /* ReactiveKit.h */,
				165EBE311D27F8BC000E68C8 /* Event.swift */,
				165EBE5A1D2804FF000E68C8 /* Signal.swift */,
				165EBE501D280028000E68C8 /* SignalProtocol.swift */,
				16F2F56B1D6D924B00B85896 /* SignalProtocol+Arities.swift */,
				EC8A99E61CABD9B50042A6AD /* ExecutionContext.swift */,
				16886A191D3168E000D83E39 /* Connectable.swift */,
				EC8A99DC1CABD9B50042A6AD /* Disposable.swift */,
				EC31EE0C1E7BF97C00857946 /* Deallocatable.swift */,
				EC8A99DF1CABD9B50042A6AD /* Observer.swift */,
				EC8A99E41CABD9B50042A6AD /* Subjects.swift */,
				16886A221D31705500D83E39 /* Bindable.swift */,
				EC877A861E019E3400A23B51 /* Reactive.swift */,
				EC7A6F881D3CCF5B00F9EF4A /* NoError.swift */,
				16F2F5661D6D8A4500B85896 /* Lock.swift */,
				ECCC81C51CDF4D5900019ECF /* Result.swift */,
				164189771D2C4E71001D3881 /* Optional.swift */,
				EC8A99E11CABD9B50042A6AD /* Property.swift */,
				EC4C28111E167EED0055D256 /* Typealiases.swift */,
				ECD102FB1D89B2530086B6A1 /* Tests */,
			);
			path = ReactiveKit;
			sourceTree = "<group>";
		};
		ECD102FB1D89B2530086B6A1 /* Tests */ = {
			isa = PBXGroup;
			children = (
				ECD103011D89B2610086B6A1 /* Info.plist */,
				EC4E7A6D200173DE002BAEEC /* LinuxMain.swift */,
				ECD102FC1D89B2530086B6A1 /* ReactiveKitTests */,
			);
			path = Tests;
			sourceTree = SOURCE_ROOT;
		};
		ECD102FC1D89B2530086B6A1 /* ReactiveKitTests */ = {
			isa = PBXGroup;
			children = (
				ECD102FD1D89B2530086B6A1 /* Helpers.swift */,
				ECD102FE1D89B2530086B6A1 /* SignalTests.swift */,
				EC6C0FC51DB4A76A00C3880B /* PropertyTests.swift */,
				EC06A86F1DBBF8A6006AEA81 /* ResultTests.swift */,
			);
			path = ReactiveKitTests;
			sourceTree = "<group>";
		};
/* End PBXGroup section */

/* Begin PBXHeadersBuildPhase section */
		16C33AF61BEFB72500A0DBE0 /* Headers */ = {
			isa = PBXHeadersBuildPhase;
			buildActionMask = 2147483647;
			files = (
				16C33B851BEFBAC900A0DBE0 /* ReactiveKit.h in Headers */,
			);
			runOnlyForDeploymentPostprocessing = 0;
		};
		16C33B131BEFB9CB00A0DBE0 /* Headers */ = {
			isa = PBXHeadersBuildPhase;
			buildActionMask = 2147483647;
			files = (
				16C33B841BEFBAC900A0DBE0 /* ReactiveKit.h in Headers */,
			);
			runOnlyForDeploymentPostprocessing = 0;
		};
		16C33B211BEFBA0100A0DBE0 /* Headers */ = {
			isa = PBXHeadersBuildPhase;
			buildActionMask = 2147483647;
			files = (
				16D30EBD1D6595AB00C2435D /* ReactiveKit.h in Headers */,
			);
			runOnlyForDeploymentPostprocessing = 0;
		};
		ECBCCDCD1BEB6B9A00723476 /* Headers */ = {
			isa = PBXHeadersBuildPhase;
			buildActionMask = 2147483647;
			files = (
				ECBCCDD41BEB6B9A00723476 /* ReactiveKit.h in Headers */,
			);
			runOnlyForDeploymentPostprocessing = 0;
		};
/* End PBXHeadersBuildPhase section */

/* Begin PBXNativeTarget section */
		16C33AF81BEFB72500A0DBE0 /* ReactiveKit-tvOS */ = {
			isa = PBXNativeTarget;
			buildConfigurationList = 16C33B0E1BEFB72500A0DBE0 /* Build configuration list for PBXNativeTarget "ReactiveKit-tvOS" */;
			buildPhases = (
				16C33AF41BEFB72500A0DBE0 /* Sources */,
				16C33AF51BEFB72500A0DBE0 /* Frameworks */,
				16C33AF61BEFB72500A0DBE0 /* Headers */,
				16C33AF71BEFB72500A0DBE0 /* Resources */,
			);
			buildRules = (
			);
			dependencies = (
			);
			name = "ReactiveKit-tvOS";
			productName = "ReactiveKit-tvOS";
			productReference = 16C33AF91BEFB72500A0DBE0 /* ReactiveKit.framework */;
			productType = "com.apple.product-type.framework";
		};
		16C33B151BEFB9CB00A0DBE0 /* ReactiveKit-watchOS */ = {
			isa = PBXNativeTarget;
			buildConfigurationList = 16C33B1B1BEFB9CB00A0DBE0 /* Build configuration list for PBXNativeTarget "ReactiveKit-watchOS" */;
			buildPhases = (
				16C33B111BEFB9CB00A0DBE0 /* Sources */,
				16C33B121BEFB9CB00A0DBE0 /* Frameworks */,
				16C33B131BEFB9CB00A0DBE0 /* Headers */,
				16C33B141BEFB9CB00A0DBE0 /* Resources */,
			);
			buildRules = (
			);
			dependencies = (
			);
			name = "ReactiveKit-watchOS";
			productName = "ReactiveKit-watchOS";
			productReference = 16C33B161BEFB9CB00A0DBE0 /* ReactiveKit.framework */;
			productType = "com.apple.product-type.framework";
		};
		16C33B231BEFBA0100A0DBE0 /* ReactiveKit-macOS */ = {
			isa = PBXNativeTarget;
			buildConfigurationList = 16C33B291BEFBA0100A0DBE0 /* Build configuration list for PBXNativeTarget "ReactiveKit-macOS" */;
			buildPhases = (
				16C33B1F1BEFBA0100A0DBE0 /* Sources */,
				16C33B201BEFBA0100A0DBE0 /* Frameworks */,
				16C33B211BEFBA0100A0DBE0 /* Headers */,
				16C33B221BEFBA0100A0DBE0 /* Resources */,
			);
			buildRules = (
			);
			dependencies = (
			);
			name = "ReactiveKit-macOS";
			productName = "ReactiveKit-OSX";
			productReference = 16C33B241BEFBA0100A0DBE0 /* ReactiveKit.framework */;
			productType = "com.apple.product-type.framework";
		};
		ECBCCDCF1BEB6B9A00723476 /* ReactiveKit-iOS */ = {
			isa = PBXNativeTarget;
			buildConfigurationList = ECBCCDE41BEB6B9B00723476 /* Build configuration list for PBXNativeTarget "ReactiveKit-iOS" */;
			buildPhases = (
				ECBCCDCB1BEB6B9A00723476 /* Sources */,
				ECBCCDCC1BEB6B9A00723476 /* Frameworks */,
				ECBCCDCD1BEB6B9A00723476 /* Headers */,
				ECBCCDCE1BEB6B9A00723476 /* Resources */,
			);
			buildRules = (
			);
			dependencies = (
			);
			name = "ReactiveKit-iOS";
			productName = ReactiveKit;
			productReference = ECBCCDD01BEB6B9A00723476 /* ReactiveKit.framework */;
			productType = "com.apple.product-type.framework";
		};
		ECBCCDD91BEB6B9B00723476 /* ReactiveKit-Tests */ = {
			isa = PBXNativeTarget;
			buildConfigurationList = ECBCCDE71BEB6B9B00723476 /* Build configuration list for PBXNativeTarget "ReactiveKit-Tests" */;
			buildPhases = (
				ECBCCDD61BEB6B9B00723476 /* Sources */,
				ECBCCDD71BEB6B9B00723476 /* Frameworks */,
				ECBCCDD81BEB6B9B00723476 /* Resources */,
			);
			buildRules = (
			);
			dependencies = (
				ECBCCDDD1BEB6B9B00723476 /* PBXTargetDependency */,
			);
			name = "ReactiveKit-Tests";
			productName = ReactiveKitTests;
			productReference = ECBCCDDA1BEB6B9B00723476 /* ReactiveKit-Tests.xctest */;
			productType = "com.apple.product-type.bundle.unit-test";
		};
/* End PBXNativeTarget section */

/* Begin PBXProject section */
		ECBCCDC71BEB6B9A00723476 /* Project object */ = {
			isa = PBXProject;
			attributes = {
				LastSwiftUpdateCheck = 0730;
				LastUpgradeCheck = 0900;
				ORGANIZATIONNAME = "Srdan Rasic";
				TargetAttributes = {
					16C33AF81BEFB72500A0DBE0 = {
						CreatedOnToolsVersion = 7.1;
						LastSwiftMigration = 0800;
					};
					16C33B151BEFB9CB00A0DBE0 = {
						CreatedOnToolsVersion = 7.1;
						LastSwiftMigration = 0800;
					};
					16C33B231BEFBA0100A0DBE0 = {
						CreatedOnToolsVersion = 7.1;
						LastSwiftMigration = 0800;
					};
					ECBCCDCF1BEB6B9A00723476 = {
						CreatedOnToolsVersion = 7.1;
						LastSwiftMigration = 0900;
					};
					ECBCCDD91BEB6B9B00723476 = {
						CreatedOnToolsVersion = 7.1;
						LastSwiftMigration = 0900;
					};
				};
			};
			buildConfigurationList = ECBCCDCA1BEB6B9A00723476 /* Build configuration list for PBXProject "ReactiveKit" */;
			compatibilityVersion = "Xcode 3.2";
			developmentRegion = English;
			hasScannedForEncodings = 0;
			knownRegions = (
				en,
			);
			mainGroup = ECBCCDC61BEB6B9A00723476;
			productRefGroup = ECBCCDD11BEB6B9A00723476 /* Products */;
			projectDirPath = "";
			projectRoot = "";
			targets = (
				ECBCCDCF1BEB6B9A00723476 /* ReactiveKit-iOS */,
				16C33AF81BEFB72500A0DBE0 /* ReactiveKit-tvOS */,
				16C33B151BEFB9CB00A0DBE0 /* ReactiveKit-watchOS */,
				16C33B231BEFBA0100A0DBE0 /* ReactiveKit-macOS */,
				ECBCCDD91BEB6B9B00723476 /* ReactiveKit-Tests */,
			);
		};
/* End PBXProject section */

/* Begin PBXResourcesBuildPhase section */
		16C33AF71BEFB72500A0DBE0 /* Resources */ = {
			isa = PBXResourcesBuildPhase;
			buildActionMask = 2147483647;
			files = (
			);
			runOnlyForDeploymentPostprocessing = 0;
		};
		16C33B141BEFB9CB00A0DBE0 /* Resources */ = {
			isa = PBXResourcesBuildPhase;
			buildActionMask = 2147483647;
			files = (
			);
			runOnlyForDeploymentPostprocessing = 0;
		};
		16C33B221BEFBA0100A0DBE0 /* Resources */ = {
			isa = PBXResourcesBuildPhase;
			buildActionMask = 2147483647;
			files = (
			);
			runOnlyForDeploymentPostprocessing = 0;
		};
		ECBCCDCE1BEB6B9A00723476 /* Resources */ = {
			isa = PBXResourcesBuildPhase;
			buildActionMask = 2147483647;
			files = (
			);
			runOnlyForDeploymentPostprocessing = 0;
		};
		ECBCCDD81BEB6B9B00723476 /* Resources */ = {
			isa = PBXResourcesBuildPhase;
			buildActionMask = 2147483647;
			files = (
			);
			runOnlyForDeploymentPostprocessing = 0;
		};
/* End PBXResourcesBuildPhase section */

/* Begin PBXSourcesBuildPhase section */
		16C33AF41BEFB72500A0DBE0 /* Sources */ = {
			isa = PBXSourcesBuildPhase;
			buildActionMask = 2147483647;
			files = (
				16A205081D3236EC0054484B /* Property.swift in Sources */,
				EC31EE0E1E7BF97C00857946 /* Deallocatable.swift in Sources */,
				16F2F5681D6D8A4500B85896 /* Lock.swift in Sources */,
				16886A1F1D31699F00D83E39 /* Subjects.swift in Sources */,
				16F2F56D1D6D924B00B85896 /* SignalProtocol+Arities.swift in Sources */,
				16886A1B1D3168E000D83E39 /* Connectable.swift in Sources */,
				165EBE521D280028000E68C8 /* SignalProtocol.swift in Sources */,
				164189791D2C4E71001D3881 /* Optional.swift in Sources */,
				165EBE401D27FAEA000E68C8 /* Observer.swift in Sources */,
				16886A241D31705500D83E39 /* Bindable.swift in Sources */,
				165EBE331D27F8BC000E68C8 /* Event.swift in Sources */,
				165EBE5C1D2804FF000E68C8 /* Signal.swift in Sources */,
				165EBE451D27FE76000E68C8 /* Disposable.swift in Sources */,
				EC877A881E019E3400A23B51 /* Reactive.swift in Sources */,
				16299CB81D280C4100C7C570 /* Result.swift in Sources */,
				165EBE491D27FE8F000E68C8 /* ExecutionContext.swift in Sources */,
				EC7A6F8A1D3CCF5B00F9EF4A /* NoError.swift in Sources */,
				EC4C28131E167EED0055D256 /* Typealiases.swift in Sources */,
			);
			runOnlyForDeploymentPostprocessing = 0;
		};
		16C33B111BEFB9CB00A0DBE0 /* Sources */ = {
			isa = PBXSourcesBuildPhase;
			buildActionMask = 2147483647;
			files = (
				16A205071D3236EC0054484B /* Property.swift in Sources */,
				EC31EE0F1E7BF97C00857946 /* Deallocatable.swift in Sources */,
				16F2F5691D6D8A4500B85896 /* Lock.swift in Sources */,
				16886A201D31699F00D83E39 /* Subjects.swift in Sources */,
				16F2F56E1D6D924B00B85896 /* SignalProtocol+Arities.swift in Sources */,
				16886A1C1D3168E000D83E39 /* Connectable.swift in Sources */,
				165EBE531D280028000E68C8 /* SignalProtocol.swift in Sources */,
				1641897A1D2C4E71001D3881 /* Optional.swift in Sources */,
				165EBE411D27FAEB000E68C8 /* Observer.swift in Sources */,
				16886A251D31705500D83E39 /* Bindable.swift in Sources */,
				165EBE341D27F8BC000E68C8 /* Event.swift in Sources */,
				165EBE5D1D2804FF000E68C8 /* Signal.swift in Sources */,
				165EBE441D27FE76000E68C8 /* Disposable.swift in Sources */,
				EC877A891E019E3400A23B51 /* Reactive.swift in Sources */,
				16299CB61D280C4000C7C570 /* Result.swift in Sources */,
				165EBE481D27FE8E000E68C8 /* ExecutionContext.swift in Sources */,
				EC7A6F8B1D3CCF5B00F9EF4A /* NoError.swift in Sources */,
				EC4C28141E167EED0055D256 /* Typealiases.swift in Sources */,
			);
			runOnlyForDeploymentPostprocessing = 0;
		};
		16C33B1F1BEFBA0100A0DBE0 /* Sources */ = {
			isa = PBXSourcesBuildPhase;
			buildActionMask = 2147483647;
			files = (
				16A205061D3236EC0054484B /* Property.swift in Sources */,
				EC31EE101E7BF97C00857946 /* Deallocatable.swift in Sources */,
				16F2F56A1D6D8A4500B85896 /* Lock.swift in Sources */,
				16886A1E1D31699E00D83E39 /* Subjects.swift in Sources */,
				16F2F56F1D6D924B00B85896 /* SignalProtocol+Arities.swift in Sources */,
				16886A1D1D3168E000D83E39 /* Connectable.swift in Sources */,
				165EBE541D280028000E68C8 /* SignalProtocol.swift in Sources */,
				1641897B1D2C4E71001D3881 /* Optional.swift in Sources */,
				165EBE421D27FAEC000E68C8 /* Observer.swift in Sources */,
				16886A261D31705500D83E39 /* Bindable.swift in Sources */,
				165EBE351D27F8BC000E68C8 /* Event.swift in Sources */,
				165EBE5E1D2804FF000E68C8 /* Signal.swift in Sources */,
				165EBE431D27FE75000E68C8 /* Disposable.swift in Sources */,
				EC877A8A1E019E3400A23B51 /* Reactive.swift in Sources */,
				16299CB51D280C4000C7C570 /* Result.swift in Sources */,
				165EBE471D27FE8D000E68C8 /* ExecutionContext.swift in Sources */,
				EC7A6F8C1D3CCF5B00F9EF4A /* NoError.swift in Sources */,
				EC4C28151E167EED0055D256 /* Typealiases.swift in Sources */,
			);
			runOnlyForDeploymentPostprocessing = 0;
		};
		ECBCCDCB1BEB6B9A00723476 /* Sources */ = {
			isa = PBXSourcesBuildPhase;
			buildActionMask = 2147483647;
			files = (
				EC8706671D3CDDAA0068B589 /* Property.swift in Sources */,
				EC31EE0D1E7BF97C00857946 /* Deallocatable.swift in Sources */,
				16F2F5671D6D8A4500B85896 /* Lock.swift in Sources */,
				EC8706661D3CDCE10068B589 /* Bindable.swift in Sources */,
				16F2F56C1D6D924B00B85896 /* SignalProtocol+Arities.swift in Sources */,
				165EBE511D280028000E68C8 /* SignalProtocol.swift in Sources */,
				164189781D2C4E71001D3881 /* Optional.swift in Sources */,
				165EBE3F1D27FAE9000E68C8 /* Observer.swift in Sources */,
				EC8706641D3CDC210068B589 /* Subjects.swift in Sources */,
				165EBE321D27F8BC000E68C8 /* Event.swift in Sources */,
				165EBE5B1D2804FF000E68C8 /* Signal.swift in Sources */,
				165EBE461D27FE76000E68C8 /* Disposable.swift in Sources */,
				16299CB71D280C4100C7C570 /* Result.swift in Sources */,
				EC877A871E019E3400A23B51 /* Reactive.swift in Sources */,
				165EBE4A1D27FE90000E68C8 /* ExecutionContext.swift in Sources */,
				EC7A6F891D3CCF5B00F9EF4A /* NoError.swift in Sources */,
				EC8706651D3CDCAC0068B589 /* Connectable.swift in Sources */,
				EC4C28121E167EED0055D256 /* Typealiases.swift in Sources */,
			);
			runOnlyForDeploymentPostprocessing = 0;
		};
		ECBCCDD61BEB6B9B00723476 /* Sources */ = {
			isa = PBXSourcesBuildPhase;
			buildActionMask = 2147483647;
			files = (
				ECD102FF1D89B2530086B6A1 /* Helpers.swift in Sources */,
				ECD103001D89B2530086B6A1 /* SignalTests.swift in Sources */,
				EC06A8711DBBF8C7006AEA81 /* ResultTests.swift in Sources */,
				EC6C0FC71DB4A78E00C3880B /* PropertyTests.swift in Sources */,
			);
			runOnlyForDeploymentPostprocessing = 0;
		};
/* End PBXSourcesBuildPhase section */

/* Begin PBXTargetDependency section */
		ECBCCDDD1BEB6B9B00723476 /* PBXTargetDependency */ = {
			isa = PBXTargetDependency;
			target = ECBCCDCF1BEB6B9A00723476 /* ReactiveKit-iOS */;
			targetProxy = ECBCCDDC1BEB6B9B00723476 /* PBXContainerItemProxy */;
		};
/* End PBXTargetDependency section */

/* Begin XCBuildConfiguration section */
		16C33B0A1BEFB72500A0DBE0 /* Debug */ = {
			isa = XCBuildConfiguration;
			buildSettings = {
				APPLICATION_EXTENSION_API_ONLY = YES;
				CLANG_ENABLE_MODULES = YES;
				CODE_SIGN_IDENTITY = "";
				DEFINES_MODULE = YES;
				DYLIB_COMPATIBILITY_VERSION = 1;
				DYLIB_CURRENT_VERSION = 1;
				DYLIB_INSTALL_NAME_BASE = "@rpath";
				INFOPLIST_FILE = ReactiveKit/Info.plist;
				INSTALL_PATH = "$(LOCAL_LIBRARY_DIR)/Frameworks";
				LD_RUNPATH_SEARCH_PATHS = "$(inherited) @executable_path/Frameworks @loader_path/Frameworks";
				PRODUCT_BUNDLE_IDENTIFIER = ReactiveKit.ReactiveKit;
				PRODUCT_NAME = ReactiveKit;
				SDKROOT = appletvos;
				SKIP_INSTALL = YES;
				SWIFT_OPTIMIZATION_LEVEL = "-Onone";
				TARGETED_DEVICE_FAMILY = 3;
				TVOS_DEPLOYMENT_TARGET = 9.0;
			};
			name = Debug;
		};
		16C33B0B1BEFB72500A0DBE0 /* Release */ = {
			isa = XCBuildConfiguration;
			buildSettings = {
				APPLICATION_EXTENSION_API_ONLY = YES;
				CLANG_ENABLE_MODULES = YES;
				CODE_SIGN_IDENTITY = "";
				DEFINES_MODULE = YES;
				DYLIB_COMPATIBILITY_VERSION = 1;
				DYLIB_CURRENT_VERSION = 1;
				DYLIB_INSTALL_NAME_BASE = "@rpath";
				INFOPLIST_FILE = ReactiveKit/Info.plist;
				INSTALL_PATH = "$(LOCAL_LIBRARY_DIR)/Frameworks";
				LD_RUNPATH_SEARCH_PATHS = "$(inherited) @executable_path/Frameworks @loader_path/Frameworks";
				PRODUCT_BUNDLE_IDENTIFIER = ReactiveKit.ReactiveKit;
				PRODUCT_NAME = ReactiveKit;
				SDKROOT = appletvos;
				SKIP_INSTALL = YES;
				SWIFT_OPTIMIZATION_LEVEL = "-Owholemodule";
				TARGETED_DEVICE_FAMILY = 3;
				TVOS_DEPLOYMENT_TARGET = 9.0;
			};
			name = Release;
		};
		16C33B1C1BEFB9CB00A0DBE0 /* Debug */ = {
			isa = XCBuildConfiguration;
			buildSettings = {
				APPLICATION_EXTENSION_API_ONLY = YES;
				CLANG_ENABLE_MODULES = YES;
				CODE_SIGN_IDENTITY = "";
				DEFINES_MODULE = YES;
				DYLIB_COMPATIBILITY_VERSION = 1;
				DYLIB_CURRENT_VERSION = 1;
				DYLIB_INSTALL_NAME_BASE = "@rpath";
				INFOPLIST_FILE = ReactiveKit/Info.plist;
				INSTALL_PATH = "$(LOCAL_LIBRARY_DIR)/Frameworks";
				LD_RUNPATH_SEARCH_PATHS = "$(inherited) @executable_path/Frameworks @loader_path/Frameworks";
				PRODUCT_BUNDLE_IDENTIFIER = ReactiveKit.ReactiveKit;
				PRODUCT_NAME = ReactiveKit;
				SDKROOT = watchos;
				SKIP_INSTALL = YES;
				SWIFT_OPTIMIZATION_LEVEL = "-Onone";
				TARGETED_DEVICE_FAMILY = 4;
				WATCHOS_DEPLOYMENT_TARGET = 2.0;
			};
			name = Debug;
		};
		16C33B1D1BEFB9CB00A0DBE0 /* Release */ = {
			isa = XCBuildConfiguration;
			buildSettings = {
				APPLICATION_EXTENSION_API_ONLY = YES;
				CLANG_ENABLE_MODULES = YES;
				CODE_SIGN_IDENTITY = "";
				DEFINES_MODULE = YES;
				DYLIB_COMPATIBILITY_VERSION = 1;
				DYLIB_CURRENT_VERSION = 1;
				DYLIB_INSTALL_NAME_BASE = "@rpath";
				INFOPLIST_FILE = ReactiveKit/Info.plist;
				INSTALL_PATH = "$(LOCAL_LIBRARY_DIR)/Frameworks";
				LD_RUNPATH_SEARCH_PATHS = "$(inherited) @executable_path/Frameworks @loader_path/Frameworks";
				PRODUCT_BUNDLE_IDENTIFIER = ReactiveKit.ReactiveKit;
				PRODUCT_NAME = ReactiveKit;
				SDKROOT = watchos;
				SKIP_INSTALL = YES;
				SWIFT_OPTIMIZATION_LEVEL = "-Owholemodule";
				TARGETED_DEVICE_FAMILY = 4;
				WATCHOS_DEPLOYMENT_TARGET = 2.0;
			};
			name = Release;
		};
		16C33B2A1BEFBA0100A0DBE0 /* Debug */ = {
			isa = XCBuildConfiguration;
			buildSettings = {
				APPLICATION_EXTENSION_API_ONLY = YES;
				CLANG_ENABLE_MODULES = YES;
				COMBINE_HIDPI_IMAGES = YES;
				DEFINES_MODULE = YES;
				DYLIB_COMPATIBILITY_VERSION = 1;
				DYLIB_CURRENT_VERSION = 1;
				DYLIB_INSTALL_NAME_BASE = "@rpath";
				FRAMEWORK_VERSION = A;
				INFOPLIST_FILE = ReactiveKit/Info.plist;
				INSTALL_PATH = "$(LOCAL_LIBRARY_DIR)/Frameworks";
				LD_RUNPATH_SEARCH_PATHS = "$(inherited) @executable_path/../Frameworks @loader_path/Frameworks";
				PRODUCT_BUNDLE_IDENTIFIER = ReactiveKit.ReactiveKit;
				PRODUCT_NAME = ReactiveKit;
				SDKROOT = macosx;
				SKIP_INSTALL = YES;
				SWIFT_OPTIMIZATION_LEVEL = "-Onone";
			};
			name = Debug;
		};
		16C33B2B1BEFBA0100A0DBE0 /* Release */ = {
			isa = XCBuildConfiguration;
			buildSettings = {
				APPLICATION_EXTENSION_API_ONLY = YES;
				CLANG_ENABLE_MODULES = YES;
				COMBINE_HIDPI_IMAGES = YES;
				DEFINES_MODULE = YES;
				DYLIB_COMPATIBILITY_VERSION = 1;
				DYLIB_CURRENT_VERSION = 1;
				DYLIB_INSTALL_NAME_BASE = "@rpath";
				FRAMEWORK_VERSION = A;
				INFOPLIST_FILE = ReactiveKit/Info.plist;
				INSTALL_PATH = "$(LOCAL_LIBRARY_DIR)/Frameworks";
				LD_RUNPATH_SEARCH_PATHS = "$(inherited) @executable_path/../Frameworks @loader_path/Frameworks";
				PRODUCT_BUNDLE_IDENTIFIER = ReactiveKit.ReactiveKit;
				PRODUCT_NAME = ReactiveKit;
				SDKROOT = macosx;
				SKIP_INSTALL = YES;
				SWIFT_OPTIMIZATION_LEVEL = "-Owholemodule";
			};
			name = Release;
		};
		ECBCCDE21BEB6B9B00723476 /* Debug */ = {
			isa = XCBuildConfiguration;
			buildSettings = {
				ALWAYS_SEARCH_USER_PATHS = NO;
				CLANG_CXX_LANGUAGE_STANDARD = "gnu++0x";
				CLANG_CXX_LIBRARY = "libc++";
				CLANG_ENABLE_MODULES = YES;
				CLANG_ENABLE_OBJC_ARC = YES;
				CLANG_WARN_BLOCK_CAPTURE_AUTORELEASING = YES;
				CLANG_WARN_BOOL_CONVERSION = YES;
				CLANG_WARN_COMMA = YES;
				CLANG_WARN_CONSTANT_CONVERSION = YES;
				CLANG_WARN_DIRECT_OBJC_ISA_USAGE = YES_ERROR;
				CLANG_WARN_EMPTY_BODY = YES;
				CLANG_WARN_ENUM_CONVERSION = YES;
				CLANG_WARN_INFINITE_RECURSION = YES;
				CLANG_WARN_INT_CONVERSION = YES;
				CLANG_WARN_NON_LITERAL_NULL_CONVERSION = YES;
				CLANG_WARN_OBJC_LITERAL_CONVERSION = YES;
				CLANG_WARN_OBJC_ROOT_CLASS = YES_ERROR;
				CLANG_WARN_RANGE_LOOP_ANALYSIS = YES;
				CLANG_WARN_STRICT_PROTOTYPES = YES;
				CLANG_WARN_SUSPICIOUS_MOVE = YES;
				CLANG_WARN_UNREACHABLE_CODE = YES;
				CLANG_WARN__DUPLICATE_METHOD_MATCH = YES;
				COPY_PHASE_STRIP = NO;
				CURRENT_PROJECT_VERSION = 1;
				DEBUG_INFORMATION_FORMAT = dwarf;
				ENABLE_STRICT_OBJC_MSGSEND = YES;
				ENABLE_TESTABILITY = YES;
				GCC_C_LANGUAGE_STANDARD = gnu99;
				GCC_DYNAMIC_NO_PIC = NO;
				GCC_NO_COMMON_BLOCKS = YES;
				GCC_OPTIMIZATION_LEVEL = 0;
				GCC_PREPROCESSOR_DEFINITIONS = (
					"DEBUG=1",
					"$(inherited)",
				);
				GCC_WARN_64_TO_32_BIT_CONVERSION = YES;
				GCC_WARN_ABOUT_RETURN_TYPE = YES_ERROR;
				GCC_WARN_UNDECLARED_SELECTOR = YES;
				GCC_WARN_UNINITIALIZED_AUTOS = YES_AGGRESSIVE;
				GCC_WARN_UNUSED_FUNCTION = YES;
				GCC_WARN_UNUSED_VARIABLE = YES;
				IPHONEOS_DEPLOYMENT_TARGET = 8.0;
				MACOSX_DEPLOYMENT_TARGET = 10.10;
				MTL_ENABLE_DEBUG_INFO = YES;
				ONLY_ACTIVE_ARCH = YES;
				SDKROOT = iphoneos;
				SWIFT_OPTIMIZATION_LEVEL = "-Onone";
				SWIFT_VERSION = 4.0;
				TARGETED_DEVICE_FAMILY = "1,2";
				VERSIONING_SYSTEM = "apple-generic";
				VERSION_INFO_PREFIX = "";
			};
			name = Debug;
		};
		ECBCCDE31BEB6B9B00723476 /* Release */ = {
			isa = XCBuildConfiguration;
			buildSettings = {
				ALWAYS_SEARCH_USER_PATHS = NO;
				CLANG_CXX_LANGUAGE_STANDARD = "gnu++0x";
				CLANG_CXX_LIBRARY = "libc++";
				CLANG_ENABLE_MODULES = YES;
				CLANG_ENABLE_OBJC_ARC = YES;
				CLANG_WARN_BLOCK_CAPTURE_AUTORELEASING = YES;
				CLANG_WARN_BOOL_CONVERSION = YES;
				CLANG_WARN_COMMA = YES;
				CLANG_WARN_CONSTANT_CONVERSION = YES;
				CLANG_WARN_DIRECT_OBJC_ISA_USAGE = YES_ERROR;
				CLANG_WARN_EMPTY_BODY = YES;
				CLANG_WARN_ENUM_CONVERSION = YES;
				CLANG_WARN_INFINITE_RECURSION = YES;
				CLANG_WARN_INT_CONVERSION = YES;
				CLANG_WARN_NON_LITERAL_NULL_CONVERSION = YES;
				CLANG_WARN_OBJC_LITERAL_CONVERSION = YES;
				CLANG_WARN_OBJC_ROOT_CLASS = YES_ERROR;
				CLANG_WARN_RANGE_LOOP_ANALYSIS = YES;
				CLANG_WARN_STRICT_PROTOTYPES = YES;
				CLANG_WARN_SUSPICIOUS_MOVE = YES;
				CLANG_WARN_UNREACHABLE_CODE = YES;
				CLANG_WARN__DUPLICATE_METHOD_MATCH = YES;
				COPY_PHASE_STRIP = NO;
				CURRENT_PROJECT_VERSION = 1;
				DEBUG_INFORMATION_FORMAT = "dwarf-with-dsym";
				ENABLE_NS_ASSERTIONS = NO;
				ENABLE_STRICT_OBJC_MSGSEND = YES;
				GCC_C_LANGUAGE_STANDARD = gnu99;
				GCC_NO_COMMON_BLOCKS = YES;
				GCC_WARN_64_TO_32_BIT_CONVERSION = YES;
				GCC_WARN_ABOUT_RETURN_TYPE = YES_ERROR;
				GCC_WARN_UNDECLARED_SELECTOR = YES;
				GCC_WARN_UNINITIALIZED_AUTOS = YES_AGGRESSIVE;
				GCC_WARN_UNUSED_FUNCTION = YES;
				GCC_WARN_UNUSED_VARIABLE = YES;
				IPHONEOS_DEPLOYMENT_TARGET = 8.0;
				MACOSX_DEPLOYMENT_TARGET = 10.10;
				MTL_ENABLE_DEBUG_INFO = NO;
				SDKROOT = iphoneos;
				SWIFT_VERSION = 4.0;
				TARGETED_DEVICE_FAMILY = "1,2";
				VALIDATE_PRODUCT = YES;
				VERSIONING_SYSTEM = "apple-generic";
				VERSION_INFO_PREFIX = "";
			};
			name = Release;
		};
		ECBCCDE51BEB6B9B00723476 /* Debug */ = {
			isa = XCBuildConfiguration;
			buildSettings = {
				APPLICATION_EXTENSION_API_ONLY = YES;
				CLANG_ENABLE_MODULES = YES;
				CODE_SIGN_IDENTITY = "iPhone Developer";
				"CODE_SIGN_IDENTITY[sdk=iphoneos*]" = "";
				DEFINES_MODULE = YES;
				DYLIB_COMPATIBILITY_VERSION = 1;
				DYLIB_CURRENT_VERSION = 1;
				DYLIB_INSTALL_NAME_BASE = "@rpath";
				INFOPLIST_FILE = ReactiveKit/Info.plist;
				INSTALL_PATH = "$(LOCAL_LIBRARY_DIR)/Frameworks";
				LD_RUNPATH_SEARCH_PATHS = "$(inherited) @executable_path/Frameworks @loader_path/Frameworks";
				PRODUCT_BUNDLE_IDENTIFIER = ReactiveKit.ReactiveKit;
				PRODUCT_NAME = ReactiveKit;
				SKIP_INSTALL = YES;
				SWIFT_OPTIMIZATION_LEVEL = "-Onone";
			};
			name = Debug;
		};
		ECBCCDE61BEB6B9B00723476 /* Release */ = {
			isa = XCBuildConfiguration;
			buildSettings = {
				APPLICATION_EXTENSION_API_ONLY = YES;
				CLANG_ENABLE_MODULES = YES;
				CODE_SIGN_IDENTITY = "iPhone Developer";
				"CODE_SIGN_IDENTITY[sdk=iphoneos*]" = "";
				DEFINES_MODULE = YES;
				DYLIB_COMPATIBILITY_VERSION = 1;
				DYLIB_CURRENT_VERSION = 1;
				DYLIB_INSTALL_NAME_BASE = "@rpath";
				INFOPLIST_FILE = ReactiveKit/Info.plist;
				INSTALL_PATH = "$(LOCAL_LIBRARY_DIR)/Frameworks";
				LD_RUNPATH_SEARCH_PATHS = "$(inherited) @executable_path/Frameworks @loader_path/Frameworks";
				PRODUCT_BUNDLE_IDENTIFIER = ReactiveKit.ReactiveKit;
				PRODUCT_NAME = ReactiveKit;
				SKIP_INSTALL = YES;
				SWIFT_OPTIMIZATION_LEVEL = "-Owholemodule";
			};
			name = Release;
		};
		ECBCCDE81BEB6B9B00723476 /* Debug */ = {
			isa = XCBuildConfiguration;
			buildSettings = {
				INFOPLIST_FILE = ReactiveKitTests/Info.plist;
				LD_RUNPATH_SEARCH_PATHS = "$(inherited) @executable_path/Frameworks @loader_path/Frameworks";
				PRODUCT_BUNDLE_IDENTIFIER = "Srdan-Rasic.ReactiveKitTests";
				PRODUCT_NAME = "$(TARGET_NAME)";
			};
			name = Debug;
		};
		ECBCCDE91BEB6B9B00723476 /* Release */ = {
			isa = XCBuildConfiguration;
			buildSettings = {
				INFOPLIST_FILE = ReactiveKitTests/Info.plist;
				LD_RUNPATH_SEARCH_PATHS = "$(inherited) @executable_path/Frameworks @loader_path/Frameworks";
				PRODUCT_BUNDLE_IDENTIFIER = "Srdan-Rasic.ReactiveKitTests";
				PRODUCT_NAME = "$(TARGET_NAME)";
				SWIFT_OPTIMIZATION_LEVEL = "-Owholemodule";
			};
			name = Release;
		};
/* End XCBuildConfiguration section */

/* Begin XCConfigurationList section */
		16C33B0E1BEFB72500A0DBE0 /* Build configuration list for PBXNativeTarget "ReactiveKit-tvOS" */ = {
			isa = XCConfigurationList;
			buildConfigurations = (
				16C33B0A1BEFB72500A0DBE0 /* Debug */,
				16C33B0B1BEFB72500A0DBE0 /* Release */,
			);
			defaultConfigurationIsVisible = 0;
			defaultConfigurationName = Release;
		};
		16C33B1B1BEFB9CB00A0DBE0 /* Build configuration list for PBXNativeTarget "ReactiveKit-watchOS" */ = {
			isa = XCConfigurationList;
			buildConfigurations = (
				16C33B1C1BEFB9CB00A0DBE0 /* Debug */,
				16C33B1D1BEFB9CB00A0DBE0 /* Release */,
			);
			defaultConfigurationIsVisible = 0;
			defaultConfigurationName = Release;
		};
		16C33B291BEFBA0100A0DBE0 /* Build configuration list for PBXNativeTarget "ReactiveKit-macOS" */ = {
			isa = XCConfigurationList;
			buildConfigurations = (
				16C33B2A1BEFBA0100A0DBE0 /* Debug */,
				16C33B2B1BEFBA0100A0DBE0 /* Release */,
			);
			defaultConfigurationIsVisible = 0;
			defaultConfigurationName = Release;
		};
		ECBCCDCA1BEB6B9A00723476 /* Build configuration list for PBXProject "ReactiveKit" */ = {
			isa = XCConfigurationList;
			buildConfigurations = (
				ECBCCDE21BEB6B9B00723476 /* Debug */,
				ECBCCDE31BEB6B9B00723476 /* Release */,
			);
			defaultConfigurationIsVisible = 0;
			defaultConfigurationName = Release;
		};
		ECBCCDE41BEB6B9B00723476 /* Build configuration list for PBXNativeTarget "ReactiveKit-iOS" */ = {
			isa = XCConfigurationList;
			buildConfigurations = (
				ECBCCDE51BEB6B9B00723476 /* Debug */,
				ECBCCDE61BEB6B9B00723476 /* Release */,
			);
			defaultConfigurationIsVisible = 0;
			defaultConfigurationName = Release;
		};
		ECBCCDE71BEB6B9B00723476 /* Build configuration list for PBXNativeTarget "ReactiveKit-Tests" */ = {
			isa = XCConfigurationList;
			buildConfigurations = (
				ECBCCDE81BEB6B9B00723476 /* Debug */,
				ECBCCDE91BEB6B9B00723476 /* Release */,
			);
			defaultConfigurationIsVisible = 0;
			defaultConfigurationName = Release;
		};
/* End XCConfigurationList section */
	};
	rootObject = ECBCCDC71BEB6B9A00723476 /* Project object */;
}
